Microsoft Visual Studio Solution File, Format Version 12.00
# Visual Studio Version 16
VisualStudioVersion = 16.0.31205.134
MinimumVisualStudioVersion = 15.0.26124.0
Project("{2150E333-8FDC-42A3-9474-1A3956D46DE8}") = "src", "src", "{6CB15A03-D729-46C1-87DF-57B18FB35E80}"
EndProject
Project("{9A19103F-16F7-4668-BE54-9A1E7A4F7556}") = "AnnotationServiceTypes", "src\AnnotationServiceTypes\AnnotationServiceTypes.csproj", "{9B1056D2-E6AD-48CB-A714-0B2CB46F0C50}"
EndProject
Project("{9A19103F-16F7-4668-BE54-9A1E7A4F7556}") = "AnnotationService", "src\AnnotationService\AnnotationService.csproj", "{1AC3FC2C-15F7-470B-A57B-6EB42180662E}"
EndProject
Project("{9A19103F-16F7-4668-BE54-9A1E7A4F7556}") = "VikingWebAppSettings", "src\VikingWebAppSettings\VikingWebAppSettings.csproj", "{416DE28A-8E30-4AB8-937A-0C32171399DE}"
EndProject
Project("{9A19103F-16F7-4668-BE54-9A1E7A4F7556}") = "UnitsAndScale", "src\UnitsAndScale\UnitsAndScale.csproj", "{615B5CC3-7DA5-47B7-AB02-FBAEF9ED187C}"
EndProject
Project("{9A19103F-16F7-4668-BE54-9A1E7A4F7556}") = "gRPCAnnotationServiceCore", "src\gRPCAnnotationServiceCore\gRPCAnnotationServiceCore.csproj", "{917084D3-9995-4DBC-8F4A-F953DA9E297F}"
EndProject
Project("{9A19103F-16F7-4668-BE54-9A1E7A4F7556}") = "gRPCAnnotationServiceCore.Client", "src\gRPCAnnotationServiceCore.Client\gRPCAnnotationServiceCore.Client.csproj", "{D13C506F-2263-4E9C-9B39-CAD16E0EA8B9}"
EndProject
Project("{FAE04EC0-301F-11D3-BF4B-00C04F79EFBC}") = "AnnotationService.WcfProxy", "src\AnnotationService.WcfProxy\AnnotationService.WcfProxy.csproj", "{AFF27B92-58CD-4616-AA86-9851D8A00D01}"
EndProject
Project("{9A19103F-16F7-4668-BE54-9A1E7A4F7556}") = "ConnectomeDataModelCore", "Servers\ConnectomeDataModelCore\ConnectomeDataModelCore.csproj", "{B4CF3042-E899-4144-A23D-1D4100526070}"
EndProject
Global
	GlobalSection(SolutionConfigurationPlatforms) = preSolution
		Debug|Any CPU = Debug|Any CPU
		Debug|x64 = Debug|x64
		Debug|x86 = Debug|x86
		Release|Any CPU = Release|Any CPU
		Release|x64 = Release|x64
		Release|x86 = Release|x86
	EndGlobalSection
	GlobalSection(ProjectConfigurationPlatforms) = postSolution
		{9B1056D2-E6AD-48CB-A714-0B2CB46F0C50}.Debug|Any CPU.ActiveCfg = Debug|Any CPU
		{9B1056D2-E6AD-48CB-A714-0B2CB46F0C50}.Debug|Any CPU.Build.0 = Debug|Any CPU
		{9B1056D2-E6AD-48CB-A714-0B2CB46F0C50}.Debug|x64.ActiveCfg = Debug|Any CPU
		{9B1056D2-E6AD-48CB-A714-0B2CB46F0C50}.Debug|x64.Build.0 = Debug|Any CPU
		{9B1056D2-E6AD-48CB-A714-0B2CB46F0C50}.Debug|x86.ActiveCfg = Debug|Any CPU
		{9B1056D2-E6AD-48CB-A714-0B2CB46F0C50}.Debug|x86.Build.0 = Debug|Any CPU
		{9B1056D2-E6AD-48CB-A714-0B2CB46F0C50}.Release|Any CPU.ActiveCfg = Release|Any CPU
		{9B1056D2-E6AD-48CB-A714-0B2CB46F0C50}.Release|Any CPU.Build.0 = Release|Any CPU
		{9B1056D2-E6AD-48CB-A714-0B2CB46F0C50}.Release|x64.ActiveCfg = Release|Any CPU
		{9B1056D2-E6AD-48CB-A714-0B2CB46F0C50}.Release|x64.Build.0 = Release|Any CPU
		{9B1056D2-E6AD-48CB-A714-0B2CB46F0C50}.Release|x86.ActiveCfg = Release|Any CPU
		{9B1056D2-E6AD-48CB-A714-0B2CB46F0C50}.Release|x86.Build.0 = Release|Any CPU
		{1AC3FC2C-15F7-470B-A57B-6EB42180662E}.Debug|Any CPU.ActiveCfg = Debug|Any CPU
		{1AC3FC2C-15F7-470B-A57B-6EB42180662E}.Debug|Any CPU.Build.0 = Debug|Any CPU
		{1AC3FC2C-15F7-470B-A57B-6EB42180662E}.Debug|x64.ActiveCfg = Debug|Any CPU
		{1AC3FC2C-15F7-470B-A57B-6EB42180662E}.Debug|x64.Build.0 = Debug|Any CPU
		{1AC3FC2C-15F7-470B-A57B-6EB42180662E}.Debug|x86.ActiveCfg = Debug|Any CPU
		{1AC3FC2C-15F7-470B-A57B-6EB42180662E}.Debug|x86.Build.0 = Debug|Any CPU
		{1AC3FC2C-15F7-470B-A57B-6EB42180662E}.Release|Any CPU.ActiveCfg = Release|Any CPU
		{1AC3FC2C-15F7-470B-A57B-6EB42180662E}.Release|Any CPU.Build.0 = Release|Any CPU
		{1AC3FC2C-15F7-470B-A57B-6EB42180662E}.Release|x64.ActiveCfg = Release|Any CPU
		{1AC3FC2C-15F7-470B-A57B-6EB42180662E}.Release|x64.Build.0 = Release|Any CPU
		{1AC3FC2C-15F7-470B-A57B-6EB42180662E}.Release|x86.ActiveCfg = Release|Any CPU
		{1AC3FC2C-15F7-470B-A57B-6EB42180662E}.Release|x86.Build.0 = Release|Any CPU
		{416DE28A-8E30-4AB8-937A-0C32171399DE}.Debug|Any CPU.ActiveCfg = Debug|Any CPU
		{416DE28A-8E30-4AB8-937A-0C32171399DE}.Debug|Any CPU.Build.0 = Debug|Any CPU
		{416DE28A-8E30-4AB8-937A-0C32171399DE}.Debug|x64.ActiveCfg = Debug|Any CPU
		{416DE28A-8E30-4AB8-937A-0C32171399DE}.Debug|x64.Build.0 = Debug|Any CPU
		{416DE28A-8E30-4AB8-937A-0C32171399DE}.Debug|x86.ActiveCfg = Debug|Any CPU
		{416DE28A-8E30-4AB8-937A-0C32171399DE}.Debug|x86.Build.0 = Debug|Any CPU
		{416DE28A-8E30-4AB8-937A-0C32171399DE}.Release|Any CPU.ActiveCfg = Release|Any CPU
		{416DE28A-8E30-4AB8-937A-0C32171399DE}.Release|Any CPU.Build.0 = Release|Any CPU
		{416DE28A-8E30-4AB8-937A-0C32171399DE}.Release|x64.ActiveCfg = Release|Any CPU
		{416DE28A-8E30-4AB8-937A-0C32171399DE}.Release|x64.Build.0 = Release|Any CPU
		{416DE28A-8E30-4AB8-937A-0C32171399DE}.Release|x86.ActiveCfg = Release|Any CPU
		{416DE28A-8E30-4AB8-937A-0C32171399DE}.Release|x86.Build.0 = Release|Any CPU
		{615B5CC3-7DA5-47B7-AB02-FBAEF9ED187C}.Debug|Any CPU.ActiveCfg = Debug|Any CPU
		{615B5CC3-7DA5-47B7-AB02-FBAEF9ED187C}.Debug|Any CPU.Build.0 = Debug|Any CPU
		{615B5CC3-7DA5-47B7-AB02-FBAEF9ED187C}.Debug|x64.ActiveCfg = Debug|Any CPU
		{615B5CC3-7DA5-47B7-AB02-FBAEF9ED187C}.Debug|x64.Build.0 = Debug|Any CPU
		{615B5CC3-7DA5-47B7-AB02-FBAEF9ED187C}.Debug|x86.ActiveCfg = Debug|Any CPU
		{615B5CC3-7DA5-47B7-AB02-FBAEF9ED187C}.Debug|x86.Build.0 = Debug|Any CPU
		{615B5CC3-7DA5-47B7-AB02-FBAEF9ED187C}.Release|Any CPU.ActiveCfg = Release|Any CPU
		{615B5CC3-7DA5-47B7-AB02-FBAEF9ED187C}.Release|Any CPU.Build.0 = Release|Any CPU
		{615B5CC3-7DA5-47B7-AB02-FBAEF9ED187C}.Release|x64.ActiveCfg = Release|Any CPU
		{615B5CC3-7DA5-47B7-AB02-FBAEF9ED187C}.Release|x64.Build.0 = Release|Any CPU
		{615B5CC3-7DA5-47B7-AB02-FBAEF9ED187C}.Release|x86.ActiveCfg = Release|Any CPU
		{615B5CC3-7DA5-47B7-AB02-FBAEF9ED187C}.Release|x86.Build.0 = Release|Any CPU
		{917084D3-9995-4DBC-8F4A-F953DA9E297F}.Debug|Any CPU.ActiveCfg = Debug|Any CPU
		{917084D3-9995-4DBC-8F4A-F953DA9E297F}.Debug|Any CPU.Build.0 = Debug|Any CPU
		{917084D3-9995-4DBC-8F4A-F953DA9E297F}.Debug|x64.ActiveCfg = Debug|Any CPU
		{917084D3-9995-4DBC-8F4A-F953DA9E297F}.Debug|x64.Build.0 = Debug|Any CPU
		{917084D3-9995-4DBC-8F4A-F953DA9E297F}.Debug|x86.ActiveCfg = Debug|Any CPU
		{917084D3-9995-4DBC-8F4A-F953DA9E297F}.Debug|x86.Build.0 = Debug|Any CPU
		{917084D3-9995-4DBC-8F4A-F953DA9E297F}.Release|Any CPU.ActiveCfg = Release|Any CPU
		{917084D3-9995-4DBC-8F4A-F953DA9E297F}.Release|Any CPU.Build.0 = Release|Any CPU
		{917084D3-9995-4DBC-8F4A-F953DA9E297F}.Release|x64.ActiveCfg = Release|Any CPU
		{917084D3-9995-4DBC-8F4A-F953DA9E297F}.Release|x64.Build.0 = Release|Any CPU
		{917084D3-9995-4DBC-8F4A-F953DA9E297F}.Release|x86.ActiveCfg = Release|Any CPU
		{917084D3-9995-4DBC-8F4A-F953DA9E297F}.Release|x86.Build.0 = Release|Any CPU
		{D13C506F-2263-4E9C-9B39-CAD16E0EA8B9}.Debug|Any CPU.ActiveCfg = Debug|Any CPU
		{D13C506F-2263-4E9C-9B39-CAD16E0EA8B9}.Debug|Any CPU.Build.0 = Debug|Any CPU
		{D13C506F-2263-4E9C-9B39-CAD16E0EA8B9}.Debug|x64.ActiveCfg = Debug|Any CPU
		{D13C506F-2263-4E9C-9B39-CAD16E0EA8B9}.Debug|x64.Build.0 = Debug|Any CPU
		{D13C506F-2263-4E9C-9B39-CAD16E0EA8B9}.Debug|x86.ActiveCfg = Debug|Any CPU
		{D13C506F-2263-4E9C-9B39-CAD16E0EA8B9}.Debug|x86.Build.0 = Debug|Any CPU
		{D13C506F-2263-4E9C-9B39-CAD16E0EA8B9}.Release|Any CPU.ActiveCfg = Release|Any CPU
		{D13C506F-2263-4E9C-9B39-CAD16E0EA8B9}.Release|Any CPU.Build.0 = Release|Any CPU
		{D13C506F-2263-4E9C-9B39-CAD16E0EA8B9}.Release|x64.ActiveCfg = Release|Any CPU
		{D13C506F-2263-4E9C-9B39-CAD16E0EA8B9}.Release|x64.Build.0 = Release|Any CPU
		{D13C506F-2263-4E9C-9B39-CAD16E0EA8B9}.Release|x86.ActiveCfg = Release|Any CPU
		{D13C506F-2263-4E9C-9B39-CAD16E0EA8B9}.Release|x86.Build.0 = Release|Any CPU
		{AFF27B92-58CD-4616-AA86-9851D8A00D01}.Debug|Any CPU.ActiveCfg = Debug|Any CPU
		{AFF27B92-58CD-4616-AA86-9851D8A00D01}.Debug|Any CPU.Build.0 = Debug|Any CPU
		{AFF27B92-58CD-4616-AA86-9851D8A00D01}.Debug|x64.ActiveCfg = Debug|Any CPU
		{AFF27B92-58CD-4616-AA86-9851D8A00D01}.Debug|x64.Build.0 = Debug|Any CPU
		{AFF27B92-58CD-4616-AA86-9851D8A00D01}.Debug|x86.ActiveCfg = Debug|Any CPU
		{AFF27B92-58CD-4616-AA86-9851D8A00D01}.Debug|x86.Build.0 = Debug|Any CPU
		{AFF27B92-58CD-4616-AA86-9851D8A00D01}.Release|Any CPU.ActiveCfg = Release|Any CPU
		{AFF27B92-58CD-4616-AA86-9851D8A00D01}.Release|Any CPU.Build.0 = Release|Any CPU
		{AFF27B92-58CD-4616-AA86-9851D8A00D01}.Release|x64.ActiveCfg = Release|Any CPU
		{AFF27B92-58CD-4616-AA86-9851D8A00D01}.Release|x64.Build.0 = Release|Any CPU
		{AFF27B92-58CD-4616-AA86-9851D8A00D01}.Release|x86.ActiveCfg = Release|Any CPU
		{AFF27B92-58CD-4616-AA86-9851D8A00D01}.Release|x86.Build.0 = Release|Any CPU
		{B4CF3042-E899-4144-A23D-1D4100526070}.Debug|Any CPU.ActiveCfg = Debug|Any CPU
		{B4CF3042-E899-4144-A23D-1D4100526070}.Debug|Any CPU.Build.0 = Debug|Any CPU
		{B4CF3042-E899-4144-A23D-1D4100526070}.Debug|x64.ActiveCfg = Debug|Any CPU
		{B4CF3042-E899-4144-A23D-1D4100526070}.Debug|x64.Build.0 = Debug|Any CPU
		{B4CF3042-E899-4144-A23D-1D4100526070}.Debug|x86.ActiveCfg = Debug|Any CPU
		{B4CF3042-E899-4144-A23D-1D4100526070}.Debug|x86.Build.0 = Debug|Any CPU
		{B4CF3042-E899-4144-A23D-1D4100526070}.Release|Any CPU.ActiveCfg = Release|Any CPU
		{B4CF3042-E899-4144-A23D-1D4100526070}.Release|Any CPU.Build.0 = Release|Any CPU
		{B4CF3042-E899-4144-A23D-1D4100526070}.Release|x64.ActiveCfg = Release|Any CPU
		{B4CF3042-E899-4144-A23D-1D4100526070}.Release|x64.Build.0 = Release|Any CPU
		{B4CF3042-E899-4144-A23D-1D4100526070}.Release|x86.ActiveCfg = Release|Any CPU
		{B4CF3042-E899-4144-A23D-1D4100526070}.Release|x86.Build.0 = Release|Any CPU
	EndGlobalSection
	GlobalSection(SolutionProperties) = preSolution
		HideSolutionNode = FALSE
	EndGlobalSection
	GlobalSection(NestedProjects) = preSolution
		{9B1056D2-E6AD-48CB-A714-0B2CB46F0C50} = {6CB15A03-D729-46C1-87DF-57B18FB35E80}
		{1AC3FC2C-15F7-470B-A57B-6EB42180662E} = {6CB15A03-D729-46C1-87DF-57B18FB35E80}
		{416DE28A-8E30-4AB8-937A-0C32171399DE} = {6CB15A03-D729-46C1-87DF-57B18FB35E80}
		{615B5CC3-7DA5-47B7-AB02-FBAEF9ED187C} = {6CB15A03-D729-46C1-87DF-57B18FB35E80}
		{917084D3-9995-4DBC-8F4A-F953DA9E297F} = {6CB15A03-D729-46C1-87DF-57B18FB35E80}
		{D13C506F-2263-4E9C-9B39-CAD16E0EA8B9} = {6CB15A03-D729-46C1-87DF-57B18FB35E80}
		{AFF27B92-58CD-4616-AA86-9851D8A00D01} = {6CB15A03-D729-46C1-87DF-57B18FB35E80}
	EndGlobalSection
	GlobalSection(ExtensibilityGlobals) = postSolution
		SolutionGuid = {3B48A36D-C336-457C-BB23-FFA9BD079FE3}
	EndGlobalSection
EndGlobal
