
Microsoft Visual Studio Solution File, Format Version 12.00
# Visual Studio 14
VisualStudioVersion = 14.0.25420.1
MinimumVisualStudioVersion = 10.0.40219.1
Project("{FAE04EC0-301F-11D3-BF4B-00C04F79EFBC}") = "BifrostWpfControlLibrary", "Bifrost\BifrostWpfControlLibrary\BifrostWpfControlLibrary.csproj", "{1E17C1FD-2DCA-4554-982D-D4750ACB6E99}"
EndProject
Project("{FAE04EC0-301F-11D3-BF4B-00C04F79EFBC}") = "EKUserInterface", "Bifrost\EKUserInterface\EKUserInterface.csproj", "{B962A242-B9BD-4233-95F2-80A8FEB9A2E5}"
EndProject
Project("{FAE04EC0-301F-11D3-BF4B-00C04F79EFBC}") = "Geometry", "..\Geometry\Geometry.csproj", "{EACB87E8-A5E3-417E-A9EF-B80C2A68C020}"
EndProject
Project("{FAE04EC0-301F-11D3-BF4B-00C04F79EFBC}") = "EKUserInterfaceLibrary", "Bifrost\EKUserInterfaceLibrary\EKUserInterfaceLibrary.csproj", "{459522B2-B040-4C93-8404-8781C0D3A6CE}"
	ProjectSection(ProjectDependencies) = postProject
		{B962A242-B9BD-4233-95F2-80A8FEB9A2E5} = {B962A242-B9BD-4233-95F2-80A8FEB9A2E5}
	EndProjectSection
EndProject
Project("{FAE04EC0-301F-11D3-BF4B-00C04F79EFBC}") = "AnnotationViewModel", "Jotunn\AnnotationViewModel\AnnotationViewModel.csproj", "{515FBAEE-ABF7-4D2A-AF73-D27869B2B7B1}"
EndProject
Project("{FAE04EC0-301F-11D3-BF4B-00C04F79EFBC}") = "AnnotationView", "Jotunn\AnnotationView\AnnotationView.csproj", "{2C533DCB-3631-4932-B634-B8DFA26AE8BD}"
EndProject
Project("{FAE04EC0-301F-11D3-BF4B-00C04F79EFBC}") = "Jotunn", "Jotunn\Jotunn\Jotunn.csproj", "{1C899301-0733-4FB7-A4C7-6C40712871FA}"
	ProjectSection(ProjectDependencies) = postProject
		{B9EB1204-0656-4004-B295-B7DF0718E326} = {B9EB1204-0656-4004-B295-B7DF0718E326}
		{9CE1E6A3-2B10-4003-AB23-7FDB642DD2D8} = {9CE1E6A3-2B10-4003-AB23-7FDB642DD2D8}
		{2C533DCB-3631-4932-B634-B8DFA26AE8BD} = {2C533DCB-3631-4932-B634-B8DFA26AE8BD}
		{515FBAEE-ABF7-4D2A-AF73-D27869B2B7B1} = {515FBAEE-ABF7-4D2A-AF73-D27869B2B7B1}
	EndProjectSection
EndProject
Project("{FAE04EC0-301F-11D3-BF4B-00C04F79EFBC}") = "JotunnUICommon", "Jotunn\JotunnCommon\JotunnUICommon.csproj", "{A4E99A73-849C-44D3-8C1A-F0A942C569B4}"
EndProject
Project("{FAE04EC0-301F-11D3-BF4B-00C04F79EFBC}") = "JotunnUIControls", "Jotunn\JotunnUIControls\JotunnUIControls.csproj", "{519C08C8-9A00-40F7-BA8D-7DA3EBBB4845}"
EndProject
Project("{FAE04EC0-301F-11D3-BF4B-00C04F79EFBC}") = "VolumeView", "Jotunn\JotunnVolumeView\VolumeView.csproj", "{B9EB1204-0656-4004-B295-B7DF0718E326}"
EndProject
Project("{FAE04EC0-301F-11D3-BF4B-00C04F79EFBC}") = "VolumeViewModel", "Jotunn\VolumeViewModel\VolumeViewModel.csproj", "{9CE1E6A3-2B10-4003-AB23-7FDB642DD2D8}"
EndProject
Project("{FAE04EC0-301F-11D3-BF4B-00C04F79EFBC}") = "VolumeModel", "VolumeModel\VolumeModel.csproj", "{2EBA2A77-F7F0-4EFC-AC06-A12FE249388F}"
EndProject
Project("{FAE04EC0-301F-11D3-BF4B-00C04F79EFBC}") = "Common", "Common\Common.csproj", "{B35B0C61-EC9C-425A-846D-F160D5B12158}"
EndProject
Project("{FAE04EC0-301F-11D3-BF4B-00C04F79EFBC}") = "RTree", "..\RTree\RTree.csproj", "{4085BA67-60D7-4679-886E-457AAF37EC7B}"
EndProject
Project("{FAE04EC0-301F-11D3-BF4B-00C04F79EFBC}") = "Utils", "..\Utils\Utils.csproj", "{49F7DDA5-1634-49ED-99FA-74962E43F2D2}"
EndProject
Project("{FAE04EC0-301F-11D3-BF4B-00C04F79EFBC}") = "MonogameWPFLibrary", "Jotunn\MonogameWPFLibrary\MonogameWPFLibrary.csproj", "{DC03688F-0238-445E-8618-A7839575B968}"
EndProject
Project("{FAE04EC0-301F-11D3-BF4B-00C04F79EFBC}") = "MorphologyView", "Jotunn\MorphologyView\MorphologyView.csproj", "{11307764-A025-4473-A956-49CF68B83B32}"
EndProject
Project("{FAE04EC0-301F-11D3-BF4B-00C04F79EFBC}") = "AnnotationVizLib", "..\AnnotationVizLib\AnnotationVizLib.csproj", "{A89A628B-3FFA-4271-B99A-E45C3D72D3E3}"
EndProject
Project("{FAE04EC0-301F-11D3-BF4B-00C04F79EFBC}") = "AnnotationVizLibTests", "..\AnnotationVizLibTests\AnnotationVizLibTests.csproj", "{B80BF900-A7CF-4A14-8A96-8C590A2435D4}"
EndProject
Project("{FAE04EC0-301F-11D3-BF4B-00C04F79EFBC}") = "GraphLib", "..\GraphLib\GraphLib.csproj", "{D6F219FC-733B-481F-BF78-D34A7CB893EC}"
EndProject
Project("{FAE04EC0-301F-11D3-BF4B-00C04F79EFBC}") = "GraphLibTest", "..\GraphLibTest\GraphLibTest.csproj", "{C93E423F-C90F-47F9-A2CF-BFF3E3CF6896}"
EndProject
Project("{FAE04EC0-301F-11D3-BF4B-00C04F79EFBC}") = "SqlGeometryUtils", "..\SqlGeometryUtils\SqlGeometryUtils.csproj", "{6702ADDA-3F8F-43D0-9C7E-1E7FDBBE983F}"
EndProject
Project("{FAE04EC0-301F-11D3-BF4B-00C04F79EFBC}") = "SqlGeometryUtilsTest", "..\SqlGeometryUtilsTest\SqlGeometryUtilsTest.csproj", "{E4C80E39-8E55-4528-AE09-1558CCBD846B}"
EndProject
Project("{FAE04EC0-301F-11D3-BF4B-00C04F79EFBC}") = "ODataClient", "..\ODataClient\ODataClient.csproj", "{9DDB7C0E-1F00-4EFC-8D11-4BA6A00FB9B4}"
EndProject
Project("{FAE04EC0-301F-11D3-BF4B-00C04F79EFBC}") = "AnnotationVizLibSimpleODataClient", "..\AnnotationVizLibSimpleODataClient\AnnotationVizLibSimpleODataClient.csproj", "{B3A4F95D-A8AC-4094-9DDA-22DC972D7E5D}"
EndProject
Project("{FAE04EC0-301F-11D3-BF4B-00C04F79EFBC}") = "Triangle", "..\Triangle.NET\Triangle\Triangle.csproj", "{F7907A0A-B75F-400B-9E78-BFAD00DB4D6B}"
EndProject
Project("{FAE04EC0-301F-11D3-BF4B-00C04F79EFBC}") = "Monographics", "MonogameXNAGraphicsShared\Monographics.csproj", "{5F9CAF24-0CF5-481F-B7EC-9327ECB269A7}"
EndProject
Project("{FAE04EC0-301F-11D3-BF4B-00C04F79EFBC}") = "MonogameTestbed", "MonogameTestbed\MonogameTestbed.csproj", "{E46EB649-6221-482F-9FDF-1042CDD0AA5A}"
EndProject
Project("{FAE04EC0-301F-11D3-BF4B-00C04F79EFBC}") = "WebAnnotationModel", "WebAnnotationModel\WebAnnotationModel.csproj", "{709A3C16-7218-4FF0-9A2D-6BF015C243BF}"
EndProject
Project("{FAE04EC0-301F-11D3-BF4B-00C04F79EFBC}") = "AnnotationServiceTypes", "..\AnnotationServiceTypes\AnnotationServiceTypes.csproj", "{55FF8936-D9BC-4AC6-AA29-FC0D7A7640EC}"
EndProject
Project("{FAE04EC0-301F-11D3-BF4B-00C04F79EFBC}") = "GeometryTests", "..\GeometryTests\GeometryTests.csproj", "{5DE6C405-B488-4DAB-B18F-162979E084DD}"
EndProject
Project("{FAE04EC0-301F-11D3-BF4B-00C04F79EFBC}") = "MonogameMathNetExtensions", "MonogameMathNetExtensions.cs\MonogameMathNetExtensions.csproj", "{0D32D6C4-4D76-4D2B-BDE7-6061D18FCA04}"
EndProject
Project("{FAE04EC0-301F-11D3-BF4B-00C04F79EFBC}") = "AnnotationVizLibWCFClient", "..\AnnotationVizLibWCFClient\AnnotationVizLibWCFClient.csproj", "{902D95B5-10A9-4EBE-9DBD-DDB78375551B}"
EndProject
Project("{FAE04EC0-301F-11D3-BF4B-00C04F79EFBC}") = "TriangleNetGeometryExtensions", "..\TriangleNetGeometryExtensions\TriangleNetGeometryExtensions.csproj", "{2B2E3C2E-BE56-466C-98F3-6F9BFA82B213}"
EndProject
Project("{FAE04EC0-301F-11D3-BF4B-00C04F79EFBC}") = "ColladaIO", "..\ColladaIO\ColladaIO.csproj", "{09B914FB-7176-48E1-9B32-D84C8223CBCC}"
EndProject
Project("{FAE04EC0-301F-11D3-BF4B-00C04F79EFBC}") = "ColladaIOTest", "..\ColladaIOTest\ColladaIOTest.csproj", "{6AB21366-0BBD-44C9-84BC-360E7A31383A}"
EndProject
Project("{FAE04EC0-301F-11D3-BF4B-00C04F79EFBC}") = "MorphologyMesh", "..\MorphologyMesh\MorphologyMesh.csproj", "{6DF25A4D-1930-4C7B-8A6E-4AAC68E4A7BA}"
EndProject
Project("{FAE04EC0-301F-11D3-BF4B-00C04F79EFBC}") = "MorphologyMeshTest", "..\MorphologyMeshTest\MorphologyMeshTest.csproj", "{51B26A96-109D-49A7-8219-636D4BAA146B}"
EndProject
Project("{FAE04EC0-301F-11D3-BF4B-00C04F79EFBC}") = "MIConvexHullExtensions", "..\MIConvexHullExtensions\MIConvexHullExtensions.csproj", "{F89734AB-4604-45FA-B17E-B6D040FA51B6}"
EndProject
Global
	GlobalSection(Performance) = preSolution
		HasPerformanceSessions = true
	EndGlobalSection
	GlobalSection(SolutionConfigurationPlatforms) = preSolution
		Debug|Any CPU = Debug|Any CPU
		Debug|x64 = Debug|x64
		Debug|x86 = Debug|x86
		Release|Any CPU = Release|Any CPU
		Release|x64 = Release|x64
		Release|x86 = Release|x86
		ReleaseWithSymbols|Any CPU = ReleaseWithSymbols|Any CPU
		ReleaseWithSymbols|x64 = ReleaseWithSymbols|x64
		ReleaseWithSymbols|x86 = ReleaseWithSymbols|x86
	EndGlobalSection
	GlobalSection(ProjectConfigurationPlatforms) = postSolution
		{1E17C1FD-2DCA-4554-982D-D4750ACB6E99}.Debug|Any CPU.ActiveCfg = Debug|Any CPU
		{1E17C1FD-2DCA-4554-982D-D4750ACB6E99}.Debug|Any CPU.Build.0 = Debug|Any CPU
		{1E17C1FD-2DCA-4554-982D-D4750ACB6E99}.Debug|x64.ActiveCfg = Debug|Any CPU
		{1E17C1FD-2DCA-4554-982D-D4750ACB6E99}.Debug|x64.Build.0 = Debug|Any CPU
		{1E17C1FD-2DCA-4554-982D-D4750ACB6E99}.Debug|x86.ActiveCfg = Debug|Any CPU
		{1E17C1FD-2DCA-4554-982D-D4750ACB6E99}.Debug|x86.Build.0 = Debug|Any CPU
		{1E17C1FD-2DCA-4554-982D-D4750ACB6E99}.Release|Any CPU.ActiveCfg = Release|Any CPU
		{1E17C1FD-2DCA-4554-982D-D4750ACB6E99}.Release|Any CPU.Build.0 = Release|Any CPU
		{1E17C1FD-2DCA-4554-982D-D4750ACB6E99}.Release|x64.ActiveCfg = Release|Any CPU
		{1E17C1FD-2DCA-4554-982D-D4750ACB6E99}.Release|x64.Build.0 = Release|Any CPU
		{1E17C1FD-2DCA-4554-982D-D4750ACB6E99}.Release|x86.ActiveCfg = Release|Any CPU
		{1E17C1FD-2DCA-4554-982D-D4750ACB6E99}.Release|x86.Build.0 = Release|Any CPU
		{1E17C1FD-2DCA-4554-982D-D4750ACB6E99}.ReleaseWithSymbols|Any CPU.ActiveCfg = Release|Any CPU
		{1E17C1FD-2DCA-4554-982D-D4750ACB6E99}.ReleaseWithSymbols|Any CPU.Build.0 = Release|Any CPU
		{1E17C1FD-2DCA-4554-982D-D4750ACB6E99}.ReleaseWithSymbols|x64.ActiveCfg = Release|Any CPU
		{1E17C1FD-2DCA-4554-982D-D4750ACB6E99}.ReleaseWithSymbols|x64.Build.0 = Release|Any CPU
		{1E17C1FD-2DCA-4554-982D-D4750ACB6E99}.ReleaseWithSymbols|x86.ActiveCfg = Release|Any CPU
		{1E17C1FD-2DCA-4554-982D-D4750ACB6E99}.ReleaseWithSymbols|x86.Build.0 = Release|Any CPU
		{B962A242-B9BD-4233-95F2-80A8FEB9A2E5}.Debug|Any CPU.ActiveCfg = Debug|Any CPU
		{B962A242-B9BD-4233-95F2-80A8FEB9A2E5}.Debug|Any CPU.Build.0 = Debug|Any CPU
		{B962A242-B9BD-4233-95F2-80A8FEB9A2E5}.Debug|x64.ActiveCfg = Debug|x64
		{B962A242-B9BD-4233-95F2-80A8FEB9A2E5}.Debug|x64.Build.0 = Debug|x64
		{B962A242-B9BD-4233-95F2-80A8FEB9A2E5}.Debug|x86.ActiveCfg = Debug|Any CPU
		{B962A242-B9BD-4233-95F2-80A8FEB9A2E5}.Debug|x86.Build.0 = Debug|Any CPU
		{B962A242-B9BD-4233-95F2-80A8FEB9A2E5}.Release|Any CPU.ActiveCfg = Release|Any CPU
		{B962A242-B9BD-4233-95F2-80A8FEB9A2E5}.Release|Any CPU.Build.0 = Release|Any CPU
		{B962A242-B9BD-4233-95F2-80A8FEB9A2E5}.Release|x64.ActiveCfg = Release|x64
		{B962A242-B9BD-4233-95F2-80A8FEB9A2E5}.Release|x64.Build.0 = Release|x64
		{B962A242-B9BD-4233-95F2-80A8FEB9A2E5}.Release|x86.ActiveCfg = Release|Any CPU
		{B962A242-B9BD-4233-95F2-80A8FEB9A2E5}.Release|x86.Build.0 = Release|Any CPU
		{B962A242-B9BD-4233-95F2-80A8FEB9A2E5}.ReleaseWithSymbols|Any CPU.ActiveCfg = Release|Any CPU
		{B962A242-B9BD-4233-95F2-80A8FEB9A2E5}.ReleaseWithSymbols|Any CPU.Build.0 = Release|Any CPU
		{B962A242-B9BD-4233-95F2-80A8FEB9A2E5}.ReleaseWithSymbols|x64.ActiveCfg = Release|x64
		{B962A242-B9BD-4233-95F2-80A8FEB9A2E5}.ReleaseWithSymbols|x64.Build.0 = Release|x64
		{B962A242-B9BD-4233-95F2-80A8FEB9A2E5}.ReleaseWithSymbols|x86.ActiveCfg = Release|Any CPU
		{B962A242-B9BD-4233-95F2-80A8FEB9A2E5}.ReleaseWithSymbols|x86.Build.0 = Release|Any CPU
		{EACB87E8-A5E3-417E-A9EF-B80C2A68C020}.Debug|Any CPU.ActiveCfg = Debug|Any CPU
		{EACB87E8-A5E3-417E-A9EF-B80C2A68C020}.Debug|Any CPU.Build.0 = Debug|Any CPU
		{EACB87E8-A5E3-417E-A9EF-B80C2A68C020}.Debug|x64.ActiveCfg = Debug|Any CPU
		{EACB87E8-A5E3-417E-A9EF-B80C2A68C020}.Debug|x64.Build.0 = Debug|Any CPU
		{EACB87E8-A5E3-417E-A9EF-B80C2A68C020}.Debug|x86.ActiveCfg = Debug|Any CPU
		{EACB87E8-A5E3-417E-A9EF-B80C2A68C020}.Debug|x86.Build.0 = Debug|Any CPU
		{EACB87E8-A5E3-417E-A9EF-B80C2A68C020}.Release|Any CPU.ActiveCfg = Release|Any CPU
		{EACB87E8-A5E3-417E-A9EF-B80C2A68C020}.Release|Any CPU.Build.0 = Release|Any CPU
		{EACB87E8-A5E3-417E-A9EF-B80C2A68C020}.Release|x64.ActiveCfg = Release|Any CPU
		{EACB87E8-A5E3-417E-A9EF-B80C2A68C020}.Release|x64.Build.0 = Release|Any CPU
		{EACB87E8-A5E3-417E-A9EF-B80C2A68C020}.Release|x86.ActiveCfg = Release|Any CPU
		{EACB87E8-A5E3-417E-A9EF-B80C2A68C020}.Release|x86.Build.0 = Release|Any CPU
		{EACB87E8-A5E3-417E-A9EF-B80C2A68C020}.ReleaseWithSymbols|Any CPU.ActiveCfg = ReleaseWithSymbols|Any CPU
		{EACB87E8-A5E3-417E-A9EF-B80C2A68C020}.ReleaseWithSymbols|Any CPU.Build.0 = ReleaseWithSymbols|Any CPU
		{EACB87E8-A5E3-417E-A9EF-B80C2A68C020}.ReleaseWithSymbols|x64.ActiveCfg = ReleaseWithSymbols|Any CPU
		{EACB87E8-A5E3-417E-A9EF-B80C2A68C020}.ReleaseWithSymbols|x64.Build.0 = ReleaseWithSymbols|Any CPU
		{EACB87E8-A5E3-417E-A9EF-B80C2A68C020}.ReleaseWithSymbols|x86.ActiveCfg = ReleaseWithSymbols|Any CPU
		{EACB87E8-A5E3-417E-A9EF-B80C2A68C020}.ReleaseWithSymbols|x86.Build.0 = ReleaseWithSymbols|Any CPU
		{459522B2-B040-4C93-8404-8781C0D3A6CE}.Debug|Any CPU.ActiveCfg = Debug|Any CPU
		{459522B2-B040-4C93-8404-8781C0D3A6CE}.Debug|Any CPU.Build.0 = Debug|Any CPU
		{459522B2-B040-4C93-8404-8781C0D3A6CE}.Debug|x64.ActiveCfg = Debug|Any CPU
		{459522B2-B040-4C93-8404-8781C0D3A6CE}.Debug|x64.Build.0 = Debug|Any CPU
		{459522B2-B040-4C93-8404-8781C0D3A6CE}.Debug|x86.ActiveCfg = Debug|Any CPU
		{459522B2-B040-4C93-8404-8781C0D3A6CE}.Debug|x86.Build.0 = Debug|Any CPU
		{459522B2-B040-4C93-8404-8781C0D3A6CE}.Release|Any CPU.ActiveCfg = Release|Any CPU
		{459522B2-B040-4C93-8404-8781C0D3A6CE}.Release|Any CPU.Build.0 = Release|Any CPU
		{459522B2-B040-4C93-8404-8781C0D3A6CE}.Release|x64.ActiveCfg = Release|Any CPU
		{459522B2-B040-4C93-8404-8781C0D3A6CE}.Release|x64.Build.0 = Release|Any CPU
		{459522B2-B040-4C93-8404-8781C0D3A6CE}.Release|x86.ActiveCfg = Release|Any CPU
		{459522B2-B040-4C93-8404-8781C0D3A6CE}.Release|x86.Build.0 = Release|Any CPU
		{459522B2-B040-4C93-8404-8781C0D3A6CE}.ReleaseWithSymbols|Any CPU.ActiveCfg = Release|Any CPU
		{459522B2-B040-4C93-8404-8781C0D3A6CE}.ReleaseWithSymbols|Any CPU.Build.0 = Release|Any CPU
		{459522B2-B040-4C93-8404-8781C0D3A6CE}.ReleaseWithSymbols|x64.ActiveCfg = Release|Any CPU
		{459522B2-B040-4C93-8404-8781C0D3A6CE}.ReleaseWithSymbols|x64.Build.0 = Release|Any CPU
		{459522B2-B040-4C93-8404-8781C0D3A6CE}.ReleaseWithSymbols|x86.ActiveCfg = Release|Any CPU
		{459522B2-B040-4C93-8404-8781C0D3A6CE}.ReleaseWithSymbols|x86.Build.0 = Release|Any CPU
		{515FBAEE-ABF7-4D2A-AF73-D27869B2B7B1}.Debug|Any CPU.ActiveCfg = Debug|Any CPU
		{515FBAEE-ABF7-4D2A-AF73-D27869B2B7B1}.Debug|Any CPU.Build.0 = Debug|Any CPU
		{515FBAEE-ABF7-4D2A-AF73-D27869B2B7B1}.Debug|x64.ActiveCfg = Debug|Any CPU
		{515FBAEE-ABF7-4D2A-AF73-D27869B2B7B1}.Debug|x64.Build.0 = Debug|Any CPU
		{515FBAEE-ABF7-4D2A-AF73-D27869B2B7B1}.Debug|x86.ActiveCfg = Debug|Any CPU
		{515FBAEE-ABF7-4D2A-AF73-D27869B2B7B1}.Debug|x86.Build.0 = Debug|Any CPU
		{515FBAEE-ABF7-4D2A-AF73-D27869B2B7B1}.Release|Any CPU.ActiveCfg = Release|Any CPU
		{515FBAEE-ABF7-4D2A-AF73-D27869B2B7B1}.Release|Any CPU.Build.0 = Release|Any CPU
		{515FBAEE-ABF7-4D2A-AF73-D27869B2B7B1}.Release|x64.ActiveCfg = Release|Any CPU
		{515FBAEE-ABF7-4D2A-AF73-D27869B2B7B1}.Release|x64.Build.0 = Release|Any CPU
		{515FBAEE-ABF7-4D2A-AF73-D27869B2B7B1}.Release|x86.ActiveCfg = Release|Any CPU
		{515FBAEE-ABF7-4D2A-AF73-D27869B2B7B1}.Release|x86.Build.0 = Release|Any CPU
		{515FBAEE-ABF7-4D2A-AF73-D27869B2B7B1}.ReleaseWithSymbols|Any CPU.ActiveCfg = Release|Any CPU
		{515FBAEE-ABF7-4D2A-AF73-D27869B2B7B1}.ReleaseWithSymbols|Any CPU.Build.0 = Release|Any CPU
		{515FBAEE-ABF7-4D2A-AF73-D27869B2B7B1}.ReleaseWithSymbols|x64.ActiveCfg = Release|Any CPU
		{515FBAEE-ABF7-4D2A-AF73-D27869B2B7B1}.ReleaseWithSymbols|x64.Build.0 = Release|Any CPU
		{515FBAEE-ABF7-4D2A-AF73-D27869B2B7B1}.ReleaseWithSymbols|x86.ActiveCfg = Release|Any CPU
		{515FBAEE-ABF7-4D2A-AF73-D27869B2B7B1}.ReleaseWithSymbols|x86.Build.0 = Release|Any CPU
		{2C533DCB-3631-4932-B634-B8DFA26AE8BD}.Debug|Any CPU.ActiveCfg = Debug|Any CPU
		{2C533DCB-3631-4932-B634-B8DFA26AE8BD}.Debug|Any CPU.Build.0 = Debug|Any CPU
		{2C533DCB-3631-4932-B634-B8DFA26AE8BD}.Debug|x64.ActiveCfg = Debug|Any CPU
		{2C533DCB-3631-4932-B634-B8DFA26AE8BD}.Debug|x64.Build.0 = Debug|Any CPU
		{2C533DCB-3631-4932-B634-B8DFA26AE8BD}.Debug|x86.ActiveCfg = Debug|Any CPU
		{2C533DCB-3631-4932-B634-B8DFA26AE8BD}.Debug|x86.Build.0 = Debug|Any CPU
		{2C533DCB-3631-4932-B634-B8DFA26AE8BD}.Release|Any CPU.ActiveCfg = Release|Any CPU
		{2C533DCB-3631-4932-B634-B8DFA26AE8BD}.Release|Any CPU.Build.0 = Release|Any CPU
		{2C533DCB-3631-4932-B634-B8DFA26AE8BD}.Release|x64.ActiveCfg = Release|Any CPU
		{2C533DCB-3631-4932-B634-B8DFA26AE8BD}.Release|x64.Build.0 = Release|Any CPU
		{2C533DCB-3631-4932-B634-B8DFA26AE8BD}.Release|x86.ActiveCfg = Release|Any CPU
		{2C533DCB-3631-4932-B634-B8DFA26AE8BD}.Release|x86.Build.0 = Release|Any CPU
		{2C533DCB-3631-4932-B634-B8DFA26AE8BD}.ReleaseWithSymbols|Any CPU.ActiveCfg = Release|Any CPU
		{2C533DCB-3631-4932-B634-B8DFA26AE8BD}.ReleaseWithSymbols|Any CPU.Build.0 = Release|Any CPU
		{2C533DCB-3631-4932-B634-B8DFA26AE8BD}.ReleaseWithSymbols|x64.ActiveCfg = Release|Any CPU
		{2C533DCB-3631-4932-B634-B8DFA26AE8BD}.ReleaseWithSymbols|x64.Build.0 = Release|Any CPU
		{2C533DCB-3631-4932-B634-B8DFA26AE8BD}.ReleaseWithSymbols|x86.ActiveCfg = Release|Any CPU
		{2C533DCB-3631-4932-B634-B8DFA26AE8BD}.ReleaseWithSymbols|x86.Build.0 = Release|Any CPU
		{1C899301-0733-4FB7-A4C7-6C40712871FA}.Debug|Any CPU.ActiveCfg = Debug|Any CPU
		{1C899301-0733-4FB7-A4C7-6C40712871FA}.Debug|Any CPU.Build.0 = Debug|Any CPU
		{1C899301-0733-4FB7-A4C7-6C40712871FA}.Debug|x64.ActiveCfg = Debug|Any CPU
		{1C899301-0733-4FB7-A4C7-6C40712871FA}.Debug|x64.Build.0 = Debug|Any CPU
		{1C899301-0733-4FB7-A4C7-6C40712871FA}.Debug|x86.ActiveCfg = Debug|Any CPU
		{1C899301-0733-4FB7-A4C7-6C40712871FA}.Debug|x86.Build.0 = Debug|Any CPU
		{1C899301-0733-4FB7-A4C7-6C40712871FA}.Release|Any CPU.ActiveCfg = Release|Any CPU
		{1C899301-0733-4FB7-A4C7-6C40712871FA}.Release|Any CPU.Build.0 = Release|Any CPU
		{1C899301-0733-4FB7-A4C7-6C40712871FA}.Release|x64.ActiveCfg = Release|Any CPU
		{1C899301-0733-4FB7-A4C7-6C40712871FA}.Release|x64.Build.0 = Release|Any CPU
		{1C899301-0733-4FB7-A4C7-6C40712871FA}.Release|x86.ActiveCfg = Release|Any CPU
		{1C899301-0733-4FB7-A4C7-6C40712871FA}.Release|x86.Build.0 = Release|Any CPU
		{1C899301-0733-4FB7-A4C7-6C40712871FA}.ReleaseWithSymbols|Any CPU.ActiveCfg = ReleaseWithSymbols|Any CPU
		{1C899301-0733-4FB7-A4C7-6C40712871FA}.ReleaseWithSymbols|Any CPU.Build.0 = ReleaseWithSymbols|Any CPU
		{1C899301-0733-4FB7-A4C7-6C40712871FA}.ReleaseWithSymbols|x64.ActiveCfg = ReleaseWithSymbols|Any CPU
		{1C899301-0733-4FB7-A4C7-6C40712871FA}.ReleaseWithSymbols|x64.Build.0 = ReleaseWithSymbols|Any CPU
		{1C899301-0733-4FB7-A4C7-6C40712871FA}.ReleaseWithSymbols|x86.ActiveCfg = ReleaseWithSymbols|Any CPU
		{1C899301-0733-4FB7-A4C7-6C40712871FA}.ReleaseWithSymbols|x86.Build.0 = ReleaseWithSymbols|Any CPU
		{A4E99A73-849C-44D3-8C1A-F0A942C569B4}.Debug|Any CPU.ActiveCfg = Debug|Any CPU
		{A4E99A73-849C-44D3-8C1A-F0A942C569B4}.Debug|Any CPU.Build.0 = Debug|Any CPU
		{A4E99A73-849C-44D3-8C1A-F0A942C569B4}.Debug|x64.ActiveCfg = Debug|Any CPU
		{A4E99A73-849C-44D3-8C1A-F0A942C569B4}.Debug|x64.Build.0 = Debug|Any CPU
		{A4E99A73-849C-44D3-8C1A-F0A942C569B4}.Debug|x86.ActiveCfg = Debug|Any CPU
		{A4E99A73-849C-44D3-8C1A-F0A942C569B4}.Debug|x86.Build.0 = Debug|Any CPU
		{A4E99A73-849C-44D3-8C1A-F0A942C569B4}.Release|Any CPU.ActiveCfg = Release|Any CPU
		{A4E99A73-849C-44D3-8C1A-F0A942C569B4}.Release|Any CPU.Build.0 = Release|Any CPU
		{A4E99A73-849C-44D3-8C1A-F0A942C569B4}.Release|x64.ActiveCfg = Release|Any CPU
		{A4E99A73-849C-44D3-8C1A-F0A942C569B4}.Release|x64.Build.0 = Release|Any CPU
		{A4E99A73-849C-44D3-8C1A-F0A942C569B4}.Release|x86.ActiveCfg = Release|Any CPU
		{A4E99A73-849C-44D3-8C1A-F0A942C569B4}.Release|x86.Build.0 = Release|Any CPU
		{A4E99A73-849C-44D3-8C1A-F0A942C569B4}.ReleaseWithSymbols|Any CPU.ActiveCfg = ReleaseWithSymbols|Any CPU
		{A4E99A73-849C-44D3-8C1A-F0A942C569B4}.ReleaseWithSymbols|Any CPU.Build.0 = ReleaseWithSymbols|Any CPU
		{A4E99A73-849C-44D3-8C1A-F0A942C569B4}.ReleaseWithSymbols|x64.ActiveCfg = ReleaseWithSymbols|Any CPU
		{A4E99A73-849C-44D3-8C1A-F0A942C569B4}.ReleaseWithSymbols|x64.Build.0 = ReleaseWithSymbols|Any CPU
		{A4E99A73-849C-44D3-8C1A-F0A942C569B4}.ReleaseWithSymbols|x86.ActiveCfg = ReleaseWithSymbols|Any CPU
		{A4E99A73-849C-44D3-8C1A-F0A942C569B4}.ReleaseWithSymbols|x86.Build.0 = ReleaseWithSymbols|Any CPU
		{519C08C8-9A00-40F7-BA8D-7DA3EBBB4845}.Debug|Any CPU.ActiveCfg = Debug|Any CPU
		{519C08C8-9A00-40F7-BA8D-7DA3EBBB4845}.Debug|Any CPU.Build.0 = Debug|Any CPU
		{519C08C8-9A00-40F7-BA8D-7DA3EBBB4845}.Debug|x64.ActiveCfg = Debug|Any CPU
		{519C08C8-9A00-40F7-BA8D-7DA3EBBB4845}.Debug|x64.Build.0 = Debug|Any CPU
		{519C08C8-9A00-40F7-BA8D-7DA3EBBB4845}.Debug|x86.ActiveCfg = Debug|Any CPU
		{519C08C8-9A00-40F7-BA8D-7DA3EBBB4845}.Debug|x86.Build.0 = Debug|Any CPU
		{519C08C8-9A00-40F7-BA8D-7DA3EBBB4845}.Release|Any CPU.ActiveCfg = Release|Any CPU
		{519C08C8-9A00-40F7-BA8D-7DA3EBBB4845}.Release|Any CPU.Build.0 = Release|Any CPU
		{519C08C8-9A00-40F7-BA8D-7DA3EBBB4845}.Release|x64.ActiveCfg = Release|Any CPU
		{519C08C8-9A00-40F7-BA8D-7DA3EBBB4845}.Release|x64.Build.0 = Release|Any CPU
		{519C08C8-9A00-40F7-BA8D-7DA3EBBB4845}.Release|x86.ActiveCfg = Release|Any CPU
		{519C08C8-9A00-40F7-BA8D-7DA3EBBB4845}.Release|x86.Build.0 = Release|Any CPU
		{519C08C8-9A00-40F7-BA8D-7DA3EBBB4845}.ReleaseWithSymbols|Any CPU.ActiveCfg = ReleaseWithSymbols|Any CPU
		{519C08C8-9A00-40F7-BA8D-7DA3EBBB4845}.ReleaseWithSymbols|Any CPU.Build.0 = ReleaseWithSymbols|Any CPU
		{519C08C8-9A00-40F7-BA8D-7DA3EBBB4845}.ReleaseWithSymbols|x64.ActiveCfg = ReleaseWithSymbols|Any CPU
		{519C08C8-9A00-40F7-BA8D-7DA3EBBB4845}.ReleaseWithSymbols|x64.Build.0 = ReleaseWithSymbols|Any CPU
		{519C08C8-9A00-40F7-BA8D-7DA3EBBB4845}.ReleaseWithSymbols|x86.ActiveCfg = ReleaseWithSymbols|Any CPU
		{519C08C8-9A00-40F7-BA8D-7DA3EBBB4845}.ReleaseWithSymbols|x86.Build.0 = ReleaseWithSymbols|Any CPU
		{B9EB1204-0656-4004-B295-B7DF0718E326}.Debug|Any CPU.ActiveCfg = Debug|Any CPU
		{B9EB1204-0656-4004-B295-B7DF0718E326}.Debug|Any CPU.Build.0 = Debug|Any CPU
		{B9EB1204-0656-4004-B295-B7DF0718E326}.Debug|x64.ActiveCfg = Debug|Any CPU
		{B9EB1204-0656-4004-B295-B7DF0718E326}.Debug|x64.Build.0 = Debug|Any CPU
		{B9EB1204-0656-4004-B295-B7DF0718E326}.Debug|x86.ActiveCfg = Debug|Any CPU
		{B9EB1204-0656-4004-B295-B7DF0718E326}.Debug|x86.Build.0 = Debug|Any CPU
		{B9EB1204-0656-4004-B295-B7DF0718E326}.Release|Any CPU.ActiveCfg = Release|Any CPU
		{B9EB1204-0656-4004-B295-B7DF0718E326}.Release|Any CPU.Build.0 = Release|Any CPU
		{B9EB1204-0656-4004-B295-B7DF0718E326}.Release|x64.ActiveCfg = Release|Any CPU
		{B9EB1204-0656-4004-B295-B7DF0718E326}.Release|x64.Build.0 = Release|Any CPU
		{B9EB1204-0656-4004-B295-B7DF0718E326}.Release|x86.ActiveCfg = Release|Any CPU
		{B9EB1204-0656-4004-B295-B7DF0718E326}.Release|x86.Build.0 = Release|Any CPU
		{B9EB1204-0656-4004-B295-B7DF0718E326}.ReleaseWithSymbols|Any CPU.ActiveCfg = ReleaseWithSymbols|Any CPU
		{B9EB1204-0656-4004-B295-B7DF0718E326}.ReleaseWithSymbols|Any CPU.Build.0 = ReleaseWithSymbols|Any CPU
		{B9EB1204-0656-4004-B295-B7DF0718E326}.ReleaseWithSymbols|x64.ActiveCfg = ReleaseWithSymbols|Any CPU
		{B9EB1204-0656-4004-B295-B7DF0718E326}.ReleaseWithSymbols|x64.Build.0 = ReleaseWithSymbols|Any CPU
		{B9EB1204-0656-4004-B295-B7DF0718E326}.ReleaseWithSymbols|x86.ActiveCfg = ReleaseWithSymbols|Any CPU
		{B9EB1204-0656-4004-B295-B7DF0718E326}.ReleaseWithSymbols|x86.Build.0 = ReleaseWithSymbols|Any CPU
		{9CE1E6A3-2B10-4003-AB23-7FDB642DD2D8}.Debug|Any CPU.ActiveCfg = Debug|Any CPU
		{9CE1E6A3-2B10-4003-AB23-7FDB642DD2D8}.Debug|Any CPU.Build.0 = Debug|Any CPU
		{9CE1E6A3-2B10-4003-AB23-7FDB642DD2D8}.Debug|x64.ActiveCfg = Debug|Any CPU
		{9CE1E6A3-2B10-4003-AB23-7FDB642DD2D8}.Debug|x64.Build.0 = Debug|Any CPU
		{9CE1E6A3-2B10-4003-AB23-7FDB642DD2D8}.Debug|x86.ActiveCfg = Debug|Any CPU
		{9CE1E6A3-2B10-4003-AB23-7FDB642DD2D8}.Debug|x86.Build.0 = Debug|Any CPU
		{9CE1E6A3-2B10-4003-AB23-7FDB642DD2D8}.Release|Any CPU.ActiveCfg = Release|Any CPU
		{9CE1E6A3-2B10-4003-AB23-7FDB642DD2D8}.Release|Any CPU.Build.0 = Release|Any CPU
		{9CE1E6A3-2B10-4003-AB23-7FDB642DD2D8}.Release|x64.ActiveCfg = Release|Any CPU
		{9CE1E6A3-2B10-4003-AB23-7FDB642DD2D8}.Release|x64.Build.0 = Release|Any CPU
		{9CE1E6A3-2B10-4003-AB23-7FDB642DD2D8}.Release|x86.ActiveCfg = Release|Any CPU
		{9CE1E6A3-2B10-4003-AB23-7FDB642DD2D8}.Release|x86.Build.0 = Release|Any CPU
		{9CE1E6A3-2B10-4003-AB23-7FDB642DD2D8}.ReleaseWithSymbols|Any CPU.ActiveCfg = ReleaseWithSymbols|Any CPU
		{9CE1E6A3-2B10-4003-AB23-7FDB642DD2D8}.ReleaseWithSymbols|Any CPU.Build.0 = ReleaseWithSymbols|Any CPU
		{9CE1E6A3-2B10-4003-AB23-7FDB642DD2D8}.ReleaseWithSymbols|x64.ActiveCfg = ReleaseWithSymbols|Any CPU
		{9CE1E6A3-2B10-4003-AB23-7FDB642DD2D8}.ReleaseWithSymbols|x64.Build.0 = ReleaseWithSymbols|Any CPU
		{9CE1E6A3-2B10-4003-AB23-7FDB642DD2D8}.ReleaseWithSymbols|x86.ActiveCfg = ReleaseWithSymbols|Any CPU
		{9CE1E6A3-2B10-4003-AB23-7FDB642DD2D8}.ReleaseWithSymbols|x86.Build.0 = ReleaseWithSymbols|Any CPU
		{2EBA2A77-F7F0-4EFC-AC06-A12FE249388F}.Debug|Any CPU.ActiveCfg = Debug|Any CPU
		{2EBA2A77-F7F0-4EFC-AC06-A12FE249388F}.Debug|Any CPU.Build.0 = Debug|Any CPU
		{2EBA2A77-F7F0-4EFC-AC06-A12FE249388F}.Debug|x64.ActiveCfg = Debug|Any CPU
		{2EBA2A77-F7F0-4EFC-AC06-A12FE249388F}.Debug|x64.Build.0 = Debug|Any CPU
		{2EBA2A77-F7F0-4EFC-AC06-A12FE249388F}.Debug|x86.ActiveCfg = Debug|Any CPU
		{2EBA2A77-F7F0-4EFC-AC06-A12FE249388F}.Debug|x86.Build.0 = Debug|Any CPU
		{2EBA2A77-F7F0-4EFC-AC06-A12FE249388F}.Release|Any CPU.ActiveCfg = Release|Any CPU
		{2EBA2A77-F7F0-4EFC-AC06-A12FE249388F}.Release|Any CPU.Build.0 = Release|Any CPU
		{2EBA2A77-F7F0-4EFC-AC06-A12FE249388F}.Release|x64.ActiveCfg = Release|Any CPU
		{2EBA2A77-F7F0-4EFC-AC06-A12FE249388F}.Release|x64.Build.0 = Release|Any CPU
		{2EBA2A77-F7F0-4EFC-AC06-A12FE249388F}.Release|x86.ActiveCfg = Release|Any CPU
		{2EBA2A77-F7F0-4EFC-AC06-A12FE249388F}.Release|x86.Build.0 = Release|Any CPU
		{2EBA2A77-F7F0-4EFC-AC06-A12FE249388F}.ReleaseWithSymbols|Any CPU.ActiveCfg = ReleaseWithSymbols|Any CPU
		{2EBA2A77-F7F0-4EFC-AC06-A12FE249388F}.ReleaseWithSymbols|Any CPU.Build.0 = ReleaseWithSymbols|Any CPU
		{2EBA2A77-F7F0-4EFC-AC06-A12FE249388F}.ReleaseWithSymbols|x64.ActiveCfg = ReleaseWithSymbols|Any CPU
		{2EBA2A77-F7F0-4EFC-AC06-A12FE249388F}.ReleaseWithSymbols|x64.Build.0 = ReleaseWithSymbols|Any CPU
		{2EBA2A77-F7F0-4EFC-AC06-A12FE249388F}.ReleaseWithSymbols|x86.ActiveCfg = ReleaseWithSymbols|Any CPU
		{2EBA2A77-F7F0-4EFC-AC06-A12FE249388F}.ReleaseWithSymbols|x86.Build.0 = ReleaseWithSymbols|Any CPU
		{B35B0C61-EC9C-425A-846D-F160D5B12158}.Debug|Any CPU.ActiveCfg = Debug|Any CPU
		{B35B0C61-EC9C-425A-846D-F160D5B12158}.Debug|Any CPU.Build.0 = Debug|Any CPU
		{B35B0C61-EC9C-425A-846D-F160D5B12158}.Debug|x64.ActiveCfg = Debug|Any CPU
		{B35B0C61-EC9C-425A-846D-F160D5B12158}.Debug|x64.Build.0 = Debug|Any CPU
		{B35B0C61-EC9C-425A-846D-F160D5B12158}.Debug|x86.ActiveCfg = Debug|Any CPU
		{B35B0C61-EC9C-425A-846D-F160D5B12158}.Debug|x86.Build.0 = Debug|Any CPU
		{B35B0C61-EC9C-425A-846D-F160D5B12158}.Release|Any CPU.ActiveCfg = Release|Any CPU
		{B35B0C61-EC9C-425A-846D-F160D5B12158}.Release|Any CPU.Build.0 = Release|Any CPU
		{B35B0C61-EC9C-425A-846D-F160D5B12158}.Release|x64.ActiveCfg = Release|Any CPU
		{B35B0C61-EC9C-425A-846D-F160D5B12158}.Release|x64.Build.0 = Release|Any CPU
		{B35B0C61-EC9C-425A-846D-F160D5B12158}.Release|x86.ActiveCfg = Release|Any CPU
		{B35B0C61-EC9C-425A-846D-F160D5B12158}.Release|x86.Build.0 = Release|Any CPU
		{B35B0C61-EC9C-425A-846D-F160D5B12158}.ReleaseWithSymbols|Any CPU.ActiveCfg = ReleaseWithSymbols|Any CPU
		{B35B0C61-EC9C-425A-846D-F160D5B12158}.ReleaseWithSymbols|Any CPU.Build.0 = ReleaseWithSymbols|Any CPU
		{B35B0C61-EC9C-425A-846D-F160D5B12158}.ReleaseWithSymbols|x64.ActiveCfg = ReleaseWithSymbols|Any CPU
		{B35B0C61-EC9C-425A-846D-F160D5B12158}.ReleaseWithSymbols|x64.Build.0 = ReleaseWithSymbols|Any CPU
		{B35B0C61-EC9C-425A-846D-F160D5B12158}.ReleaseWithSymbols|x86.ActiveCfg = ReleaseWithSymbols|Any CPU
		{B35B0C61-EC9C-425A-846D-F160D5B12158}.ReleaseWithSymbols|x86.Build.0 = ReleaseWithSymbols|Any CPU
		{4085BA67-60D7-4679-886E-457AAF37EC7B}.Debug|Any CPU.ActiveCfg = Debug|Any CPU
		{4085BA67-60D7-4679-886E-457AAF37EC7B}.Debug|Any CPU.Build.0 = Debug|Any CPU
		{4085BA67-60D7-4679-886E-457AAF37EC7B}.Debug|x64.ActiveCfg = Debug|Any CPU
		{4085BA67-60D7-4679-886E-457AAF37EC7B}.Debug|x64.Build.0 = Debug|Any CPU
		{4085BA67-60D7-4679-886E-457AAF37EC7B}.Debug|x64.Deploy.0 = Debug|Any CPU
		{4085BA67-60D7-4679-886E-457AAF37EC7B}.Debug|x86.ActiveCfg = Debug|Any CPU
		{4085BA67-60D7-4679-886E-457AAF37EC7B}.Debug|x86.Build.0 = Debug|Any CPU
		{4085BA67-60D7-4679-886E-457AAF37EC7B}.Release|Any CPU.ActiveCfg = Release|Any CPU
		{4085BA67-60D7-4679-886E-457AAF37EC7B}.Release|Any CPU.Build.0 = Release|Any CPU
		{4085BA67-60D7-4679-886E-457AAF37EC7B}.Release|x64.ActiveCfg = Release|Any CPU
		{4085BA67-60D7-4679-886E-457AAF37EC7B}.Release|x64.Build.0 = Release|Any CPU
		{4085BA67-60D7-4679-886E-457AAF37EC7B}.Release|x86.ActiveCfg = Release|Any CPU
		{4085BA67-60D7-4679-886E-457AAF37EC7B}.Release|x86.Build.0 = Release|Any CPU
		{4085BA67-60D7-4679-886E-457AAF37EC7B}.ReleaseWithSymbols|Any CPU.ActiveCfg = Release|Any CPU
		{4085BA67-60D7-4679-886E-457AAF37EC7B}.ReleaseWithSymbols|Any CPU.Build.0 = Release|Any CPU
		{4085BA67-60D7-4679-886E-457AAF37EC7B}.ReleaseWithSymbols|x64.ActiveCfg = Release|Any CPU
		{4085BA67-60D7-4679-886E-457AAF37EC7B}.ReleaseWithSymbols|x64.Build.0 = Release|Any CPU
		{4085BA67-60D7-4679-886E-457AAF37EC7B}.ReleaseWithSymbols|x86.ActiveCfg = Release|Any CPU
		{4085BA67-60D7-4679-886E-457AAF37EC7B}.ReleaseWithSymbols|x86.Build.0 = Release|Any CPU
		{49F7DDA5-1634-49ED-99FA-74962E43F2D2}.Debug|Any CPU.ActiveCfg = Debug|Any CPU
		{49F7DDA5-1634-49ED-99FA-74962E43F2D2}.Debug|Any CPU.Build.0 = Debug|Any CPU
		{49F7DDA5-1634-49ED-99FA-74962E43F2D2}.Debug|x64.ActiveCfg = Debug|Any CPU
		{49F7DDA5-1634-49ED-99FA-74962E43F2D2}.Debug|x64.Build.0 = Debug|Any CPU
		{49F7DDA5-1634-49ED-99FA-74962E43F2D2}.Debug|x86.ActiveCfg = Debug|Any CPU
		{49F7DDA5-1634-49ED-99FA-74962E43F2D2}.Debug|x86.Build.0 = Debug|Any CPU
		{49F7DDA5-1634-49ED-99FA-74962E43F2D2}.Release|Any CPU.ActiveCfg = Release|Any CPU
		{49F7DDA5-1634-49ED-99FA-74962E43F2D2}.Release|Any CPU.Build.0 = Release|Any CPU
		{49F7DDA5-1634-49ED-99FA-74962E43F2D2}.Release|x64.ActiveCfg = Release|Any CPU
		{49F7DDA5-1634-49ED-99FA-74962E43F2D2}.Release|x64.Build.0 = Release|Any CPU
		{49F7DDA5-1634-49ED-99FA-74962E43F2D2}.Release|x86.ActiveCfg = Release|Any CPU
		{49F7DDA5-1634-49ED-99FA-74962E43F2D2}.Release|x86.Build.0 = Release|Any CPU
		{49F7DDA5-1634-49ED-99FA-74962E43F2D2}.ReleaseWithSymbols|Any CPU.ActiveCfg = ReleaseWithSymbols|Any CPU
		{49F7DDA5-1634-49ED-99FA-74962E43F2D2}.ReleaseWithSymbols|Any CPU.Build.0 = ReleaseWithSymbols|Any CPU
		{49F7DDA5-1634-49ED-99FA-74962E43F2D2}.ReleaseWithSymbols|x64.ActiveCfg = ReleaseWithSymbols|Any CPU
		{49F7DDA5-1634-49ED-99FA-74962E43F2D2}.ReleaseWithSymbols|x64.Build.0 = ReleaseWithSymbols|Any CPU
		{49F7DDA5-1634-49ED-99FA-74962E43F2D2}.ReleaseWithSymbols|x86.ActiveCfg = ReleaseWithSymbols|Any CPU
		{49F7DDA5-1634-49ED-99FA-74962E43F2D2}.ReleaseWithSymbols|x86.Build.0 = ReleaseWithSymbols|Any CPU
		{DC03688F-0238-445E-8618-A7839575B968}.Debug|Any CPU.ActiveCfg = Debug|Any CPU
		{DC03688F-0238-445E-8618-A7839575B968}.Debug|Any CPU.Build.0 = Debug|Any CPU
		{DC03688F-0238-445E-8618-A7839575B968}.Debug|x64.ActiveCfg = Debug|Any CPU
		{DC03688F-0238-445E-8618-A7839575B968}.Debug|x64.Build.0 = Debug|Any CPU
		{DC03688F-0238-445E-8618-A7839575B968}.Debug|x86.ActiveCfg = Debug|Any CPU
		{DC03688F-0238-445E-8618-A7839575B968}.Debug|x86.Build.0 = Debug|Any CPU
		{DC03688F-0238-445E-8618-A7839575B968}.Release|Any CPU.ActiveCfg = Release|Any CPU
		{DC03688F-0238-445E-8618-A7839575B968}.Release|Any CPU.Build.0 = Release|Any CPU
		{DC03688F-0238-445E-8618-A7839575B968}.Release|x64.ActiveCfg = Release|Any CPU
		{DC03688F-0238-445E-8618-A7839575B968}.Release|x64.Build.0 = Release|Any CPU
		{DC03688F-0238-445E-8618-A7839575B968}.Release|x86.ActiveCfg = Release|Any CPU
		{DC03688F-0238-445E-8618-A7839575B968}.Release|x86.Build.0 = Release|Any CPU
		{DC03688F-0238-445E-8618-A7839575B968}.ReleaseWithSymbols|Any CPU.ActiveCfg = Release|Any CPU
		{DC03688F-0238-445E-8618-A7839575B968}.ReleaseWithSymbols|Any CPU.Build.0 = Release|Any CPU
		{DC03688F-0238-445E-8618-A7839575B968}.ReleaseWithSymbols|x64.ActiveCfg = Release|Any CPU
		{DC03688F-0238-445E-8618-A7839575B968}.ReleaseWithSymbols|x64.Build.0 = Release|Any CPU
		{DC03688F-0238-445E-8618-A7839575B968}.ReleaseWithSymbols|x86.ActiveCfg = Release|Any CPU
		{DC03688F-0238-445E-8618-A7839575B968}.ReleaseWithSymbols|x86.Build.0 = Release|Any CPU
		{11307764-A025-4473-A956-49CF68B83B32}.Debug|Any CPU.ActiveCfg = Debug|Any CPU
		{11307764-A025-4473-A956-49CF68B83B32}.Debug|Any CPU.Build.0 = Debug|Any CPU
		{11307764-A025-4473-A956-49CF68B83B32}.Debug|x64.ActiveCfg = Debug|Any CPU
		{11307764-A025-4473-A956-49CF68B83B32}.Debug|x64.Build.0 = Debug|Any CPU
		{11307764-A025-4473-A956-49CF68B83B32}.Debug|x86.ActiveCfg = Debug|Any CPU
		{11307764-A025-4473-A956-49CF68B83B32}.Debug|x86.Build.0 = Debug|Any CPU
		{11307764-A025-4473-A956-49CF68B83B32}.Release|Any CPU.ActiveCfg = Release|Any CPU
		{11307764-A025-4473-A956-49CF68B83B32}.Release|Any CPU.Build.0 = Release|Any CPU
		{11307764-A025-4473-A956-49CF68B83B32}.Release|x64.ActiveCfg = Release|Any CPU
		{11307764-A025-4473-A956-49CF68B83B32}.Release|x64.Build.0 = Release|Any CPU
		{11307764-A025-4473-A956-49CF68B83B32}.Release|x86.ActiveCfg = Release|Any CPU
		{11307764-A025-4473-A956-49CF68B83B32}.Release|x86.Build.0 = Release|Any CPU
		{11307764-A025-4473-A956-49CF68B83B32}.ReleaseWithSymbols|Any CPU.ActiveCfg = Release|Any CPU
		{11307764-A025-4473-A956-49CF68B83B32}.ReleaseWithSymbols|Any CPU.Build.0 = Release|Any CPU
		{11307764-A025-4473-A956-49CF68B83B32}.ReleaseWithSymbols|x64.ActiveCfg = Release|Any CPU
		{11307764-A025-4473-A956-49CF68B83B32}.ReleaseWithSymbols|x64.Build.0 = Release|Any CPU
		{11307764-A025-4473-A956-49CF68B83B32}.ReleaseWithSymbols|x86.ActiveCfg = Release|Any CPU
		{11307764-A025-4473-A956-49CF68B83B32}.ReleaseWithSymbols|x86.Build.0 = Release|Any CPU
		{A89A628B-3FFA-4271-B99A-E45C3D72D3E3}.Debug|Any CPU.ActiveCfg = Debug|Any CPU
		{A89A628B-3FFA-4271-B99A-E45C3D72D3E3}.Debug|Any CPU.Build.0 = Debug|Any CPU
		{A89A628B-3FFA-4271-B99A-E45C3D72D3E3}.Debug|x64.ActiveCfg = Debug|Any CPU
		{A89A628B-3FFA-4271-B99A-E45C3D72D3E3}.Debug|x64.Build.0 = Debug|Any CPU
		{A89A628B-3FFA-4271-B99A-E45C3D72D3E3}.Debug|x86.ActiveCfg = Debug|Any CPU
		{A89A628B-3FFA-4271-B99A-E45C3D72D3E3}.Debug|x86.Build.0 = Debug|Any CPU
		{A89A628B-3FFA-4271-B99A-E45C3D72D3E3}.Release|Any CPU.ActiveCfg = Release|Any CPU
		{A89A628B-3FFA-4271-B99A-E45C3D72D3E3}.Release|Any CPU.Build.0 = Release|Any CPU
		{A89A628B-3FFA-4271-B99A-E45C3D72D3E3}.Release|x64.ActiveCfg = Release|Any CPU
		{A89A628B-3FFA-4271-B99A-E45C3D72D3E3}.Release|x64.Build.0 = Release|Any CPU
		{A89A628B-3FFA-4271-B99A-E45C3D72D3E3}.Release|x86.ActiveCfg = Release|Any CPU
		{A89A628B-3FFA-4271-B99A-E45C3D72D3E3}.Release|x86.Build.0 = Release|Any CPU
		{A89A628B-3FFA-4271-B99A-E45C3D72D3E3}.ReleaseWithSymbols|Any CPU.ActiveCfg = Release|Any CPU
		{A89A628B-3FFA-4271-B99A-E45C3D72D3E3}.ReleaseWithSymbols|Any CPU.Build.0 = Release|Any CPU
		{A89A628B-3FFA-4271-B99A-E45C3D72D3E3}.ReleaseWithSymbols|x64.ActiveCfg = Release|Any CPU
		{A89A628B-3FFA-4271-B99A-E45C3D72D3E3}.ReleaseWithSymbols|x64.Build.0 = Release|Any CPU
		{A89A628B-3FFA-4271-B99A-E45C3D72D3E3}.ReleaseWithSymbols|x86.ActiveCfg = Release|Any CPU
		{A89A628B-3FFA-4271-B99A-E45C3D72D3E3}.ReleaseWithSymbols|x86.Build.0 = Release|Any CPU
		{B80BF900-A7CF-4A14-8A96-8C590A2435D4}.Debug|Any CPU.ActiveCfg = Debug|Any CPU
		{B80BF900-A7CF-4A14-8A96-8C590A2435D4}.Debug|Any CPU.Build.0 = Debug|Any CPU
		{B80BF900-A7CF-4A14-8A96-8C590A2435D4}.Debug|x64.ActiveCfg = Debug|Any CPU
		{B80BF900-A7CF-4A14-8A96-8C590A2435D4}.Debug|x64.Build.0 = Debug|Any CPU
		{B80BF900-A7CF-4A14-8A96-8C590A2435D4}.Debug|x86.ActiveCfg = Debug|Any CPU
		{B80BF900-A7CF-4A14-8A96-8C590A2435D4}.Debug|x86.Build.0 = Debug|Any CPU
		{B80BF900-A7CF-4A14-8A96-8C590A2435D4}.Release|Any CPU.ActiveCfg = Release|Any CPU
		{B80BF900-A7CF-4A14-8A96-8C590A2435D4}.Release|Any CPU.Build.0 = Release|Any CPU
		{B80BF900-A7CF-4A14-8A96-8C590A2435D4}.Release|x64.ActiveCfg = Release|Any CPU
		{B80BF900-A7CF-4A14-8A96-8C590A2435D4}.Release|x64.Build.0 = Release|Any CPU
		{B80BF900-A7CF-4A14-8A96-8C590A2435D4}.Release|x86.ActiveCfg = Release|Any CPU
		{B80BF900-A7CF-4A14-8A96-8C590A2435D4}.Release|x86.Build.0 = Release|Any CPU
		{B80BF900-A7CF-4A14-8A96-8C590A2435D4}.ReleaseWithSymbols|Any CPU.ActiveCfg = Release|Any CPU
		{B80BF900-A7CF-4A14-8A96-8C590A2435D4}.ReleaseWithSymbols|Any CPU.Build.0 = Release|Any CPU
		{B80BF900-A7CF-4A14-8A96-8C590A2435D4}.ReleaseWithSymbols|x64.ActiveCfg = Release|Any CPU
		{B80BF900-A7CF-4A14-8A96-8C590A2435D4}.ReleaseWithSymbols|x64.Build.0 = Release|Any CPU
		{B80BF900-A7CF-4A14-8A96-8C590A2435D4}.ReleaseWithSymbols|x86.ActiveCfg = Release|Any CPU
		{B80BF900-A7CF-4A14-8A96-8C590A2435D4}.ReleaseWithSymbols|x86.Build.0 = Release|Any CPU
		{D6F219FC-733B-481F-BF78-D34A7CB893EC}.Debug|Any CPU.ActiveCfg = Debug|Any CPU
		{D6F219FC-733B-481F-BF78-D34A7CB893EC}.Debug|Any CPU.Build.0 = Debug|Any CPU
		{D6F219FC-733B-481F-BF78-D34A7CB893EC}.Debug|x64.ActiveCfg = Debug|Any CPU
		{D6F219FC-733B-481F-BF78-D34A7CB893EC}.Debug|x64.Build.0 = Debug|Any CPU
		{D6F219FC-733B-481F-BF78-D34A7CB893EC}.Debug|x86.ActiveCfg = Debug|Any CPU
		{D6F219FC-733B-481F-BF78-D34A7CB893EC}.Debug|x86.Build.0 = Debug|Any CPU
		{D6F219FC-733B-481F-BF78-D34A7CB893EC}.Release|Any CPU.ActiveCfg = Release|Any CPU
		{D6F219FC-733B-481F-BF78-D34A7CB893EC}.Release|Any CPU.Build.0 = Release|Any CPU
		{D6F219FC-733B-481F-BF78-D34A7CB893EC}.Release|x64.ActiveCfg = Release|Any CPU
		{D6F219FC-733B-481F-BF78-D34A7CB893EC}.Release|x64.Build.0 = Release|Any CPU
		{D6F219FC-733B-481F-BF78-D34A7CB893EC}.Release|x86.ActiveCfg = Release|Any CPU
		{D6F219FC-733B-481F-BF78-D34A7CB893EC}.Release|x86.Build.0 = Release|Any CPU
		{D6F219FC-733B-481F-BF78-D34A7CB893EC}.ReleaseWithSymbols|Any CPU.ActiveCfg = Release|Any CPU
		{D6F219FC-733B-481F-BF78-D34A7CB893EC}.ReleaseWithSymbols|Any CPU.Build.0 = Release|Any CPU
		{D6F219FC-733B-481F-BF78-D34A7CB893EC}.ReleaseWithSymbols|x64.ActiveCfg = Release|Any CPU
		{D6F219FC-733B-481F-BF78-D34A7CB893EC}.ReleaseWithSymbols|x64.Build.0 = Release|Any CPU
		{D6F219FC-733B-481F-BF78-D34A7CB893EC}.ReleaseWithSymbols|x86.ActiveCfg = Release|Any CPU
		{D6F219FC-733B-481F-BF78-D34A7CB893EC}.ReleaseWithSymbols|x86.Build.0 = Release|Any CPU
		{C93E423F-C90F-47F9-A2CF-BFF3E3CF6896}.Debug|Any CPU.ActiveCfg = Debug|Any CPU
		{C93E423F-C90F-47F9-A2CF-BFF3E3CF6896}.Debug|Any CPU.Build.0 = Debug|Any CPU
		{C93E423F-C90F-47F9-A2CF-BFF3E3CF6896}.Debug|x64.ActiveCfg = Debug|Any CPU
		{C93E423F-C90F-47F9-A2CF-BFF3E3CF6896}.Debug|x64.Build.0 = Debug|Any CPU
		{C93E423F-C90F-47F9-A2CF-BFF3E3CF6896}.Debug|x86.ActiveCfg = Debug|Any CPU
		{C93E423F-C90F-47F9-A2CF-BFF3E3CF6896}.Debug|x86.Build.0 = Debug|Any CPU
		{C93E423F-C90F-47F9-A2CF-BFF3E3CF6896}.Release|Any CPU.ActiveCfg = Release|Any CPU
		{C93E423F-C90F-47F9-A2CF-BFF3E3CF6896}.Release|Any CPU.Build.0 = Release|Any CPU
		{C93E423F-C90F-47F9-A2CF-BFF3E3CF6896}.Release|x64.ActiveCfg = Release|Any CPU
		{C93E423F-C90F-47F9-A2CF-BFF3E3CF6896}.Release|x64.Build.0 = Release|Any CPU
		{C93E423F-C90F-47F9-A2CF-BFF3E3CF6896}.Release|x86.ActiveCfg = Release|Any CPU
		{C93E423F-C90F-47F9-A2CF-BFF3E3CF6896}.Release|x86.Build.0 = Release|Any CPU
		{C93E423F-C90F-47F9-A2CF-BFF3E3CF6896}.ReleaseWithSymbols|Any CPU.ActiveCfg = Release|Any CPU
		{C93E423F-C90F-47F9-A2CF-BFF3E3CF6896}.ReleaseWithSymbols|Any CPU.Build.0 = Release|Any CPU
		{C93E423F-C90F-47F9-A2CF-BFF3E3CF6896}.ReleaseWithSymbols|x64.ActiveCfg = Release|Any CPU
		{C93E423F-C90F-47F9-A2CF-BFF3E3CF6896}.ReleaseWithSymbols|x64.Build.0 = Release|Any CPU
		{C93E423F-C90F-47F9-A2CF-BFF3E3CF6896}.ReleaseWithSymbols|x86.ActiveCfg = Release|Any CPU
		{C93E423F-C90F-47F9-A2CF-BFF3E3CF6896}.ReleaseWithSymbols|x86.Build.0 = Release|Any CPU
		{6702ADDA-3F8F-43D0-9C7E-1E7FDBBE983F}.Debug|Any CPU.ActiveCfg = Debug|Any CPU
		{6702ADDA-3F8F-43D0-9C7E-1E7FDBBE983F}.Debug|Any CPU.Build.0 = Debug|Any CPU
		{6702ADDA-3F8F-43D0-9C7E-1E7FDBBE983F}.Debug|x64.ActiveCfg = Debug|Any CPU
		{6702ADDA-3F8F-43D0-9C7E-1E7FDBBE983F}.Debug|x64.Build.0 = Debug|Any CPU
		{6702ADDA-3F8F-43D0-9C7E-1E7FDBBE983F}.Debug|x86.ActiveCfg = Debug|Any CPU
		{6702ADDA-3F8F-43D0-9C7E-1E7FDBBE983F}.Debug|x86.Build.0 = Debug|Any CPU
		{6702ADDA-3F8F-43D0-9C7E-1E7FDBBE983F}.Release|Any CPU.ActiveCfg = Release|Any CPU
		{6702ADDA-3F8F-43D0-9C7E-1E7FDBBE983F}.Release|Any CPU.Build.0 = Release|Any CPU
		{6702ADDA-3F8F-43D0-9C7E-1E7FDBBE983F}.Release|x64.ActiveCfg = Release|Any CPU
		{6702ADDA-3F8F-43D0-9C7E-1E7FDBBE983F}.Release|x64.Build.0 = Release|Any CPU
		{6702ADDA-3F8F-43D0-9C7E-1E7FDBBE983F}.Release|x86.ActiveCfg = Release|Any CPU
		{6702ADDA-3F8F-43D0-9C7E-1E7FDBBE983F}.Release|x86.Build.0 = Release|Any CPU
		{6702ADDA-3F8F-43D0-9C7E-1E7FDBBE983F}.ReleaseWithSymbols|Any CPU.ActiveCfg = Release|Any CPU
		{6702ADDA-3F8F-43D0-9C7E-1E7FDBBE983F}.ReleaseWithSymbols|Any CPU.Build.0 = Release|Any CPU
		{6702ADDA-3F8F-43D0-9C7E-1E7FDBBE983F}.ReleaseWithSymbols|x64.ActiveCfg = Release|Any CPU
		{6702ADDA-3F8F-43D0-9C7E-1E7FDBBE983F}.ReleaseWithSymbols|x64.Build.0 = Release|Any CPU
		{6702ADDA-3F8F-43D0-9C7E-1E7FDBBE983F}.ReleaseWithSymbols|x86.ActiveCfg = Release|Any CPU
		{6702ADDA-3F8F-43D0-9C7E-1E7FDBBE983F}.ReleaseWithSymbols|x86.Build.0 = Release|Any CPU
		{E4C80E39-8E55-4528-AE09-1558CCBD846B}.Debug|Any CPU.ActiveCfg = Debug|Any CPU
		{E4C80E39-8E55-4528-AE09-1558CCBD846B}.Debug|Any CPU.Build.0 = Debug|Any CPU
		{E4C80E39-8E55-4528-AE09-1558CCBD846B}.Debug|x64.ActiveCfg = Debug|Any CPU
		{E4C80E39-8E55-4528-AE09-1558CCBD846B}.Debug|x64.Build.0 = Debug|Any CPU
		{E4C80E39-8E55-4528-AE09-1558CCBD846B}.Debug|x86.ActiveCfg = Debug|Any CPU
		{E4C80E39-8E55-4528-AE09-1558CCBD846B}.Debug|x86.Build.0 = Debug|Any CPU
		{E4C80E39-8E55-4528-AE09-1558CCBD846B}.Release|Any CPU.ActiveCfg = Release|Any CPU
		{E4C80E39-8E55-4528-AE09-1558CCBD846B}.Release|Any CPU.Build.0 = Release|Any CPU
		{E4C80E39-8E55-4528-AE09-1558CCBD846B}.Release|x64.ActiveCfg = Release|Any CPU
		{E4C80E39-8E55-4528-AE09-1558CCBD846B}.Release|x64.Build.0 = Release|Any CPU
		{E4C80E39-8E55-4528-AE09-1558CCBD846B}.Release|x86.ActiveCfg = Release|Any CPU
		{E4C80E39-8E55-4528-AE09-1558CCBD846B}.Release|x86.Build.0 = Release|Any CPU
		{E4C80E39-8E55-4528-AE09-1558CCBD846B}.ReleaseWithSymbols|Any CPU.ActiveCfg = Release|Any CPU
		{E4C80E39-8E55-4528-AE09-1558CCBD846B}.ReleaseWithSymbols|Any CPU.Build.0 = Release|Any CPU
		{E4C80E39-8E55-4528-AE09-1558CCBD846B}.ReleaseWithSymbols|x64.ActiveCfg = Release|Any CPU
		{E4C80E39-8E55-4528-AE09-1558CCBD846B}.ReleaseWithSymbols|x64.Build.0 = Release|Any CPU
		{E4C80E39-8E55-4528-AE09-1558CCBD846B}.ReleaseWithSymbols|x86.ActiveCfg = Release|Any CPU
		{E4C80E39-8E55-4528-AE09-1558CCBD846B}.ReleaseWithSymbols|x86.Build.0 = Release|Any CPU
		{9DDB7C0E-1F00-4EFC-8D11-4BA6A00FB9B4}.Debug|Any CPU.ActiveCfg = Debug|Any CPU
		{9DDB7C0E-1F00-4EFC-8D11-4BA6A00FB9B4}.Debug|Any CPU.Build.0 = Debug|Any CPU
		{9DDB7C0E-1F00-4EFC-8D11-4BA6A00FB9B4}.Debug|x64.ActiveCfg = Debug|Any CPU
		{9DDB7C0E-1F00-4EFC-8D11-4BA6A00FB9B4}.Debug|x64.Build.0 = Debug|Any CPU
		{9DDB7C0E-1F00-4EFC-8D11-4BA6A00FB9B4}.Debug|x86.ActiveCfg = Debug|Any CPU
		{9DDB7C0E-1F00-4EFC-8D11-4BA6A00FB9B4}.Debug|x86.Build.0 = Debug|Any CPU
		{9DDB7C0E-1F00-4EFC-8D11-4BA6A00FB9B4}.Release|Any CPU.ActiveCfg = Release|Any CPU
		{9DDB7C0E-1F00-4EFC-8D11-4BA6A00FB9B4}.Release|Any CPU.Build.0 = Release|Any CPU
		{9DDB7C0E-1F00-4EFC-8D11-4BA6A00FB9B4}.Release|x64.ActiveCfg = Release|Any CPU
		{9DDB7C0E-1F00-4EFC-8D11-4BA6A00FB9B4}.Release|x64.Build.0 = Release|Any CPU
		{9DDB7C0E-1F00-4EFC-8D11-4BA6A00FB9B4}.Release|x86.ActiveCfg = Release|Any CPU
		{9DDB7C0E-1F00-4EFC-8D11-4BA6A00FB9B4}.Release|x86.Build.0 = Release|Any CPU
		{9DDB7C0E-1F00-4EFC-8D11-4BA6A00FB9B4}.ReleaseWithSymbols|Any CPU.ActiveCfg = Release|Any CPU
		{9DDB7C0E-1F00-4EFC-8D11-4BA6A00FB9B4}.ReleaseWithSymbols|Any CPU.Build.0 = Release|Any CPU
		{9DDB7C0E-1F00-4EFC-8D11-4BA6A00FB9B4}.ReleaseWithSymbols|x64.ActiveCfg = Release|Any CPU
		{9DDB7C0E-1F00-4EFC-8D11-4BA6A00FB9B4}.ReleaseWithSymbols|x64.Build.0 = Release|Any CPU
		{9DDB7C0E-1F00-4EFC-8D11-4BA6A00FB9B4}.ReleaseWithSymbols|x86.ActiveCfg = Release|Any CPU
		{9DDB7C0E-1F00-4EFC-8D11-4BA6A00FB9B4}.ReleaseWithSymbols|x86.Build.0 = Release|Any CPU
		{B3A4F95D-A8AC-4094-9DDA-22DC972D7E5D}.Debug|Any CPU.ActiveCfg = Debug|Any CPU
		{B3A4F95D-A8AC-4094-9DDA-22DC972D7E5D}.Debug|Any CPU.Build.0 = Debug|Any CPU
		{B3A4F95D-A8AC-4094-9DDA-22DC972D7E5D}.Debug|x64.ActiveCfg = Debug|Any CPU
		{B3A4F95D-A8AC-4094-9DDA-22DC972D7E5D}.Debug|x64.Build.0 = Debug|Any CPU
		{B3A4F95D-A8AC-4094-9DDA-22DC972D7E5D}.Debug|x86.ActiveCfg = Debug|Any CPU
		{B3A4F95D-A8AC-4094-9DDA-22DC972D7E5D}.Debug|x86.Build.0 = Debug|Any CPU
		{B3A4F95D-A8AC-4094-9DDA-22DC972D7E5D}.Release|Any CPU.ActiveCfg = Release|Any CPU
		{B3A4F95D-A8AC-4094-9DDA-22DC972D7E5D}.Release|Any CPU.Build.0 = Release|Any CPU
		{B3A4F95D-A8AC-4094-9DDA-22DC972D7E5D}.Release|x64.ActiveCfg = Release|Any CPU
		{B3A4F95D-A8AC-4094-9DDA-22DC972D7E5D}.Release|x64.Build.0 = Release|Any CPU
		{B3A4F95D-A8AC-4094-9DDA-22DC972D7E5D}.Release|x86.ActiveCfg = Release|Any CPU
		{B3A4F95D-A8AC-4094-9DDA-22DC972D7E5D}.Release|x86.Build.0 = Release|Any CPU
		{B3A4F95D-A8AC-4094-9DDA-22DC972D7E5D}.ReleaseWithSymbols|Any CPU.ActiveCfg = Release|Any CPU
		{B3A4F95D-A8AC-4094-9DDA-22DC972D7E5D}.ReleaseWithSymbols|Any CPU.Build.0 = Release|Any CPU
		{B3A4F95D-A8AC-4094-9DDA-22DC972D7E5D}.ReleaseWithSymbols|x64.ActiveCfg = Release|Any CPU
		{B3A4F95D-A8AC-4094-9DDA-22DC972D7E5D}.ReleaseWithSymbols|x64.Build.0 = Release|Any CPU
		{B3A4F95D-A8AC-4094-9DDA-22DC972D7E5D}.ReleaseWithSymbols|x86.ActiveCfg = Release|Any CPU
		{B3A4F95D-A8AC-4094-9DDA-22DC972D7E5D}.ReleaseWithSymbols|x86.Build.0 = Release|Any CPU
		{F7907A0A-B75F-400B-9E78-BFAD00DB4D6B}.Debug|Any CPU.ActiveCfg = Debug|Any CPU
		{F7907A0A-B75F-400B-9E78-BFAD00DB4D6B}.Debug|Any CPU.Build.0 = Debug|Any CPU
		{F7907A0A-B75F-400B-9E78-BFAD00DB4D6B}.Debug|x64.ActiveCfg = Debug|Any CPU
		{F7907A0A-B75F-400B-9E78-BFAD00DB4D6B}.Debug|x64.Build.0 = Debug|Any CPU
		{F7907A0A-B75F-400B-9E78-BFAD00DB4D6B}.Debug|x86.ActiveCfg = Debug|Any CPU
		{F7907A0A-B75F-400B-9E78-BFAD00DB4D6B}.Debug|x86.Build.0 = Debug|Any CPU
		{F7907A0A-B75F-400B-9E78-BFAD00DB4D6B}.Release|Any CPU.ActiveCfg = Release|Any CPU
		{F7907A0A-B75F-400B-9E78-BFAD00DB4D6B}.Release|Any CPU.Build.0 = Release|Any CPU
		{F7907A0A-B75F-400B-9E78-BFAD00DB4D6B}.Release|x64.ActiveCfg = Release|Any CPU
		{F7907A0A-B75F-400B-9E78-BFAD00DB4D6B}.Release|x64.Build.0 = Release|Any CPU
		{F7907A0A-B75F-400B-9E78-BFAD00DB4D6B}.Release|x86.ActiveCfg = Release|Any CPU
		{F7907A0A-B75F-400B-9E78-BFAD00DB4D6B}.Release|x86.Build.0 = Release|Any CPU
		{F7907A0A-B75F-400B-9E78-BFAD00DB4D6B}.ReleaseWithSymbols|Any CPU.ActiveCfg = Release|Any CPU
		{F7907A0A-B75F-400B-9E78-BFAD00DB4D6B}.ReleaseWithSymbols|Any CPU.Build.0 = Release|Any CPU
		{F7907A0A-B75F-400B-9E78-BFAD00DB4D6B}.ReleaseWithSymbols|x64.ActiveCfg = Release|Any CPU
		{F7907A0A-B75F-400B-9E78-BFAD00DB4D6B}.ReleaseWithSymbols|x64.Build.0 = Release|Any CPU
		{F7907A0A-B75F-400B-9E78-BFAD00DB4D6B}.ReleaseWithSymbols|x86.ActiveCfg = Release|Any CPU
		{F7907A0A-B75F-400B-9E78-BFAD00DB4D6B}.ReleaseWithSymbols|x86.Build.0 = Release|Any CPU
		{5F9CAF24-0CF5-481F-B7EC-9327ECB269A7}.Debug|Any CPU.ActiveCfg = Debug|Any CPU
		{5F9CAF24-0CF5-481F-B7EC-9327ECB269A7}.Debug|Any CPU.Build.0 = Debug|Any CPU
		{5F9CAF24-0CF5-481F-B7EC-9327ECB269A7}.Debug|x64.ActiveCfg = Debug|Any CPU
		{5F9CAF24-0CF5-481F-B7EC-9327ECB269A7}.Debug|x64.Build.0 = Debug|Any CPU
		{5F9CAF24-0CF5-481F-B7EC-9327ECB269A7}.Debug|x86.ActiveCfg = Debug|Any CPU
		{5F9CAF24-0CF5-481F-B7EC-9327ECB269A7}.Debug|x86.Build.0 = Debug|Any CPU
		{5F9CAF24-0CF5-481F-B7EC-9327ECB269A7}.Release|Any CPU.ActiveCfg = Release|Any CPU
		{5F9CAF24-0CF5-481F-B7EC-9327ECB269A7}.Release|Any CPU.Build.0 = Release|Any CPU
		{5F9CAF24-0CF5-481F-B7EC-9327ECB269A7}.Release|x64.ActiveCfg = Release|Any CPU
		{5F9CAF24-0CF5-481F-B7EC-9327ECB269A7}.Release|x64.Build.0 = Release|Any CPU
		{5F9CAF24-0CF5-481F-B7EC-9327ECB269A7}.Release|x86.ActiveCfg = Release|Any CPU
		{5F9CAF24-0CF5-481F-B7EC-9327ECB269A7}.Release|x86.Build.0 = Release|Any CPU
		{5F9CAF24-0CF5-481F-B7EC-9327ECB269A7}.ReleaseWithSymbols|Any CPU.ActiveCfg = Release|Any CPU
		{5F9CAF24-0CF5-481F-B7EC-9327ECB269A7}.ReleaseWithSymbols|Any CPU.Build.0 = Release|Any CPU
		{5F9CAF24-0CF5-481F-B7EC-9327ECB269A7}.ReleaseWithSymbols|x64.ActiveCfg = Release|Any CPU
		{5F9CAF24-0CF5-481F-B7EC-9327ECB269A7}.ReleaseWithSymbols|x64.Build.0 = Release|Any CPU
		{5F9CAF24-0CF5-481F-B7EC-9327ECB269A7}.ReleaseWithSymbols|x86.ActiveCfg = Release|Any CPU
		{5F9CAF24-0CF5-481F-B7EC-9327ECB269A7}.ReleaseWithSymbols|x86.Build.0 = Release|Any CPU
		{E46EB649-6221-482F-9FDF-1042CDD0AA5A}.Debug|Any CPU.ActiveCfg = Debug|x86
		{E46EB649-6221-482F-9FDF-1042CDD0AA5A}.Debug|x64.ActiveCfg = Debug|x86
		{E46EB649-6221-482F-9FDF-1042CDD0AA5A}.Debug|x64.Build.0 = Debug|x86
		{E46EB649-6221-482F-9FDF-1042CDD0AA5A}.Debug|x86.ActiveCfg = Debug|x86
		{E46EB649-6221-482F-9FDF-1042CDD0AA5A}.Debug|x86.Build.0 = Debug|x86
		{E46EB649-6221-482F-9FDF-1042CDD0AA5A}.Release|Any CPU.ActiveCfg = Release|x86
		{E46EB649-6221-482F-9FDF-1042CDD0AA5A}.Release|x64.ActiveCfg = Release|x86
		{E46EB649-6221-482F-9FDF-1042CDD0AA5A}.Release|x86.ActiveCfg = Release|x86
		{E46EB649-6221-482F-9FDF-1042CDD0AA5A}.Release|x86.Build.0 = Release|x86
		{E46EB649-6221-482F-9FDF-1042CDD0AA5A}.ReleaseWithSymbols|Any CPU.ActiveCfg = Release|x86
		{E46EB649-6221-482F-9FDF-1042CDD0AA5A}.ReleaseWithSymbols|Any CPU.Build.0 = Release|x86
		{E46EB649-6221-482F-9FDF-1042CDD0AA5A}.ReleaseWithSymbols|x64.ActiveCfg = Release|x86
		{E46EB649-6221-482F-9FDF-1042CDD0AA5A}.ReleaseWithSymbols|x64.Build.0 = Release|x86
		{E46EB649-6221-482F-9FDF-1042CDD0AA5A}.ReleaseWithSymbols|x86.ActiveCfg = Release|x86
		{E46EB649-6221-482F-9FDF-1042CDD0AA5A}.ReleaseWithSymbols|x86.Build.0 = Release|x86
		{709A3C16-7218-4FF0-9A2D-6BF015C243BF}.Debug|Any CPU.ActiveCfg = Debug|Any CPU
		{709A3C16-7218-4FF0-9A2D-6BF015C243BF}.Debug|Any CPU.Build.0 = Debug|Any CPU
		{709A3C16-7218-4FF0-9A2D-6BF015C243BF}.Debug|x64.ActiveCfg = Debug|Any CPU
		{709A3C16-7218-4FF0-9A2D-6BF015C243BF}.Debug|x64.Build.0 = Debug|Any CPU
		{709A3C16-7218-4FF0-9A2D-6BF015C243BF}.Debug|x86.ActiveCfg = Debug|Any CPU
		{709A3C16-7218-4FF0-9A2D-6BF015C243BF}.Debug|x86.Build.0 = Debug|Any CPU
		{709A3C16-7218-4FF0-9A2D-6BF015C243BF}.Release|Any CPU.ActiveCfg = Release|Any CPU
		{709A3C16-7218-4FF0-9A2D-6BF015C243BF}.Release|Any CPU.Build.0 = Release|Any CPU
		{709A3C16-7218-4FF0-9A2D-6BF015C243BF}.Release|x64.ActiveCfg = Release|Any CPU
		{709A3C16-7218-4FF0-9A2D-6BF015C243BF}.Release|x64.Build.0 = Release|Any CPU
		{709A3C16-7218-4FF0-9A2D-6BF015C243BF}.Release|x86.ActiveCfg = Release|Any CPU
		{709A3C16-7218-4FF0-9A2D-6BF015C243BF}.Release|x86.Build.0 = Release|Any CPU
		{709A3C16-7218-4FF0-9A2D-6BF015C243BF}.ReleaseWithSymbols|Any CPU.ActiveCfg = ReleaseWithSymbols|Any CPU
		{709A3C16-7218-4FF0-9A2D-6BF015C243BF}.ReleaseWithSymbols|Any CPU.Build.0 = ReleaseWithSymbols|Any CPU
		{709A3C16-7218-4FF0-9A2D-6BF015C243BF}.ReleaseWithSymbols|x64.ActiveCfg = ReleaseWithSymbols|Any CPU
		{709A3C16-7218-4FF0-9A2D-6BF015C243BF}.ReleaseWithSymbols|x64.Build.0 = ReleaseWithSymbols|Any CPU
		{709A3C16-7218-4FF0-9A2D-6BF015C243BF}.ReleaseWithSymbols|x86.ActiveCfg = ReleaseWithSymbols|Any CPU
		{709A3C16-7218-4FF0-9A2D-6BF015C243BF}.ReleaseWithSymbols|x86.Build.0 = ReleaseWithSymbols|Any CPU
		{55FF8936-D9BC-4AC6-AA29-FC0D7A7640EC}.Debug|Any CPU.ActiveCfg = Debug|Any CPU
		{55FF8936-D9BC-4AC6-AA29-FC0D7A7640EC}.Debug|Any CPU.Build.0 = Debug|Any CPU
		{55FF8936-D9BC-4AC6-AA29-FC0D7A7640EC}.Debug|x64.ActiveCfg = Debug|Any CPU
		{55FF8936-D9BC-4AC6-AA29-FC0D7A7640EC}.Debug|x64.Build.0 = Debug|Any CPU
		{55FF8936-D9BC-4AC6-AA29-FC0D7A7640EC}.Debug|x86.ActiveCfg = Debug|Any CPU
		{55FF8936-D9BC-4AC6-AA29-FC0D7A7640EC}.Debug|x86.Build.0 = Debug|Any CPU
		{55FF8936-D9BC-4AC6-AA29-FC0D7A7640EC}.Release|Any CPU.ActiveCfg = Release|Any CPU
		{55FF8936-D9BC-4AC6-AA29-FC0D7A7640EC}.Release|Any CPU.Build.0 = Release|Any CPU
		{55FF8936-D9BC-4AC6-AA29-FC0D7A7640EC}.Release|x64.ActiveCfg = Release|Any CPU
		{55FF8936-D9BC-4AC6-AA29-FC0D7A7640EC}.Release|x64.Build.0 = Release|Any CPU
		{55FF8936-D9BC-4AC6-AA29-FC0D7A7640EC}.Release|x86.ActiveCfg = Release|Any CPU
		{55FF8936-D9BC-4AC6-AA29-FC0D7A7640EC}.Release|x86.Build.0 = Release|Any CPU
		{55FF8936-D9BC-4AC6-AA29-FC0D7A7640EC}.ReleaseWithSymbols|Any CPU.ActiveCfg = Release|Any CPU
		{55FF8936-D9BC-4AC6-AA29-FC0D7A7640EC}.ReleaseWithSymbols|Any CPU.Build.0 = Release|Any CPU
		{55FF8936-D9BC-4AC6-AA29-FC0D7A7640EC}.ReleaseWithSymbols|x64.ActiveCfg = Release|Any CPU
		{55FF8936-D9BC-4AC6-AA29-FC0D7A7640EC}.ReleaseWithSymbols|x64.Build.0 = Release|Any CPU
		{55FF8936-D9BC-4AC6-AA29-FC0D7A7640EC}.ReleaseWithSymbols|x86.ActiveCfg = Release|Any CPU
		{55FF8936-D9BC-4AC6-AA29-FC0D7A7640EC}.ReleaseWithSymbols|x86.Build.0 = Release|Any CPU
		{5DE6C405-B488-4DAB-B18F-162979E084DD}.Debug|Any CPU.ActiveCfg = Debug|Any CPU
		{5DE6C405-B488-4DAB-B18F-162979E084DD}.Debug|Any CPU.Build.0 = Debug|Any CPU
		{5DE6C405-B488-4DAB-B18F-162979E084DD}.Debug|x64.ActiveCfg = Debug|Any CPU
		{5DE6C405-B488-4DAB-B18F-162979E084DD}.Debug|x64.Build.0 = Debug|Any CPU
		{5DE6C405-B488-4DAB-B18F-162979E084DD}.Debug|x86.ActiveCfg = Debug|Any CPU
		{5DE6C405-B488-4DAB-B18F-162979E084DD}.Debug|x86.Build.0 = Debug|Any CPU
		{5DE6C405-B488-4DAB-B18F-162979E084DD}.Release|Any CPU.ActiveCfg = Release|Any CPU
		{5DE6C405-B488-4DAB-B18F-162979E084DD}.Release|Any CPU.Build.0 = Release|Any CPU
		{5DE6C405-B488-4DAB-B18F-162979E084DD}.Release|x64.ActiveCfg = Release|Any CPU
		{5DE6C405-B488-4DAB-B18F-162979E084DD}.Release|x64.Build.0 = Release|Any CPU
		{5DE6C405-B488-4DAB-B18F-162979E084DD}.Release|x86.ActiveCfg = Release|Any CPU
		{5DE6C405-B488-4DAB-B18F-162979E084DD}.Release|x86.Build.0 = Release|Any CPU
		{5DE6C405-B488-4DAB-B18F-162979E084DD}.ReleaseWithSymbols|Any CPU.ActiveCfg = ReleaseWithSymbols|Any CPU
		{5DE6C405-B488-4DAB-B18F-162979E084DD}.ReleaseWithSymbols|Any CPU.Build.0 = ReleaseWithSymbols|Any CPU
		{5DE6C405-B488-4DAB-B18F-162979E084DD}.ReleaseWithSymbols|x64.ActiveCfg = ReleaseWithSymbols|Any CPU
		{5DE6C405-B488-4DAB-B18F-162979E084DD}.ReleaseWithSymbols|x64.Build.0 = ReleaseWithSymbols|Any CPU
		{5DE6C405-B488-4DAB-B18F-162979E084DD}.ReleaseWithSymbols|x86.ActiveCfg = ReleaseWithSymbols|Any CPU
		{5DE6C405-B488-4DAB-B18F-162979E084DD}.ReleaseWithSymbols|x86.Build.0 = ReleaseWithSymbols|Any CPU
		{0D32D6C4-4D76-4D2B-BDE7-6061D18FCA04}.Debug|Any CPU.ActiveCfg = Debug|Any CPU
		{0D32D6C4-4D76-4D2B-BDE7-6061D18FCA04}.Debug|Any CPU.Build.0 = Debug|Any CPU
		{0D32D6C4-4D76-4D2B-BDE7-6061D18FCA04}.Debug|x64.ActiveCfg = Debug|Any CPU
		{0D32D6C4-4D76-4D2B-BDE7-6061D18FCA04}.Debug|x64.Build.0 = Debug|Any CPU
		{0D32D6C4-4D76-4D2B-BDE7-6061D18FCA04}.Debug|x86.ActiveCfg = Debug|Any CPU
		{0D32D6C4-4D76-4D2B-BDE7-6061D18FCA04}.Debug|x86.Build.0 = Debug|Any CPU
		{0D32D6C4-4D76-4D2B-BDE7-6061D18FCA04}.Release|Any CPU.ActiveCfg = Release|Any CPU
		{0D32D6C4-4D76-4D2B-BDE7-6061D18FCA04}.Release|Any CPU.Build.0 = Release|Any CPU
		{0D32D6C4-4D76-4D2B-BDE7-6061D18FCA04}.Release|x64.ActiveCfg = Release|Any CPU
		{0D32D6C4-4D76-4D2B-BDE7-6061D18FCA04}.Release|x64.Build.0 = Release|Any CPU
		{0D32D6C4-4D76-4D2B-BDE7-6061D18FCA04}.Release|x86.ActiveCfg = Release|Any CPU
		{0D32D6C4-4D76-4D2B-BDE7-6061D18FCA04}.Release|x86.Build.0 = Release|Any CPU
		{0D32D6C4-4D76-4D2B-BDE7-6061D18FCA04}.ReleaseWithSymbols|Any CPU.ActiveCfg = Release|Any CPU
		{0D32D6C4-4D76-4D2B-BDE7-6061D18FCA04}.ReleaseWithSymbols|Any CPU.Build.0 = Release|Any CPU
		{0D32D6C4-4D76-4D2B-BDE7-6061D18FCA04}.ReleaseWithSymbols|x64.ActiveCfg = Release|Any CPU
		{0D32D6C4-4D76-4D2B-BDE7-6061D18FCA04}.ReleaseWithSymbols|x64.Build.0 = Release|Any CPU
		{0D32D6C4-4D76-4D2B-BDE7-6061D18FCA04}.ReleaseWithSymbols|x86.ActiveCfg = Release|Any CPU
		{0D32D6C4-4D76-4D2B-BDE7-6061D18FCA04}.ReleaseWithSymbols|x86.Build.0 = Release|Any CPU
		{902D95B5-10A9-4EBE-9DBD-DDB78375551B}.Debug|Any CPU.ActiveCfg = Debug|Any CPU
		{902D95B5-10A9-4EBE-9DBD-DDB78375551B}.Debug|Any CPU.Build.0 = Debug|Any CPU
		{902D95B5-10A9-4EBE-9DBD-DDB78375551B}.Debug|x64.ActiveCfg = Debug|Any CPU
		{902D95B5-10A9-4EBE-9DBD-DDB78375551B}.Debug|x64.Build.0 = Debug|Any CPU
		{902D95B5-10A9-4EBE-9DBD-DDB78375551B}.Debug|x86.ActiveCfg = Debug|Any CPU
		{902D95B5-10A9-4EBE-9DBD-DDB78375551B}.Debug|x86.Build.0 = Debug|Any CPU
		{902D95B5-10A9-4EBE-9DBD-DDB78375551B}.Release|Any CPU.ActiveCfg = Release|Any CPU
		{902D95B5-10A9-4EBE-9DBD-DDB78375551B}.Release|Any CPU.Build.0 = Release|Any CPU
		{902D95B5-10A9-4EBE-9DBD-DDB78375551B}.Release|x64.ActiveCfg = Release|Any CPU
		{902D95B5-10A9-4EBE-9DBD-DDB78375551B}.Release|x64.Build.0 = Release|Any CPU
		{902D95B5-10A9-4EBE-9DBD-DDB78375551B}.Release|x86.ActiveCfg = Release|Any CPU
		{902D95B5-10A9-4EBE-9DBD-DDB78375551B}.Release|x86.Build.0 = Release|Any CPU
		{902D95B5-10A9-4EBE-9DBD-DDB78375551B}.ReleaseWithSymbols|Any CPU.ActiveCfg = Release|Any CPU
		{902D95B5-10A9-4EBE-9DBD-DDB78375551B}.ReleaseWithSymbols|Any CPU.Build.0 = Release|Any CPU
		{902D95B5-10A9-4EBE-9DBD-DDB78375551B}.ReleaseWithSymbols|x64.ActiveCfg = Release|Any CPU
		{902D95B5-10A9-4EBE-9DBD-DDB78375551B}.ReleaseWithSymbols|x64.Build.0 = Release|Any CPU
		{902D95B5-10A9-4EBE-9DBD-DDB78375551B}.ReleaseWithSymbols|x86.ActiveCfg = Release|Any CPU
		{902D95B5-10A9-4EBE-9DBD-DDB78375551B}.ReleaseWithSymbols|x86.Build.0 = Release|Any CPU
		{2B2E3C2E-BE56-466C-98F3-6F9BFA82B213}.Debug|Any CPU.ActiveCfg = Debug|Any CPU
		{2B2E3C2E-BE56-466C-98F3-6F9BFA82B213}.Debug|Any CPU.Build.0 = Debug|Any CPU
		{2B2E3C2E-BE56-466C-98F3-6F9BFA82B213}.Debug|x64.ActiveCfg = Debug|Any CPU
		{2B2E3C2E-BE56-466C-98F3-6F9BFA82B213}.Debug|x64.Build.0 = Debug|Any CPU
		{2B2E3C2E-BE56-466C-98F3-6F9BFA82B213}.Debug|x86.ActiveCfg = Debug|Any CPU
		{2B2E3C2E-BE56-466C-98F3-6F9BFA82B213}.Debug|x86.Build.0 = Debug|Any CPU
		{2B2E3C2E-BE56-466C-98F3-6F9BFA82B213}.Release|Any CPU.ActiveCfg = Release|Any CPU
		{2B2E3C2E-BE56-466C-98F3-6F9BFA82B213}.Release|Any CPU.Build.0 = Release|Any CPU
		{2B2E3C2E-BE56-466C-98F3-6F9BFA82B213}.Release|x64.ActiveCfg = Release|Any CPU
		{2B2E3C2E-BE56-466C-98F3-6F9BFA82B213}.Release|x64.Build.0 = Release|Any CPU
		{2B2E3C2E-BE56-466C-98F3-6F9BFA82B213}.Release|x86.ActiveCfg = Release|Any CPU
		{2B2E3C2E-BE56-466C-98F3-6F9BFA82B213}.Release|x86.Build.0 = Release|Any CPU
		{2B2E3C2E-BE56-466C-98F3-6F9BFA82B213}.ReleaseWithSymbols|Any CPU.ActiveCfg = Release|Any CPU
		{2B2E3C2E-BE56-466C-98F3-6F9BFA82B213}.ReleaseWithSymbols|Any CPU.Build.0 = Release|Any CPU
		{2B2E3C2E-BE56-466C-98F3-6F9BFA82B213}.ReleaseWithSymbols|x64.ActiveCfg = Release|Any CPU
		{2B2E3C2E-BE56-466C-98F3-6F9BFA82B213}.ReleaseWithSymbols|x64.Build.0 = Release|Any CPU
		{2B2E3C2E-BE56-466C-98F3-6F9BFA82B213}.ReleaseWithSymbols|x86.ActiveCfg = Release|Any CPU
		{2B2E3C2E-BE56-466C-98F3-6F9BFA82B213}.ReleaseWithSymbols|x86.Build.0 = Release|Any CPU
		{09B914FB-7176-48E1-9B32-D84C8223CBCC}.Debug|Any CPU.ActiveCfg = Debug|Any CPU
		{09B914FB-7176-48E1-9B32-D84C8223CBCC}.Debug|Any CPU.Build.0 = Debug|Any CPU
		{09B914FB-7176-48E1-9B32-D84C8223CBCC}.Debug|x64.ActiveCfg = Debug|Any CPU
		{09B914FB-7176-48E1-9B32-D84C8223CBCC}.Debug|x64.Build.0 = Debug|Any CPU
		{09B914FB-7176-48E1-9B32-D84C8223CBCC}.Debug|x86.ActiveCfg = Debug|Any CPU
		{09B914FB-7176-48E1-9B32-D84C8223CBCC}.Debug|x86.Build.0 = Debug|Any CPU
		{09B914FB-7176-48E1-9B32-D84C8223CBCC}.Release|Any CPU.ActiveCfg = Release|Any CPU
		{09B914FB-7176-48E1-9B32-D84C8223CBCC}.Release|Any CPU.Build.0 = Release|Any CPU
		{09B914FB-7176-48E1-9B32-D84C8223CBCC}.Release|x64.ActiveCfg = Release|Any CPU
		{09B914FB-7176-48E1-9B32-D84C8223CBCC}.Release|x64.Build.0 = Release|Any CPU
		{09B914FB-7176-48E1-9B32-D84C8223CBCC}.Release|x86.ActiveCfg = Release|Any CPU
		{09B914FB-7176-48E1-9B32-D84C8223CBCC}.Release|x86.Build.0 = Release|Any CPU
		{09B914FB-7176-48E1-9B32-D84C8223CBCC}.ReleaseWithSymbols|Any CPU.ActiveCfg = Release|Any CPU
		{09B914FB-7176-48E1-9B32-D84C8223CBCC}.ReleaseWithSymbols|Any CPU.Build.0 = Release|Any CPU
		{09B914FB-7176-48E1-9B32-D84C8223CBCC}.ReleaseWithSymbols|x64.ActiveCfg = Release|Any CPU
		{09B914FB-7176-48E1-9B32-D84C8223CBCC}.ReleaseWithSymbols|x64.Build.0 = Release|Any CPU
		{09B914FB-7176-48E1-9B32-D84C8223CBCC}.ReleaseWithSymbols|x86.ActiveCfg = Release|Any CPU
		{09B914FB-7176-48E1-9B32-D84C8223CBCC}.ReleaseWithSymbols|x86.Build.0 = Release|Any CPU
		{6AB21366-0BBD-44C9-84BC-360E7A31383A}.Debug|Any CPU.ActiveCfg = Debug|Any CPU
		{6AB21366-0BBD-44C9-84BC-360E7A31383A}.Debug|Any CPU.Build.0 = Debug|Any CPU
		{6AB21366-0BBD-44C9-84BC-360E7A31383A}.Debug|x64.ActiveCfg = Debug|Any CPU
		{6AB21366-0BBD-44C9-84BC-360E7A31383A}.Debug|x64.Build.0 = Debug|Any CPU
		{6AB21366-0BBD-44C9-84BC-360E7A31383A}.Debug|x86.ActiveCfg = Debug|Any CPU
		{6AB21366-0BBD-44C9-84BC-360E7A31383A}.Debug|x86.Build.0 = Debug|Any CPU
		{6AB21366-0BBD-44C9-84BC-360E7A31383A}.Release|Any CPU.ActiveCfg = Release|Any CPU
		{6AB21366-0BBD-44C9-84BC-360E7A31383A}.Release|Any CPU.Build.0 = Release|Any CPU
		{6AB21366-0BBD-44C9-84BC-360E7A31383A}.Release|x64.ActiveCfg = Release|Any CPU
		{6AB21366-0BBD-44C9-84BC-360E7A31383A}.Release|x64.Build.0 = Release|Any CPU
		{6AB21366-0BBD-44C9-84BC-360E7A31383A}.Release|x86.ActiveCfg = Release|Any CPU
		{6AB21366-0BBD-44C9-84BC-360E7A31383A}.Release|x86.Build.0 = Release|Any CPU
		{6AB21366-0BBD-44C9-84BC-360E7A31383A}.ReleaseWithSymbols|Any CPU.ActiveCfg = Release|Any CPU
		{6AB21366-0BBD-44C9-84BC-360E7A31383A}.ReleaseWithSymbols|Any CPU.Build.0 = Release|Any CPU
		{6AB21366-0BBD-44C9-84BC-360E7A31383A}.ReleaseWithSymbols|x64.ActiveCfg = Release|Any CPU
		{6AB21366-0BBD-44C9-84BC-360E7A31383A}.ReleaseWithSymbols|x64.Build.0 = Release|Any CPU
		{6AB21366-0BBD-44C9-84BC-360E7A31383A}.ReleaseWithSymbols|x86.ActiveCfg = Release|Any CPU
		{6AB21366-0BBD-44C9-84BC-360E7A31383A}.ReleaseWithSymbols|x86.Build.0 = Release|Any CPU
		{6DF25A4D-1930-4C7B-8A6E-4AAC68E4A7BA}.Debug|Any CPU.ActiveCfg = Debug|Any CPU
		{6DF25A4D-1930-4C7B-8A6E-4AAC68E4A7BA}.Debug|Any CPU.Build.0 = Debug|Any CPU
		{6DF25A4D-1930-4C7B-8A6E-4AAC68E4A7BA}.Debug|x64.ActiveCfg = Debug|Any CPU
		{6DF25A4D-1930-4C7B-8A6E-4AAC68E4A7BA}.Debug|x64.Build.0 = Debug|Any CPU
		{6DF25A4D-1930-4C7B-8A6E-4AAC68E4A7BA}.Debug|x86.ActiveCfg = Debug|Any CPU
		{6DF25A4D-1930-4C7B-8A6E-4AAC68E4A7BA}.Debug|x86.Build.0 = Debug|Any CPU
		{6DF25A4D-1930-4C7B-8A6E-4AAC68E4A7BA}.Release|Any CPU.ActiveCfg = Release|Any CPU
		{6DF25A4D-1930-4C7B-8A6E-4AAC68E4A7BA}.Release|Any CPU.Build.0 = Release|Any CPU
		{6DF25A4D-1930-4C7B-8A6E-4AAC68E4A7BA}.Release|x64.ActiveCfg = Release|Any CPU
		{6DF25A4D-1930-4C7B-8A6E-4AAC68E4A7BA}.Release|x64.Build.0 = Release|Any CPU
		{6DF25A4D-1930-4C7B-8A6E-4AAC68E4A7BA}.Release|x86.ActiveCfg = Release|Any CPU
		{6DF25A4D-1930-4C7B-8A6E-4AAC68E4A7BA}.Release|x86.Build.0 = Release|Any CPU
		{6DF25A4D-1930-4C7B-8A6E-4AAC68E4A7BA}.ReleaseWithSymbols|Any CPU.ActiveCfg = Release|Any CPU
		{6DF25A4D-1930-4C7B-8A6E-4AAC68E4A7BA}.ReleaseWithSymbols|Any CPU.Build.0 = Release|Any CPU
		{6DF25A4D-1930-4C7B-8A6E-4AAC68E4A7BA}.ReleaseWithSymbols|x64.ActiveCfg = Release|Any CPU
		{6DF25A4D-1930-4C7B-8A6E-4AAC68E4A7BA}.ReleaseWithSymbols|x64.Build.0 = Release|Any CPU
		{6DF25A4D-1930-4C7B-8A6E-4AAC68E4A7BA}.ReleaseWithSymbols|x86.ActiveCfg = Release|Any CPU
		{6DF25A4D-1930-4C7B-8A6E-4AAC68E4A7BA}.ReleaseWithSymbols|x86.Build.0 = Release|Any CPU
		{51B26A96-109D-49A7-8219-636D4BAA146B}.Debug|Any CPU.ActiveCfg = Debug|Any CPU
		{51B26A96-109D-49A7-8219-636D4BAA146B}.Debug|Any CPU.Build.0 = Debug|Any CPU
		{51B26A96-109D-49A7-8219-636D4BAA146B}.Debug|x64.ActiveCfg = Debug|Any CPU
		{51B26A96-109D-49A7-8219-636D4BAA146B}.Debug|x64.Build.0 = Debug|Any CPU
		{51B26A96-109D-49A7-8219-636D4BAA146B}.Debug|x86.ActiveCfg = Debug|Any CPU
		{51B26A96-109D-49A7-8219-636D4BAA146B}.Debug|x86.Build.0 = Debug|Any CPU
		{51B26A96-109D-49A7-8219-636D4BAA146B}.Release|Any CPU.ActiveCfg = Release|Any CPU
		{51B26A96-109D-49A7-8219-636D4BAA146B}.Release|Any CPU.Build.0 = Release|Any CPU
		{51B26A96-109D-49A7-8219-636D4BAA146B}.Release|x64.ActiveCfg = Release|Any CPU
		{51B26A96-109D-49A7-8219-636D4BAA146B}.Release|x64.Build.0 = Release|Any CPU
		{51B26A96-109D-49A7-8219-636D4BAA146B}.Release|x86.ActiveCfg = Release|Any CPU
		{51B26A96-109D-49A7-8219-636D4BAA146B}.Release|x86.Build.0 = Release|Any CPU
		{51B26A96-109D-49A7-8219-636D4BAA146B}.ReleaseWithSymbols|Any CPU.ActiveCfg = Release|Any CPU
		{51B26A96-109D-49A7-8219-636D4BAA146B}.ReleaseWithSymbols|Any CPU.Build.0 = Release|Any CPU
		{51B26A96-109D-49A7-8219-636D4BAA146B}.ReleaseWithSymbols|x64.ActiveCfg = Release|Any CPU
		{51B26A96-109D-49A7-8219-636D4BAA146B}.ReleaseWithSymbols|x64.Build.0 = Release|Any CPU
		{51B26A96-109D-49A7-8219-636D4BAA146B}.ReleaseWithSymbols|x86.ActiveCfg = Release|Any CPU
		{51B26A96-109D-49A7-8219-636D4BAA146B}.ReleaseWithSymbols|x86.Build.0 = Release|Any CPU
		{F89734AB-4604-45FA-B17E-B6D040FA51B6}.Debug|Any CPU.ActiveCfg = Debug|Any CPU
		{F89734AB-4604-45FA-B17E-B6D040FA51B6}.Debug|Any CPU.Build.0 = Debug|Any CPU
		{F89734AB-4604-45FA-B17E-B6D040FA51B6}.Debug|x64.ActiveCfg = Debug|Any CPU
		{F89734AB-4604-45FA-B17E-B6D040FA51B6}.Debug|x64.Build.0 = Debug|Any CPU
		{F89734AB-4604-45FA-B17E-B6D040FA51B6}.Debug|x86.ActiveCfg = Debug|Any CPU
		{F89734AB-4604-45FA-B17E-B6D040FA51B6}.Debug|x86.Build.0 = Debug|Any CPU
		{F89734AB-4604-45FA-B17E-B6D040FA51B6}.Release|Any CPU.ActiveCfg = Release|Any CPU
		{F89734AB-4604-45FA-B17E-B6D040FA51B6}.Release|Any CPU.Build.0 = Release|Any CPU
		{F89734AB-4604-45FA-B17E-B6D040FA51B6}.Release|x64.ActiveCfg = Release|Any CPU
		{F89734AB-4604-45FA-B17E-B6D040FA51B6}.Release|x64.Build.0 = Release|Any CPU
		{F89734AB-4604-45FA-B17E-B6D040FA51B6}.Release|x86.ActiveCfg = Release|Any CPU
		{F89734AB-4604-45FA-B17E-B6D040FA51B6}.Release|x86.Build.0 = Release|Any CPU
		{F89734AB-4604-45FA-B17E-B6D040FA51B6}.ReleaseWithSymbols|Any CPU.ActiveCfg = Release|Any CPU
		{F89734AB-4604-45FA-B17E-B6D040FA51B6}.ReleaseWithSymbols|Any CPU.Build.0 = Release|Any CPU
		{F89734AB-4604-45FA-B17E-B6D040FA51B6}.ReleaseWithSymbols|x64.ActiveCfg = Release|Any CPU
		{F89734AB-4604-45FA-B17E-B6D040FA51B6}.ReleaseWithSymbols|x64.Build.0 = Release|Any CPU
		{F89734AB-4604-45FA-B17E-B6D040FA51B6}.ReleaseWithSymbols|x86.ActiveCfg = Release|Any CPU
		{F89734AB-4604-45FA-B17E-B6D040FA51B6}.ReleaseWithSymbols|x86.Build.0 = Release|Any CPU
	EndGlobalSection
	GlobalSection(SolutionProperties) = preSolution
		HideSolutionNode = FALSE
	EndGlobalSection
EndGlobal
