
Microsoft Visual Studio Solution File, Format Version 12.00
# Visual Studio 14
VisualStudioVersion = 14.0.25420.1
MinimumVisualStudioVersion = 10.0.40219.1
Project("{2150E333-8FDC-42A3-9474-1A3956D46DE8}") = "Solution Items", "Solution Items", "{137D9922-6FFD-4872-AA8A-D0B26B83BCA0}"
	ProjectSection(SolutionItems) = preProject
		LocalTestRun.testrunconfig = LocalTestRun.testrunconfig
		NGVV.vsmdi = NGVV.vsmdi
	EndProjectSection
EndProject
Project("{FAE04EC0-301F-11D3-BF4B-00C04F79EFBC}") = "VikingCore", "Viking\NGVV\VikingCore.csproj", "{AEB1B24B-C968-40F9-B9F5-5C1FCE2EFD6D}"
EndProject
Project("{FAE04EC0-301F-11D3-BF4B-00C04F79EFBC}") = "Geometry", "..\Geometry\Geometry.csproj", "{EACB87E8-A5E3-417E-A9EF-B80C2A68C020}"
EndProject
Project("{FAE04EC0-301F-11D3-BF4B-00C04F79EFBC}") = "GeometryTests", "..\GeometryTests\GeometryTests.csproj", "{5DE6C405-B488-4DAB-B18F-162979E084DD}"
EndProject
Project("{FAE04EC0-301F-11D3-BF4B-00C04F79EFBC}") = "Viking", "Viking\Viking\Viking.csproj", "{006AE0D6-265F-41B2-9D37-DED07E6279B4}"
	ProjectSection(ProjectDependencies) = postProject
		{7EDE0B00-89F9-4EF5-A629-2ED66CEE273B} = {7EDE0B00-89F9-4EF5-A629-2ED66CEE273B}
		{709A3C16-7218-4FF0-9A2D-6BF015C243BF} = {709A3C16-7218-4FF0-9A2D-6BF015C243BF}
		{598E0717-8413-4381-8F02-9A4D612B605A} = {598E0717-8413-4381-8F02-9A4D612B605A}
		{5000621A-D097-4E41-8457-AECD3B3CAD87} = {5000621A-D097-4E41-8457-AECD3B3CAD87}
		{3D353357-948C-4542-8E64-98C1A61D717B} = {3D353357-948C-4542-8E64-98C1A61D717B}
		{B35B0C61-EC9C-425A-846D-F160D5B12158} = {B35B0C61-EC9C-425A-846D-F160D5B12158}
		{4085BA67-60D7-4679-886E-457AAF37EC7B} = {4085BA67-60D7-4679-886E-457AAF37EC7B}
		{2EBA2A77-F7F0-4EFC-AC06-A12FE249388F} = {2EBA2A77-F7F0-4EFC-AC06-A12FE249388F}
		{49F7DDA5-1634-49ED-99FA-74962E43F2D2} = {49F7DDA5-1634-49ED-99FA-74962E43F2D2}
		{6702ADDA-3F8F-43D0-9C7E-1E7FDBBE983F} = {6702ADDA-3F8F-43D0-9C7E-1E7FDBBE983F}
		{EACB87E8-A5E3-417E-A9EF-B80C2A68C020} = {EACB87E8-A5E3-417E-A9EF-B80C2A68C020}
	EndProjectSection
EndProject
Project("{FAE04EC0-301F-11D3-BF4B-00C04F79EFBC}") = "VikingTests", "Viking\VikingTests\VikingTests.csproj", "{F5088C5A-C64D-4ECC-88A2-B286ABD9E4EE}"
EndProject
Project("{FAE04EC0-301F-11D3-BF4B-00C04F79EFBC}") = "WebAnnotation", "Viking\WebAnnotation\WebAnnotation.csproj", "{3D353357-948C-4542-8E64-98C1A61D717B}"
EndProject
Project("{FAE04EC0-301F-11D3-BF4B-00C04F79EFBC}") = "Measurement", "Viking\MeasurementExtension\Measurement.csproj", "{598E0717-8413-4381-8F02-9A4D612B605A}"
EndProject
Project("{FAE04EC0-301F-11D3-BF4B-00C04F79EFBC}") = "LocalBookmarks", "Viking\LocalBookmarks\LocalBookmarks.csproj", "{5000621A-D097-4E41-8457-AECD3B3CAD87}"
EndProject
Project("{FAE04EC0-301F-11D3-BF4B-00C04F79EFBC}") = "VolumeModel", "VolumeModel\VolumeModel.csproj", "{2EBA2A77-F7F0-4EFC-AC06-A12FE249388F}"
EndProject
Project("{FAE04EC0-301F-11D3-BF4B-00C04F79EFBC}") = "Common", "Common\Common.csproj", "{B35B0C61-EC9C-425A-846D-F160D5B12158}"
EndProject
Project("{FAE04EC0-301F-11D3-BF4B-00C04F79EFBC}") = "LocalBookmarksContent", "Viking\LocalBookmarks\Content\LocalBookmarksContent.contentproj", "{C8DE97A9-C4F2-4B6C-B794-BF1B8D025DD3}"
EndProject
Project("{FAE04EC0-301F-11D3-BF4B-00C04F79EFBC}") = "Utils", "..\Utils\Utils.csproj", "{49F7DDA5-1634-49ED-99FA-74962E43F2D2}"
EndProject
Project("{FAE04EC0-301F-11D3-BF4B-00C04F79EFBC}") = "WebAnnotationModel", "WebAnnotationModel\WebAnnotationModel.csproj", "{709A3C16-7218-4FF0-9A2D-6BF015C243BF}"
EndProject
Project("{FAE04EC0-301F-11D3-BF4B-00C04F79EFBC}") = "WebAnnotationModelTest", "WebAnnotationModelTest\WebAnnotationModelTest.csproj", "{A4B6452D-7C65-487C-B446-4F9F6742C1BC}"
EndProject
Project("{FAE04EC0-301F-11D3-BF4B-00C04F79EFBC}") = "RTree", "..\RTree\RTree.csproj", "{4085BA67-60D7-4679-886E-457AAF37EC7B}"
EndProject
Project("{FAE04EC0-301F-11D3-BF4B-00C04F79EFBC}") = "XNATestbed", "XNATestbed\XNATestbed\XNATestbed.csproj", "{6C72334D-F6C9-4BA5-AEB4-143B7BAB32CE}"
EndProject
Project("{FAE04EC0-301F-11D3-BF4B-00C04F79EFBC}") = "XNATestbedContent", "XNATestbed\XNATestbedContent\XNATestbedContent.contentproj", "{789EB871-5FD3-4174-896B-162B2AAAB9B2}"
EndProject
Project("{FAE04EC0-301F-11D3-BF4B-00C04F79EFBC}") = "VikingWPFUserControls", "VikingWPFUserControls\VikingWPFUserControls.csproj", "{4F62FCE1-3FCF-431B-9526-80B859131513}"
EndProject
Project("{FAE04EC0-301F-11D3-BF4B-00C04F79EFBC}") = "AnnotationVizLib", "..\AnnotationVizLib\AnnotationVizLib.csproj", "{A89A628B-3FFA-4271-B99A-E45C3D72D3E3}"
EndProject
Project("{FAE04EC0-301F-11D3-BF4B-00C04F79EFBC}") = "AnnotationVizLibTests", "..\AnnotationVizLibTests\AnnotationVizLibTests.csproj", "{B80BF900-A7CF-4A14-8A96-8C590A2435D4}"
EndProject
Project("{FAE04EC0-301F-11D3-BF4B-00C04F79EFBC}") = "GraphLib", "..\GraphLib\GraphLib.csproj", "{D6F219FC-733B-481F-BF78-D34A7CB893EC}"
EndProject
Project("{FAE04EC0-301F-11D3-BF4B-00C04F79EFBC}") = "ODataClient", "..\ODataClient\ODataClient.csproj", "{9DDB7C0E-1F00-4EFC-8D11-4BA6A00FB9B4}"
EndProject
Project("{FAE04EC0-301F-11D3-BF4B-00C04F79EFBC}") = "GraphLibTest", "..\GraphLibTest\GraphLibTest.csproj", "{C93E423F-C90F-47F9-A2CF-BFF3E3CF6896}"
EndProject
Project("{FAE04EC0-301F-11D3-BF4B-00C04F79EFBC}") = "SqlGeometryUtils", "..\SqlGeometryUtils\SqlGeometryUtils.csproj", "{6702ADDA-3F8F-43D0-9C7E-1E7FDBBE983F}"
EndProject
Project("{FAE04EC0-301F-11D3-BF4B-00C04F79EFBC}") = "SqlGeometryUtilsTest", "..\SqlGeometryUtilsTest\SqlGeometryUtilsTest.csproj", "{E4C80E39-8E55-4528-AE09-1558CCBD846B}"
EndProject
Project("{FAE04EC0-301F-11D3-BF4B-00C04F79EFBC}") = "VikingAU", "VikingAU\VikingAU.csproj", "{DA7E55C0-4F44-40D0-BB74-979571676D86}"
EndProject
Project("{FAE04EC0-301F-11D3-BF4B-00C04F79EFBC}") = "VikingXNAWinForms", "Viking\VikingXNAWinForms\VikingXNAWinForms.csproj", "{8E2F9EAC-3B70-46FE-B8D6-7A04B9D183B9}"
EndProject
Project("{FAE04EC0-301F-11D3-BF4B-00C04F79EFBC}") = "AnnotationVizLibWCFClient", "..\AnnotationVizLibWCFClient\AnnotationVizLibWCFClient.csproj", "{902D95B5-10A9-4EBE-9DBD-DDB78375551B}"
EndProject
Project("{FAE04EC0-301F-11D3-BF4B-00C04F79EFBC}") = "AnnotationVizLibODataClient", "..\AnnotationVizLibODataClient\AnnotationVizLibODataClient.csproj", "{FF2C1828-20CA-47C0-9B69-85694CCCECD3}"
EndProject
Project("{FAE04EC0-301F-11D3-BF4B-00C04F79EFBC}") = "AnnotationVizLibSimpleODataClient", "..\AnnotationVizLibSimpleODataClient\AnnotationVizLibSimpleODataClient.csproj", "{B3A4F95D-A8AC-4094-9DDA-22DC972D7E5D}"
EndProject
Project("{FAE04EC0-301F-11D3-BF4B-00C04F79EFBC}") = "VikingXNAGraphics", "MonogameXNAGraphicsShared\VikingXNAGraphics.csproj", "{7EDE0B00-89F9-4EF5-A629-2ED66CEE273B}"
EndProject
Project("{FAE04EC0-301F-11D3-BF4B-00C04F79EFBC}") = "VikingXNAGraphicsContent", "MonogameXNAGraphicsShared\XNAContent\VikingXNAGraphicsContent.contentproj", "{3B195345-13D5-4E0A-95EC-FC95501FD066}"
EndProject
Project("{FAE04EC0-301F-11D3-BF4B-00C04F79EFBC}") = "Triangle", "..\Triangle.NET\Triangle\Triangle.csproj", "{F7907A0A-B75F-400B-9E78-BFAD00DB4D6B}"
EndProject
Project("{FAE04EC0-301F-11D3-BF4B-00C04F79EFBC}") = "AnnotationServiceTypes", "..\AnnotationServiceTypes\AnnotationServiceTypes.csproj", "{55FF8936-D9BC-4AC6-AA29-FC0D7A7640EC}"
EndProject
Global
	GlobalSection(Performance) = preSolution
		HasPerformanceSessions = true
	EndGlobalSection
	GlobalSection(SolutionConfigurationPlatforms) = preSolution
		Debug|Any CPU = Debug|Any CPU
		Debug|Mixed Platforms = Debug|Mixed Platforms
		Debug|x86 = Debug|x86
		Release|Any CPU = Release|Any CPU
		Release|Mixed Platforms = Release|Mixed Platforms
		Release|x86 = Release|x86
		ReleaseWithSymbols|Any CPU = ReleaseWithSymbols|Any CPU
		ReleaseWithSymbols|Mixed Platforms = ReleaseWithSymbols|Mixed Platforms
		ReleaseWithSymbols|x86 = ReleaseWithSymbols|x86
	EndGlobalSection
	GlobalSection(ProjectConfigurationPlatforms) = postSolution
		{AEB1B24B-C968-40F9-B9F5-5C1FCE2EFD6D}.Debug|Any CPU.ActiveCfg = Debug|Any CPU
		{AEB1B24B-C968-40F9-B9F5-5C1FCE2EFD6D}.Debug|Any CPU.Build.0 = Debug|Any CPU
		{AEB1B24B-C968-40F9-B9F5-5C1FCE2EFD6D}.Debug|Mixed Platforms.ActiveCfg = Debug|Any CPU
		{AEB1B24B-C968-40F9-B9F5-5C1FCE2EFD6D}.Debug|Mixed Platforms.Build.0 = Debug|Any CPU
		{AEB1B24B-C968-40F9-B9F5-5C1FCE2EFD6D}.Debug|x86.ActiveCfg = Debug|x86
		{AEB1B24B-C968-40F9-B9F5-5C1FCE2EFD6D}.Debug|x86.Build.0 = Debug|x86
		{AEB1B24B-C968-40F9-B9F5-5C1FCE2EFD6D}.Release|Any CPU.ActiveCfg = Release|Any CPU
		{AEB1B24B-C968-40F9-B9F5-5C1FCE2EFD6D}.Release|Any CPU.Build.0 = Release|Any CPU
		{AEB1B24B-C968-40F9-B9F5-5C1FCE2EFD6D}.Release|Mixed Platforms.ActiveCfg = Release|Any CPU
		{AEB1B24B-C968-40F9-B9F5-5C1FCE2EFD6D}.Release|Mixed Platforms.Build.0 = Release|Any CPU
		{AEB1B24B-C968-40F9-B9F5-5C1FCE2EFD6D}.Release|x86.ActiveCfg = Release|x86
		{AEB1B24B-C968-40F9-B9F5-5C1FCE2EFD6D}.Release|x86.Build.0 = Release|x86
		{AEB1B24B-C968-40F9-B9F5-5C1FCE2EFD6D}.ReleaseWithSymbols|Any CPU.ActiveCfg = ReleaseWithSymbols|Any CPU
		{AEB1B24B-C968-40F9-B9F5-5C1FCE2EFD6D}.ReleaseWithSymbols|Any CPU.Build.0 = ReleaseWithSymbols|Any CPU
		{AEB1B24B-C968-40F9-B9F5-5C1FCE2EFD6D}.ReleaseWithSymbols|Mixed Platforms.ActiveCfg = ReleaseWithSymbols|x86
		{AEB1B24B-C968-40F9-B9F5-5C1FCE2EFD6D}.ReleaseWithSymbols|Mixed Platforms.Build.0 = ReleaseWithSymbols|x86
		{AEB1B24B-C968-40F9-B9F5-5C1FCE2EFD6D}.ReleaseWithSymbols|x86.ActiveCfg = ReleaseWithSymbols|x86
		{AEB1B24B-C968-40F9-B9F5-5C1FCE2EFD6D}.ReleaseWithSymbols|x86.Build.0 = ReleaseWithSymbols|x86
		{EACB87E8-A5E3-417E-A9EF-B80C2A68C020}.Debug|Any CPU.ActiveCfg = Debug|Any CPU
		{EACB87E8-A5E3-417E-A9EF-B80C2A68C020}.Debug|Any CPU.Build.0 = Debug|Any CPU
		{EACB87E8-A5E3-417E-A9EF-B80C2A68C020}.Debug|Mixed Platforms.ActiveCfg = Debug|Any CPU
		{EACB87E8-A5E3-417E-A9EF-B80C2A68C020}.Debug|Mixed Platforms.Build.0 = Debug|Any CPU
		{EACB87E8-A5E3-417E-A9EF-B80C2A68C020}.Debug|x86.ActiveCfg = Debug|Any CPU
		{EACB87E8-A5E3-417E-A9EF-B80C2A68C020}.Debug|x86.Build.0 = Debug|Any CPU
		{EACB87E8-A5E3-417E-A9EF-B80C2A68C020}.Release|Any CPU.ActiveCfg = Release|Any CPU
		{EACB87E8-A5E3-417E-A9EF-B80C2A68C020}.Release|Any CPU.Build.0 = Release|Any CPU
		{EACB87E8-A5E3-417E-A9EF-B80C2A68C020}.Release|Mixed Platforms.ActiveCfg = Release|Any CPU
		{EACB87E8-A5E3-417E-A9EF-B80C2A68C020}.Release|Mixed Platforms.Build.0 = Release|Any CPU
		{EACB87E8-A5E3-417E-A9EF-B80C2A68C020}.Release|x86.ActiveCfg = Release|Any CPU
		{EACB87E8-A5E3-417E-A9EF-B80C2A68C020}.Release|x86.Build.0 = Release|Any CPU
		{EACB87E8-A5E3-417E-A9EF-B80C2A68C020}.ReleaseWithSymbols|Any CPU.ActiveCfg = ReleaseWithSymbols|Any CPU
		{EACB87E8-A5E3-417E-A9EF-B80C2A68C020}.ReleaseWithSymbols|Any CPU.Build.0 = ReleaseWithSymbols|Any CPU
		{EACB87E8-A5E3-417E-A9EF-B80C2A68C020}.ReleaseWithSymbols|Mixed Platforms.ActiveCfg = ReleaseWithSymbols|Any CPU
		{EACB87E8-A5E3-417E-A9EF-B80C2A68C020}.ReleaseWithSymbols|Mixed Platforms.Build.0 = ReleaseWithSymbols|Any CPU
		{EACB87E8-A5E3-417E-A9EF-B80C2A68C020}.ReleaseWithSymbols|x86.ActiveCfg = ReleaseWithSymbols|Any CPU
		{5DE6C405-B488-4DAB-B18F-162979E084DD}.Debug|Any CPU.ActiveCfg = Debug|Any CPU
		{5DE6C405-B488-4DAB-B18F-162979E084DD}.Debug|Any CPU.Build.0 = Debug|Any CPU
		{5DE6C405-B488-4DAB-B18F-162979E084DD}.Debug|Mixed Platforms.ActiveCfg = Debug|Any CPU
		{5DE6C405-B488-4DAB-B18F-162979E084DD}.Debug|Mixed Platforms.Build.0 = Debug|Any CPU
		{5DE6C405-B488-4DAB-B18F-162979E084DD}.Debug|x86.ActiveCfg = Debug|Any CPU
		{5DE6C405-B488-4DAB-B18F-162979E084DD}.Debug|x86.Build.0 = Debug|Any CPU
		{5DE6C405-B488-4DAB-B18F-162979E084DD}.Release|Any CPU.ActiveCfg = Release|Any CPU
		{5DE6C405-B488-4DAB-B18F-162979E084DD}.Release|Any CPU.Build.0 = Release|Any CPU
		{5DE6C405-B488-4DAB-B18F-162979E084DD}.Release|Mixed Platforms.ActiveCfg = Release|Any CPU
		{5DE6C405-B488-4DAB-B18F-162979E084DD}.Release|Mixed Platforms.Build.0 = Release|Any CPU
		{5DE6C405-B488-4DAB-B18F-162979E084DD}.Release|x86.ActiveCfg = Release|Any CPU
		{5DE6C405-B488-4DAB-B18F-162979E084DD}.Release|x86.Build.0 = Release|Any CPU
		{5DE6C405-B488-4DAB-B18F-162979E084DD}.ReleaseWithSymbols|Any CPU.ActiveCfg = ReleaseWithSymbols|Any CPU
		{5DE6C405-B488-4DAB-B18F-162979E084DD}.ReleaseWithSymbols|Any CPU.Build.0 = ReleaseWithSymbols|Any CPU
		{5DE6C405-B488-4DAB-B18F-162979E084DD}.ReleaseWithSymbols|Mixed Platforms.ActiveCfg = ReleaseWithSymbols|Any CPU
		{5DE6C405-B488-4DAB-B18F-162979E084DD}.ReleaseWithSymbols|Mixed Platforms.Build.0 = ReleaseWithSymbols|Any CPU
		{5DE6C405-B488-4DAB-B18F-162979E084DD}.ReleaseWithSymbols|x86.ActiveCfg = ReleaseWithSymbols|Any CPU
		{006AE0D6-265F-41B2-9D37-DED07E6279B4}.Debug|Any CPU.ActiveCfg = Debug|Any CPU
		{006AE0D6-265F-41B2-9D37-DED07E6279B4}.Debug|Any CPU.Build.0 = Debug|Any CPU
		{006AE0D6-265F-41B2-9D37-DED07E6279B4}.Debug|Mixed Platforms.ActiveCfg = Debug|Any CPU
		{006AE0D6-265F-41B2-9D37-DED07E6279B4}.Debug|Mixed Platforms.Build.0 = Debug|Any CPU
		{006AE0D6-265F-41B2-9D37-DED07E6279B4}.Debug|x86.ActiveCfg = Debug|Any CPU
		{006AE0D6-265F-41B2-9D37-DED07E6279B4}.Debug|x86.Build.0 = Debug|Any CPU
		{006AE0D6-265F-41B2-9D37-DED07E6279B4}.Release|Any CPU.ActiveCfg = Release|Any CPU
		{006AE0D6-265F-41B2-9D37-DED07E6279B4}.Release|Any CPU.Build.0 = Release|Any CPU
		{006AE0D6-265F-41B2-9D37-DED07E6279B4}.Release|Mixed Platforms.ActiveCfg = Release|Any CPU
		{006AE0D6-265F-41B2-9D37-DED07E6279B4}.Release|Mixed Platforms.Build.0 = Release|Any CPU
		{006AE0D6-265F-41B2-9D37-DED07E6279B4}.Release|x86.ActiveCfg = Release|Any CPU
		{006AE0D6-265F-41B2-9D37-DED07E6279B4}.Release|x86.Build.0 = Release|Any CPU
		{006AE0D6-265F-41B2-9D37-DED07E6279B4}.ReleaseWithSymbols|Any CPU.ActiveCfg = ReleaseWithSymbols|Any CPU
		{006AE0D6-265F-41B2-9D37-DED07E6279B4}.ReleaseWithSymbols|Any CPU.Build.0 = ReleaseWithSymbols|Any CPU
		{006AE0D6-265F-41B2-9D37-DED07E6279B4}.ReleaseWithSymbols|Mixed Platforms.ActiveCfg = ReleaseWithSymbols|Any CPU
		{006AE0D6-265F-41B2-9D37-DED07E6279B4}.ReleaseWithSymbols|Mixed Platforms.Build.0 = ReleaseWithSymbols|Any CPU
		{006AE0D6-265F-41B2-9D37-DED07E6279B4}.ReleaseWithSymbols|x86.ActiveCfg = ReleaseWithSymbols|Any CPU
		{F5088C5A-C64D-4ECC-88A2-B286ABD9E4EE}.Debug|Any CPU.ActiveCfg = Debug|Any CPU
		{F5088C5A-C64D-4ECC-88A2-B286ABD9E4EE}.Debug|Any CPU.Build.0 = Debug|Any CPU
		{F5088C5A-C64D-4ECC-88A2-B286ABD9E4EE}.Debug|Mixed Platforms.ActiveCfg = Debug|Any CPU
		{F5088C5A-C64D-4ECC-88A2-B286ABD9E4EE}.Debug|Mixed Platforms.Build.0 = Debug|Any CPU
		{F5088C5A-C64D-4ECC-88A2-B286ABD9E4EE}.Debug|x86.ActiveCfg = Debug|Any CPU
		{F5088C5A-C64D-4ECC-88A2-B286ABD9E4EE}.Debug|x86.Build.0 = Debug|Any CPU
		{F5088C5A-C64D-4ECC-88A2-B286ABD9E4EE}.Release|Any CPU.ActiveCfg = Release|Any CPU
		{F5088C5A-C64D-4ECC-88A2-B286ABD9E4EE}.Release|Any CPU.Build.0 = Release|Any CPU
		{F5088C5A-C64D-4ECC-88A2-B286ABD9E4EE}.Release|Mixed Platforms.ActiveCfg = Release|Any CPU
		{F5088C5A-C64D-4ECC-88A2-B286ABD9E4EE}.Release|Mixed Platforms.Build.0 = Release|Any CPU
		{F5088C5A-C64D-4ECC-88A2-B286ABD9E4EE}.Release|x86.ActiveCfg = Release|Any CPU
		{F5088C5A-C64D-4ECC-88A2-B286ABD9E4EE}.Release|x86.Build.0 = Release|Any CPU
		{F5088C5A-C64D-4ECC-88A2-B286ABD9E4EE}.ReleaseWithSymbols|Any CPU.ActiveCfg = Release|Any CPU
		{F5088C5A-C64D-4ECC-88A2-B286ABD9E4EE}.ReleaseWithSymbols|Mixed Platforms.ActiveCfg = Release|Any CPU
		{F5088C5A-C64D-4ECC-88A2-B286ABD9E4EE}.ReleaseWithSymbols|x86.ActiveCfg = Release|Any CPU
		{3D353357-948C-4542-8E64-98C1A61D717B}.Debug|Any CPU.ActiveCfg = Debug|Any CPU
		{3D353357-948C-4542-8E64-98C1A61D717B}.Debug|Any CPU.Build.0 = Debug|Any CPU
		{3D353357-948C-4542-8E64-98C1A61D717B}.Debug|Mixed Platforms.ActiveCfg = Debug|Any CPU
		{3D353357-948C-4542-8E64-98C1A61D717B}.Debug|Mixed Platforms.Build.0 = Debug|Any CPU
		{3D353357-948C-4542-8E64-98C1A61D717B}.Debug|x86.ActiveCfg = Debug|Any CPU
		{3D353357-948C-4542-8E64-98C1A61D717B}.Debug|x86.Build.0 = Debug|Any CPU
		{3D353357-948C-4542-8E64-98C1A61D717B}.Release|Any CPU.ActiveCfg = Release|Any CPU
		{3D353357-948C-4542-8E64-98C1A61D717B}.Release|Any CPU.Build.0 = Release|Any CPU
		{3D353357-948C-4542-8E64-98C1A61D717B}.Release|Mixed Platforms.ActiveCfg = Release|Any CPU
		{3D353357-948C-4542-8E64-98C1A61D717B}.Release|Mixed Platforms.Build.0 = Release|Any CPU
		{3D353357-948C-4542-8E64-98C1A61D717B}.Release|x86.ActiveCfg = Release|Any CPU
		{3D353357-948C-4542-8E64-98C1A61D717B}.Release|x86.Build.0 = Release|Any CPU
		{3D353357-948C-4542-8E64-98C1A61D717B}.ReleaseWithSymbols|Any CPU.ActiveCfg = ReleaseWithSymbols|Any CPU
		{3D353357-948C-4542-8E64-98C1A61D717B}.ReleaseWithSymbols|Any CPU.Build.0 = ReleaseWithSymbols|Any CPU
		{3D353357-948C-4542-8E64-98C1A61D717B}.ReleaseWithSymbols|Mixed Platforms.ActiveCfg = ReleaseWithSymbols|Any CPU
		{3D353357-948C-4542-8E64-98C1A61D717B}.ReleaseWithSymbols|Mixed Platforms.Build.0 = ReleaseWithSymbols|Any CPU
		{3D353357-948C-4542-8E64-98C1A61D717B}.ReleaseWithSymbols|x86.ActiveCfg = ReleaseWithSymbols|Any CPU
		{598E0717-8413-4381-8F02-9A4D612B605A}.Debug|Any CPU.ActiveCfg = Debug|Any CPU
		{598E0717-8413-4381-8F02-9A4D612B605A}.Debug|Any CPU.Build.0 = Debug|Any CPU
		{598E0717-8413-4381-8F02-9A4D612B605A}.Debug|Mixed Platforms.ActiveCfg = Debug|Any CPU
		{598E0717-8413-4381-8F02-9A4D612B605A}.Debug|Mixed Platforms.Build.0 = Debug|Any CPU
		{598E0717-8413-4381-8F02-9A4D612B605A}.Debug|x86.ActiveCfg = Debug|Any CPU
		{598E0717-8413-4381-8F02-9A4D612B605A}.Debug|x86.Build.0 = Debug|Any CPU
		{598E0717-8413-4381-8F02-9A4D612B605A}.Release|Any CPU.ActiveCfg = Release|Any CPU
		{598E0717-8413-4381-8F02-9A4D612B605A}.Release|Any CPU.Build.0 = Release|Any CPU
		{598E0717-8413-4381-8F02-9A4D612B605A}.Release|Mixed Platforms.ActiveCfg = Release|Any CPU
		{598E0717-8413-4381-8F02-9A4D612B605A}.Release|Mixed Platforms.Build.0 = Release|Any CPU
		{598E0717-8413-4381-8F02-9A4D612B605A}.Release|x86.ActiveCfg = Release|Any CPU
		{598E0717-8413-4381-8F02-9A4D612B605A}.Release|x86.Build.0 = Release|Any CPU
		{598E0717-8413-4381-8F02-9A4D612B605A}.ReleaseWithSymbols|Any CPU.ActiveCfg = ReleaseWithSymbols|Any CPU
		{598E0717-8413-4381-8F02-9A4D612B605A}.ReleaseWithSymbols|Any CPU.Build.0 = ReleaseWithSymbols|Any CPU
		{598E0717-8413-4381-8F02-9A4D612B605A}.ReleaseWithSymbols|Mixed Platforms.ActiveCfg = ReleaseWithSymbols|Any CPU
		{598E0717-8413-4381-8F02-9A4D612B605A}.ReleaseWithSymbols|Mixed Platforms.Build.0 = ReleaseWithSymbols|Any CPU
		{598E0717-8413-4381-8F02-9A4D612B605A}.ReleaseWithSymbols|x86.ActiveCfg = ReleaseWithSymbols|Any CPU
		{5000621A-D097-4E41-8457-AECD3B3CAD87}.Debug|Any CPU.ActiveCfg = Debug|x86
		{5000621A-D097-4E41-8457-AECD3B3CAD87}.Debug|Any CPU.Build.0 = Debug|x86
		{5000621A-D097-4E41-8457-AECD3B3CAD87}.Debug|Mixed Platforms.ActiveCfg = Debug|x86
		{5000621A-D097-4E41-8457-AECD3B3CAD87}.Debug|Mixed Platforms.Build.0 = Debug|x86
		{5000621A-D097-4E41-8457-AECD3B3CAD87}.Debug|x86.ActiveCfg = Debug|x86
		{5000621A-D097-4E41-8457-AECD3B3CAD87}.Debug|x86.Build.0 = Debug|x86
		{5000621A-D097-4E41-8457-AECD3B3CAD87}.Release|Any CPU.ActiveCfg = Release|x86
		{5000621A-D097-4E41-8457-AECD3B3CAD87}.Release|Any CPU.Build.0 = Release|x86
		{5000621A-D097-4E41-8457-AECD3B3CAD87}.Release|Mixed Platforms.ActiveCfg = Release|x86
		{5000621A-D097-4E41-8457-AECD3B3CAD87}.Release|Mixed Platforms.Build.0 = Release|x86
		{5000621A-D097-4E41-8457-AECD3B3CAD87}.Release|x86.ActiveCfg = Release|x86
		{5000621A-D097-4E41-8457-AECD3B3CAD87}.Release|x86.Build.0 = Release|x86
		{5000621A-D097-4E41-8457-AECD3B3CAD87}.ReleaseWithSymbols|Any CPU.ActiveCfg = ReleaseWithSymbols|x86
		{5000621A-D097-4E41-8457-AECD3B3CAD87}.ReleaseWithSymbols|Mixed Platforms.ActiveCfg = ReleaseWithSymbols|x86
		{5000621A-D097-4E41-8457-AECD3B3CAD87}.ReleaseWithSymbols|Mixed Platforms.Build.0 = ReleaseWithSymbols|x86
		{5000621A-D097-4E41-8457-AECD3B3CAD87}.ReleaseWithSymbols|x86.ActiveCfg = ReleaseWithSymbols|x86
		{5000621A-D097-4E41-8457-AECD3B3CAD87}.ReleaseWithSymbols|x86.Build.0 = ReleaseWithSymbols|x86
		{2EBA2A77-F7F0-4EFC-AC06-A12FE249388F}.Debug|Any CPU.ActiveCfg = Debug|Any CPU
		{2EBA2A77-F7F0-4EFC-AC06-A12FE249388F}.Debug|Any CPU.Build.0 = Debug|Any CPU
		{2EBA2A77-F7F0-4EFC-AC06-A12FE249388F}.Debug|Mixed Platforms.ActiveCfg = Debug|Any CPU
		{2EBA2A77-F7F0-4EFC-AC06-A12FE249388F}.Debug|Mixed Platforms.Build.0 = Debug|Any CPU
		{2EBA2A77-F7F0-4EFC-AC06-A12FE249388F}.Debug|x86.ActiveCfg = Debug|Any CPU
		{2EBA2A77-F7F0-4EFC-AC06-A12FE249388F}.Debug|x86.Build.0 = Debug|Any CPU
		{2EBA2A77-F7F0-4EFC-AC06-A12FE249388F}.Release|Any CPU.ActiveCfg = Release|Any CPU
		{2EBA2A77-F7F0-4EFC-AC06-A12FE249388F}.Release|Any CPU.Build.0 = Release|Any CPU
		{2EBA2A77-F7F0-4EFC-AC06-A12FE249388F}.Release|Mixed Platforms.ActiveCfg = Release|Any CPU
		{2EBA2A77-F7F0-4EFC-AC06-A12FE249388F}.Release|Mixed Platforms.Build.0 = Release|Any CPU
		{2EBA2A77-F7F0-4EFC-AC06-A12FE249388F}.Release|x86.ActiveCfg = Release|Any CPU
		{2EBA2A77-F7F0-4EFC-AC06-A12FE249388F}.Release|x86.Build.0 = Release|Any CPU
		{2EBA2A77-F7F0-4EFC-AC06-A12FE249388F}.ReleaseWithSymbols|Any CPU.ActiveCfg = ReleaseWithSymbols|Any CPU
		{2EBA2A77-F7F0-4EFC-AC06-A12FE249388F}.ReleaseWithSymbols|Any CPU.Build.0 = ReleaseWithSymbols|Any CPU
		{2EBA2A77-F7F0-4EFC-AC06-A12FE249388F}.ReleaseWithSymbols|Mixed Platforms.ActiveCfg = ReleaseWithSymbols|Any CPU
		{2EBA2A77-F7F0-4EFC-AC06-A12FE249388F}.ReleaseWithSymbols|Mixed Platforms.Build.0 = ReleaseWithSymbols|Any CPU
		{2EBA2A77-F7F0-4EFC-AC06-A12FE249388F}.ReleaseWithSymbols|x86.ActiveCfg = ReleaseWithSymbols|Any CPU
		{B35B0C61-EC9C-425A-846D-F160D5B12158}.Debug|Any CPU.ActiveCfg = Debug|Any CPU
		{B35B0C61-EC9C-425A-846D-F160D5B12158}.Debug|Any CPU.Build.0 = Debug|Any CPU
		{B35B0C61-EC9C-425A-846D-F160D5B12158}.Debug|Mixed Platforms.ActiveCfg = Debug|Any CPU
		{B35B0C61-EC9C-425A-846D-F160D5B12158}.Debug|Mixed Platforms.Build.0 = Debug|Any CPU
		{B35B0C61-EC9C-425A-846D-F160D5B12158}.Debug|x86.ActiveCfg = Debug|Any CPU
		{B35B0C61-EC9C-425A-846D-F160D5B12158}.Debug|x86.Build.0 = Debug|Any CPU
		{B35B0C61-EC9C-425A-846D-F160D5B12158}.Release|Any CPU.ActiveCfg = Release|Any CPU
		{B35B0C61-EC9C-425A-846D-F160D5B12158}.Release|Any CPU.Build.0 = Release|Any CPU
		{B35B0C61-EC9C-425A-846D-F160D5B12158}.Release|Mixed Platforms.ActiveCfg = Release|Any CPU
		{B35B0C61-EC9C-425A-846D-F160D5B12158}.Release|Mixed Platforms.Build.0 = Release|Any CPU
		{B35B0C61-EC9C-425A-846D-F160D5B12158}.Release|x86.ActiveCfg = Release|Any CPU
		{B35B0C61-EC9C-425A-846D-F160D5B12158}.Release|x86.Build.0 = Release|Any CPU
		{B35B0C61-EC9C-425A-846D-F160D5B12158}.ReleaseWithSymbols|Any CPU.ActiveCfg = ReleaseWithSymbols|Any CPU
		{B35B0C61-EC9C-425A-846D-F160D5B12158}.ReleaseWithSymbols|Any CPU.Build.0 = ReleaseWithSymbols|Any CPU
		{B35B0C61-EC9C-425A-846D-F160D5B12158}.ReleaseWithSymbols|Mixed Platforms.ActiveCfg = ReleaseWithSymbols|Any CPU
		{B35B0C61-EC9C-425A-846D-F160D5B12158}.ReleaseWithSymbols|Mixed Platforms.Build.0 = ReleaseWithSymbols|Any CPU
		{B35B0C61-EC9C-425A-846D-F160D5B12158}.ReleaseWithSymbols|x86.ActiveCfg = ReleaseWithSymbols|Any CPU
		{C8DE97A9-C4F2-4B6C-B794-BF1B8D025DD3}.Debug|Any CPU.ActiveCfg = Debug|x86
		{C8DE97A9-C4F2-4B6C-B794-BF1B8D025DD3}.Debug|Any CPU.Build.0 = Debug|x86
		{C8DE97A9-C4F2-4B6C-B794-BF1B8D025DD3}.Debug|Mixed Platforms.ActiveCfg = Debug|x86
		{C8DE97A9-C4F2-4B6C-B794-BF1B8D025DD3}.Debug|x86.ActiveCfg = Debug|x86
		{C8DE97A9-C4F2-4B6C-B794-BF1B8D025DD3}.Release|Any CPU.ActiveCfg = Release|x86
		{C8DE97A9-C4F2-4B6C-B794-BF1B8D025DD3}.Release|Mixed Platforms.ActiveCfg = Release|x86
		{C8DE97A9-C4F2-4B6C-B794-BF1B8D025DD3}.Release|x86.ActiveCfg = Release|x86
		{C8DE97A9-C4F2-4B6C-B794-BF1B8D025DD3}.ReleaseWithSymbols|Any CPU.ActiveCfg = Release|x86
		{C8DE97A9-C4F2-4B6C-B794-BF1B8D025DD3}.ReleaseWithSymbols|Mixed Platforms.ActiveCfg = Release|x86
		{C8DE97A9-C4F2-4B6C-B794-BF1B8D025DD3}.ReleaseWithSymbols|x86.ActiveCfg = Release|x86
		{49F7DDA5-1634-49ED-99FA-74962E43F2D2}.Debug|Any CPU.ActiveCfg = Debug|Any CPU
		{49F7DDA5-1634-49ED-99FA-74962E43F2D2}.Debug|Any CPU.Build.0 = Debug|Any CPU
		{49F7DDA5-1634-49ED-99FA-74962E43F2D2}.Debug|Mixed Platforms.ActiveCfg = Debug|Any CPU
		{49F7DDA5-1634-49ED-99FA-74962E43F2D2}.Debug|Mixed Platforms.Build.0 = Debug|Any CPU
		{49F7DDA5-1634-49ED-99FA-74962E43F2D2}.Debug|x86.ActiveCfg = Debug|Any CPU
		{49F7DDA5-1634-49ED-99FA-74962E43F2D2}.Debug|x86.Build.0 = Debug|Any CPU
		{49F7DDA5-1634-49ED-99FA-74962E43F2D2}.Release|Any CPU.ActiveCfg = Release|Any CPU
		{49F7DDA5-1634-49ED-99FA-74962E43F2D2}.Release|Any CPU.Build.0 = Release|Any CPU
		{49F7DDA5-1634-49ED-99FA-74962E43F2D2}.Release|Mixed Platforms.ActiveCfg = Release|Any CPU
		{49F7DDA5-1634-49ED-99FA-74962E43F2D2}.Release|Mixed Platforms.Build.0 = Release|Any CPU
		{49F7DDA5-1634-49ED-99FA-74962E43F2D2}.Release|x86.ActiveCfg = Release|Any CPU
		{49F7DDA5-1634-49ED-99FA-74962E43F2D2}.Release|x86.Build.0 = Release|Any CPU
		{49F7DDA5-1634-49ED-99FA-74962E43F2D2}.ReleaseWithSymbols|Any CPU.ActiveCfg = ReleaseWithSymbols|Any CPU
		{49F7DDA5-1634-49ED-99FA-74962E43F2D2}.ReleaseWithSymbols|Any CPU.Build.0 = ReleaseWithSymbols|Any CPU
		{49F7DDA5-1634-49ED-99FA-74962E43F2D2}.ReleaseWithSymbols|Mixed Platforms.ActiveCfg = ReleaseWithSymbols|Any CPU
		{49F7DDA5-1634-49ED-99FA-74962E43F2D2}.ReleaseWithSymbols|Mixed Platforms.Build.0 = ReleaseWithSymbols|Any CPU
		{49F7DDA5-1634-49ED-99FA-74962E43F2D2}.ReleaseWithSymbols|x86.ActiveCfg = ReleaseWithSymbols|Any CPU
		{709A3C16-7218-4FF0-9A2D-6BF015C243BF}.Debug|Any CPU.ActiveCfg = Debug|Any CPU
		{709A3C16-7218-4FF0-9A2D-6BF015C243BF}.Debug|Any CPU.Build.0 = Debug|Any CPU
		{709A3C16-7218-4FF0-9A2D-6BF015C243BF}.Debug|Mixed Platforms.ActiveCfg = Debug|Any CPU
		{709A3C16-7218-4FF0-9A2D-6BF015C243BF}.Debug|Mixed Platforms.Build.0 = Debug|Any CPU
		{709A3C16-7218-4FF0-9A2D-6BF015C243BF}.Debug|x86.ActiveCfg = Debug|Any CPU
		{709A3C16-7218-4FF0-9A2D-6BF015C243BF}.Debug|x86.Build.0 = Debug|Any CPU
		{709A3C16-7218-4FF0-9A2D-6BF015C243BF}.Release|Any CPU.ActiveCfg = Release|Any CPU
		{709A3C16-7218-4FF0-9A2D-6BF015C243BF}.Release|Any CPU.Build.0 = Release|Any CPU
		{709A3C16-7218-4FF0-9A2D-6BF015C243BF}.Release|Mixed Platforms.ActiveCfg = Release|Any CPU
		{709A3C16-7218-4FF0-9A2D-6BF015C243BF}.Release|Mixed Platforms.Build.0 = Release|Any CPU
		{709A3C16-7218-4FF0-9A2D-6BF015C243BF}.Release|x86.ActiveCfg = Release|Any CPU
		{709A3C16-7218-4FF0-9A2D-6BF015C243BF}.Release|x86.Build.0 = Release|Any CPU
		{709A3C16-7218-4FF0-9A2D-6BF015C243BF}.ReleaseWithSymbols|Any CPU.ActiveCfg = ReleaseWithSymbols|Any CPU
		{709A3C16-7218-4FF0-9A2D-6BF015C243BF}.ReleaseWithSymbols|Any CPU.Build.0 = ReleaseWithSymbols|Any CPU
		{709A3C16-7218-4FF0-9A2D-6BF015C243BF}.ReleaseWithSymbols|Mixed Platforms.ActiveCfg = ReleaseWithSymbols|Any CPU
		{709A3C16-7218-4FF0-9A2D-6BF015C243BF}.ReleaseWithSymbols|Mixed Platforms.Build.0 = ReleaseWithSymbols|Any CPU
		{709A3C16-7218-4FF0-9A2D-6BF015C243BF}.ReleaseWithSymbols|x86.ActiveCfg = ReleaseWithSymbols|Any CPU
		{A4B6452D-7C65-487C-B446-4F9F6742C1BC}.Debug|Any CPU.ActiveCfg = Debug|Any CPU
		{A4B6452D-7C65-487C-B446-4F9F6742C1BC}.Debug|Any CPU.Build.0 = Debug|Any CPU
		{A4B6452D-7C65-487C-B446-4F9F6742C1BC}.Debug|Mixed Platforms.ActiveCfg = Debug|Any CPU
		{A4B6452D-7C65-487C-B446-4F9F6742C1BC}.Debug|Mixed Platforms.Build.0 = Debug|Any CPU
		{A4B6452D-7C65-487C-B446-4F9F6742C1BC}.Debug|x86.ActiveCfg = Debug|Any CPU
		{A4B6452D-7C65-487C-B446-4F9F6742C1BC}.Release|Any CPU.ActiveCfg = Release|Any CPU
		{A4B6452D-7C65-487C-B446-4F9F6742C1BC}.Release|Any CPU.Build.0 = Release|Any CPU
		{A4B6452D-7C65-487C-B446-4F9F6742C1BC}.Release|Mixed Platforms.ActiveCfg = Release|Any CPU
		{A4B6452D-7C65-487C-B446-4F9F6742C1BC}.Release|Mixed Platforms.Build.0 = Release|Any CPU
		{A4B6452D-7C65-487C-B446-4F9F6742C1BC}.Release|x86.ActiveCfg = Release|Any CPU
		{A4B6452D-7C65-487C-B446-4F9F6742C1BC}.ReleaseWithSymbols|Any CPU.ActiveCfg = Release|Any CPU
		{A4B6452D-7C65-487C-B446-4F9F6742C1BC}.ReleaseWithSymbols|Any CPU.Build.0 = Release|Any CPU
		{A4B6452D-7C65-487C-B446-4F9F6742C1BC}.ReleaseWithSymbols|Mixed Platforms.ActiveCfg = Release|Any CPU
		{A4B6452D-7C65-487C-B446-4F9F6742C1BC}.ReleaseWithSymbols|Mixed Platforms.Build.0 = Release|Any CPU
		{A4B6452D-7C65-487C-B446-4F9F6742C1BC}.ReleaseWithSymbols|x86.ActiveCfg = Release|Any CPU
		{4085BA67-60D7-4679-886E-457AAF37EC7B}.Debug|Any CPU.ActiveCfg = Debug|Any CPU
		{4085BA67-60D7-4679-886E-457AAF37EC7B}.Debug|Any CPU.Build.0 = Debug|Any CPU
		{4085BA67-60D7-4679-886E-457AAF37EC7B}.Debug|Mixed Platforms.ActiveCfg = Debug|Any CPU
		{4085BA67-60D7-4679-886E-457AAF37EC7B}.Debug|Mixed Platforms.Build.0 = Debug|Any CPU
		{4085BA67-60D7-4679-886E-457AAF37EC7B}.Debug|x86.ActiveCfg = Debug|Any CPU
		{4085BA67-60D7-4679-886E-457AAF37EC7B}.Release|Any CPU.ActiveCfg = Release|Any CPU
		{4085BA67-60D7-4679-886E-457AAF37EC7B}.Release|Any CPU.Build.0 = Release|Any CPU
		{4085BA67-60D7-4679-886E-457AAF37EC7B}.Release|Mixed Platforms.ActiveCfg = Release|Any CPU
		{4085BA67-60D7-4679-886E-457AAF37EC7B}.Release|Mixed Platforms.Build.0 = Release|Any CPU
		{4085BA67-60D7-4679-886E-457AAF37EC7B}.Release|x86.ActiveCfg = Release|Any CPU
		{4085BA67-60D7-4679-886E-457AAF37EC7B}.ReleaseWithSymbols|Any CPU.ActiveCfg = Release|Any CPU
		{4085BA67-60D7-4679-886E-457AAF37EC7B}.ReleaseWithSymbols|Any CPU.Build.0 = Release|Any CPU
		{4085BA67-60D7-4679-886E-457AAF37EC7B}.ReleaseWithSymbols|Mixed Platforms.ActiveCfg = Release|Any CPU
		{4085BA67-60D7-4679-886E-457AAF37EC7B}.ReleaseWithSymbols|Mixed Platforms.Build.0 = Release|Any CPU
		{4085BA67-60D7-4679-886E-457AAF37EC7B}.ReleaseWithSymbols|x86.ActiveCfg = Release|Any CPU
		{6C72334D-F6C9-4BA5-AEB4-143B7BAB32CE}.Debug|Any CPU.ActiveCfg = Debug|x86
		{6C72334D-F6C9-4BA5-AEB4-143B7BAB32CE}.Debug|Mixed Platforms.ActiveCfg = Debug|x86
		{6C72334D-F6C9-4BA5-AEB4-143B7BAB32CE}.Debug|Mixed Platforms.Build.0 = Debug|x86
		{6C72334D-F6C9-4BA5-AEB4-143B7BAB32CE}.Debug|x86.ActiveCfg = Debug|x86
		{6C72334D-F6C9-4BA5-AEB4-143B7BAB32CE}.Debug|x86.Build.0 = Debug|x86
		{6C72334D-F6C9-4BA5-AEB4-143B7BAB32CE}.Release|Any CPU.ActiveCfg = Release|x86
		{6C72334D-F6C9-4BA5-AEB4-143B7BAB32CE}.Release|Mixed Platforms.ActiveCfg = Release|x86
		{6C72334D-F6C9-4BA5-AEB4-143B7BAB32CE}.Release|Mixed Platforms.Build.0 = Release|x86
		{6C72334D-F6C9-4BA5-AEB4-143B7BAB32CE}.Release|x86.ActiveCfg = Release|x86
		{6C72334D-F6C9-4BA5-AEB4-143B7BAB32CE}.Release|x86.Build.0 = Release|x86
		{6C72334D-F6C9-4BA5-AEB4-143B7BAB32CE}.ReleaseWithSymbols|Any CPU.ActiveCfg = Release|x86
		{6C72334D-F6C9-4BA5-AEB4-143B7BAB32CE}.ReleaseWithSymbols|Any CPU.Build.0 = Release|x86
		{6C72334D-F6C9-4BA5-AEB4-143B7BAB32CE}.ReleaseWithSymbols|Mixed Platforms.ActiveCfg = Release|x86
		{6C72334D-F6C9-4BA5-AEB4-143B7BAB32CE}.ReleaseWithSymbols|Mixed Platforms.Build.0 = Release|x86
		{6C72334D-F6C9-4BA5-AEB4-143B7BAB32CE}.ReleaseWithSymbols|x86.ActiveCfg = Release|x86
		{6C72334D-F6C9-4BA5-AEB4-143B7BAB32CE}.ReleaseWithSymbols|x86.Build.0 = Release|x86
		{789EB871-5FD3-4174-896B-162B2AAAB9B2}.Debug|Any CPU.ActiveCfg = Debug|x86
		{789EB871-5FD3-4174-896B-162B2AAAB9B2}.Debug|Mixed Platforms.ActiveCfg = Debug|x86
		{789EB871-5FD3-4174-896B-162B2AAAB9B2}.Debug|x86.ActiveCfg = Debug|x86
		{789EB871-5FD3-4174-896B-162B2AAAB9B2}.Release|Any CPU.ActiveCfg = Release|x86
		{789EB871-5FD3-4174-896B-162B2AAAB9B2}.Release|Mixed Platforms.ActiveCfg = Release|x86
		{789EB871-5FD3-4174-896B-162B2AAAB9B2}.Release|x86.ActiveCfg = Release|x86
		{789EB871-5FD3-4174-896B-162B2AAAB9B2}.ReleaseWithSymbols|Any CPU.ActiveCfg = Release|x86
		{789EB871-5FD3-4174-896B-162B2AAAB9B2}.ReleaseWithSymbols|Mixed Platforms.ActiveCfg = Release|x86
		{789EB871-5FD3-4174-896B-162B2AAAB9B2}.ReleaseWithSymbols|x86.ActiveCfg = Release|x86
		{4F62FCE1-3FCF-431B-9526-80B859131513}.Debug|Any CPU.ActiveCfg = Debug|Any CPU
		{4F62FCE1-3FCF-431B-9526-80B859131513}.Debug|Any CPU.Build.0 = Debug|Any CPU
		{4F62FCE1-3FCF-431B-9526-80B859131513}.Debug|Mixed Platforms.ActiveCfg = Debug|Any CPU
		{4F62FCE1-3FCF-431B-9526-80B859131513}.Debug|Mixed Platforms.Build.0 = Debug|Any CPU
		{4F62FCE1-3FCF-431B-9526-80B859131513}.Debug|x86.ActiveCfg = Debug|Any CPU
		{4F62FCE1-3FCF-431B-9526-80B859131513}.Debug|x86.Build.0 = Debug|Any CPU
		{4F62FCE1-3FCF-431B-9526-80B859131513}.Release|Any CPU.ActiveCfg = Release|Any CPU
		{4F62FCE1-3FCF-431B-9526-80B859131513}.Release|Any CPU.Build.0 = Release|Any CPU
		{4F62FCE1-3FCF-431B-9526-80B859131513}.Release|Mixed Platforms.ActiveCfg = Release|Any CPU
		{4F62FCE1-3FCF-431B-9526-80B859131513}.Release|Mixed Platforms.Build.0 = Release|Any CPU
		{4F62FCE1-3FCF-431B-9526-80B859131513}.Release|x86.ActiveCfg = Release|Any CPU
		{4F62FCE1-3FCF-431B-9526-80B859131513}.Release|x86.Build.0 = Release|Any CPU
		{4F62FCE1-3FCF-431B-9526-80B859131513}.ReleaseWithSymbols|Any CPU.ActiveCfg = Release|Any CPU
		{4F62FCE1-3FCF-431B-9526-80B859131513}.ReleaseWithSymbols|Any CPU.Build.0 = Release|Any CPU
		{4F62FCE1-3FCF-431B-9526-80B859131513}.ReleaseWithSymbols|Mixed Platforms.ActiveCfg = Release|Any CPU
		{4F62FCE1-3FCF-431B-9526-80B859131513}.ReleaseWithSymbols|Mixed Platforms.Build.0 = Release|Any CPU
		{4F62FCE1-3FCF-431B-9526-80B859131513}.ReleaseWithSymbols|x86.ActiveCfg = Release|Any CPU
		{4F62FCE1-3FCF-431B-9526-80B859131513}.ReleaseWithSymbols|x86.Build.0 = Release|Any CPU
		{A89A628B-3FFA-4271-B99A-E45C3D72D3E3}.Debug|Any CPU.ActiveCfg = Debug|Any CPU
		{A89A628B-3FFA-4271-B99A-E45C3D72D3E3}.Debug|Any CPU.Build.0 = Debug|Any CPU
		{A89A628B-3FFA-4271-B99A-E45C3D72D3E3}.Debug|Mixed Platforms.ActiveCfg = Debug|Any CPU
		{A89A628B-3FFA-4271-B99A-E45C3D72D3E3}.Debug|Mixed Platforms.Build.0 = Debug|Any CPU
		{A89A628B-3FFA-4271-B99A-E45C3D72D3E3}.Debug|x86.ActiveCfg = Debug|Any CPU
		{A89A628B-3FFA-4271-B99A-E45C3D72D3E3}.Debug|x86.Build.0 = Debug|Any CPU
		{A89A628B-3FFA-4271-B99A-E45C3D72D3E3}.Release|Any CPU.ActiveCfg = Release|Any CPU
		{A89A628B-3FFA-4271-B99A-E45C3D72D3E3}.Release|Any CPU.Build.0 = Release|Any CPU
		{A89A628B-3FFA-4271-B99A-E45C3D72D3E3}.Release|Mixed Platforms.ActiveCfg = Release|Any CPU
		{A89A628B-3FFA-4271-B99A-E45C3D72D3E3}.Release|Mixed Platforms.Build.0 = Release|Any CPU
		{A89A628B-3FFA-4271-B99A-E45C3D72D3E3}.Release|x86.ActiveCfg = Release|Any CPU
		{A89A628B-3FFA-4271-B99A-E45C3D72D3E3}.Release|x86.Build.0 = Release|Any CPU
		{A89A628B-3FFA-4271-B99A-E45C3D72D3E3}.ReleaseWithSymbols|Any CPU.ActiveCfg = Release|Any CPU
		{A89A628B-3FFA-4271-B99A-E45C3D72D3E3}.ReleaseWithSymbols|Any CPU.Build.0 = Release|Any CPU
		{A89A628B-3FFA-4271-B99A-E45C3D72D3E3}.ReleaseWithSymbols|Mixed Platforms.ActiveCfg = Release|Any CPU
		{A89A628B-3FFA-4271-B99A-E45C3D72D3E3}.ReleaseWithSymbols|Mixed Platforms.Build.0 = Release|Any CPU
		{A89A628B-3FFA-4271-B99A-E45C3D72D3E3}.ReleaseWithSymbols|x86.ActiveCfg = Release|Any CPU
		{A89A628B-3FFA-4271-B99A-E45C3D72D3E3}.ReleaseWithSymbols|x86.Build.0 = Release|Any CPU
		{B80BF900-A7CF-4A14-8A96-8C590A2435D4}.Debug|Any CPU.ActiveCfg = Debug|Any CPU
		{B80BF900-A7CF-4A14-8A96-8C590A2435D4}.Debug|Any CPU.Build.0 = Debug|Any CPU
		{B80BF900-A7CF-4A14-8A96-8C590A2435D4}.Debug|Mixed Platforms.ActiveCfg = Debug|Any CPU
		{B80BF900-A7CF-4A14-8A96-8C590A2435D4}.Debug|Mixed Platforms.Build.0 = Debug|Any CPU
		{B80BF900-A7CF-4A14-8A96-8C590A2435D4}.Debug|x86.ActiveCfg = Debug|Any CPU
		{B80BF900-A7CF-4A14-8A96-8C590A2435D4}.Debug|x86.Build.0 = Debug|Any CPU
		{B80BF900-A7CF-4A14-8A96-8C590A2435D4}.Release|Any CPU.ActiveCfg = Release|Any CPU
		{B80BF900-A7CF-4A14-8A96-8C590A2435D4}.Release|Any CPU.Build.0 = Release|Any CPU
		{B80BF900-A7CF-4A14-8A96-8C590A2435D4}.Release|Mixed Platforms.ActiveCfg = Release|Any CPU
		{B80BF900-A7CF-4A14-8A96-8C590A2435D4}.Release|Mixed Platforms.Build.0 = Release|Any CPU
		{B80BF900-A7CF-4A14-8A96-8C590A2435D4}.Release|x86.ActiveCfg = Release|Any CPU
		{B80BF900-A7CF-4A14-8A96-8C590A2435D4}.ReleaseWithSymbols|Any CPU.ActiveCfg = Release|Any CPU
		{B80BF900-A7CF-4A14-8A96-8C590A2435D4}.ReleaseWithSymbols|Any CPU.Build.0 = Release|Any CPU
		{B80BF900-A7CF-4A14-8A96-8C590A2435D4}.ReleaseWithSymbols|Mixed Platforms.ActiveCfg = Release|Any CPU
		{B80BF900-A7CF-4A14-8A96-8C590A2435D4}.ReleaseWithSymbols|Mixed Platforms.Build.0 = Release|Any CPU
		{B80BF900-A7CF-4A14-8A96-8C590A2435D4}.ReleaseWithSymbols|x86.ActiveCfg = Release|Any CPU
		{B80BF900-A7CF-4A14-8A96-8C590A2435D4}.ReleaseWithSymbols|x86.Build.0 = Release|Any CPU
		{D6F219FC-733B-481F-BF78-D34A7CB893EC}.Debug|Any CPU.ActiveCfg = Debug|Any CPU
		{D6F219FC-733B-481F-BF78-D34A7CB893EC}.Debug|Any CPU.Build.0 = Debug|Any CPU
		{D6F219FC-733B-481F-BF78-D34A7CB893EC}.Debug|Mixed Platforms.ActiveCfg = Debug|Any CPU
		{D6F219FC-733B-481F-BF78-D34A7CB893EC}.Debug|Mixed Platforms.Build.0 = Debug|Any CPU
		{D6F219FC-733B-481F-BF78-D34A7CB893EC}.Debug|x86.ActiveCfg = Debug|Any CPU
		{D6F219FC-733B-481F-BF78-D34A7CB893EC}.Debug|x86.Build.0 = Debug|Any CPU
		{D6F219FC-733B-481F-BF78-D34A7CB893EC}.Release|Any CPU.ActiveCfg = Release|Any CPU
		{D6F219FC-733B-481F-BF78-D34A7CB893EC}.Release|Any CPU.Build.0 = Release|Any CPU
		{D6F219FC-733B-481F-BF78-D34A7CB893EC}.Release|Mixed Platforms.ActiveCfg = Release|Any CPU
		{D6F219FC-733B-481F-BF78-D34A7CB893EC}.Release|Mixed Platforms.Build.0 = Release|Any CPU
		{D6F219FC-733B-481F-BF78-D34A7CB893EC}.Release|x86.ActiveCfg = Release|Any CPU
		{D6F219FC-733B-481F-BF78-D34A7CB893EC}.Release|x86.Build.0 = Release|Any CPU
		{D6F219FC-733B-481F-BF78-D34A7CB893EC}.ReleaseWithSymbols|Any CPU.ActiveCfg = Release|Any CPU
		{D6F219FC-733B-481F-BF78-D34A7CB893EC}.ReleaseWithSymbols|Any CPU.Build.0 = Release|Any CPU
		{D6F219FC-733B-481F-BF78-D34A7CB893EC}.ReleaseWithSymbols|Mixed Platforms.ActiveCfg = Release|Any CPU
		{D6F219FC-733B-481F-BF78-D34A7CB893EC}.ReleaseWithSymbols|Mixed Platforms.Build.0 = Release|Any CPU
		{D6F219FC-733B-481F-BF78-D34A7CB893EC}.ReleaseWithSymbols|x86.ActiveCfg = Release|Any CPU
		{D6F219FC-733B-481F-BF78-D34A7CB893EC}.ReleaseWithSymbols|x86.Build.0 = Release|Any CPU
		{9DDB7C0E-1F00-4EFC-8D11-4BA6A00FB9B4}.Debug|Any CPU.ActiveCfg = Debug|Any CPU
		{9DDB7C0E-1F00-4EFC-8D11-4BA6A00FB9B4}.Debug|Any CPU.Build.0 = Debug|Any CPU
		{9DDB7C0E-1F00-4EFC-8D11-4BA6A00FB9B4}.Debug|Mixed Platforms.ActiveCfg = Debug|Any CPU
		{9DDB7C0E-1F00-4EFC-8D11-4BA6A00FB9B4}.Debug|Mixed Platforms.Build.0 = Debug|Any CPU
		{9DDB7C0E-1F00-4EFC-8D11-4BA6A00FB9B4}.Debug|x86.ActiveCfg = Debug|Any CPU
		{9DDB7C0E-1F00-4EFC-8D11-4BA6A00FB9B4}.Debug|x86.Build.0 = Debug|Any CPU
		{9DDB7C0E-1F00-4EFC-8D11-4BA6A00FB9B4}.Release|Any CPU.ActiveCfg = Release|Any CPU
		{9DDB7C0E-1F00-4EFC-8D11-4BA6A00FB9B4}.Release|Any CPU.Build.0 = Release|Any CPU
		{9DDB7C0E-1F00-4EFC-8D11-4BA6A00FB9B4}.Release|Mixed Platforms.ActiveCfg = Release|Any CPU
		{9DDB7C0E-1F00-4EFC-8D11-4BA6A00FB9B4}.Release|Mixed Platforms.Build.0 = Release|Any CPU
		{9DDB7C0E-1F00-4EFC-8D11-4BA6A00FB9B4}.Release|x86.ActiveCfg = Release|Any CPU
		{9DDB7C0E-1F00-4EFC-8D11-4BA6A00FB9B4}.Release|x86.Build.0 = Release|Any CPU
		{9DDB7C0E-1F00-4EFC-8D11-4BA6A00FB9B4}.ReleaseWithSymbols|Any CPU.ActiveCfg = Release|Any CPU
		{9DDB7C0E-1F00-4EFC-8D11-4BA6A00FB9B4}.ReleaseWithSymbols|Any CPU.Build.0 = Release|Any CPU
		{9DDB7C0E-1F00-4EFC-8D11-4BA6A00FB9B4}.ReleaseWithSymbols|Mixed Platforms.ActiveCfg = Release|Any CPU
		{9DDB7C0E-1F00-4EFC-8D11-4BA6A00FB9B4}.ReleaseWithSymbols|Mixed Platforms.Build.0 = Release|Any CPU
		{9DDB7C0E-1F00-4EFC-8D11-4BA6A00FB9B4}.ReleaseWithSymbols|x86.ActiveCfg = Release|Any CPU
		{9DDB7C0E-1F00-4EFC-8D11-4BA6A00FB9B4}.ReleaseWithSymbols|x86.Build.0 = Release|Any CPU
		{C93E423F-C90F-47F9-A2CF-BFF3E3CF6896}.Debug|Any CPU.ActiveCfg = Debug|Any CPU
		{C93E423F-C90F-47F9-A2CF-BFF3E3CF6896}.Debug|Any CPU.Build.0 = Debug|Any CPU
		{C93E423F-C90F-47F9-A2CF-BFF3E3CF6896}.Debug|Mixed Platforms.ActiveCfg = Debug|Any CPU
		{C93E423F-C90F-47F9-A2CF-BFF3E3CF6896}.Debug|Mixed Platforms.Build.0 = Debug|Any CPU
		{C93E423F-C90F-47F9-A2CF-BFF3E3CF6896}.Debug|x86.ActiveCfg = Debug|Any CPU
		{C93E423F-C90F-47F9-A2CF-BFF3E3CF6896}.Debug|x86.Build.0 = Debug|Any CPU
		{C93E423F-C90F-47F9-A2CF-BFF3E3CF6896}.Release|Any CPU.ActiveCfg = Release|Any CPU
		{C93E423F-C90F-47F9-A2CF-BFF3E3CF6896}.Release|Any CPU.Build.0 = Release|Any CPU
		{C93E423F-C90F-47F9-A2CF-BFF3E3CF6896}.Release|Mixed Platforms.ActiveCfg = Release|Any CPU
		{C93E423F-C90F-47F9-A2CF-BFF3E3CF6896}.Release|Mixed Platforms.Build.0 = Release|Any CPU
		{C93E423F-C90F-47F9-A2CF-BFF3E3CF6896}.Release|x86.ActiveCfg = Release|Any CPU
		{C93E423F-C90F-47F9-A2CF-BFF3E3CF6896}.Release|x86.Build.0 = Release|Any CPU
		{C93E423F-C90F-47F9-A2CF-BFF3E3CF6896}.ReleaseWithSymbols|Any CPU.ActiveCfg = Release|Any CPU
		{C93E423F-C90F-47F9-A2CF-BFF3E3CF6896}.ReleaseWithSymbols|Any CPU.Build.0 = Release|Any CPU
		{C93E423F-C90F-47F9-A2CF-BFF3E3CF6896}.ReleaseWithSymbols|Mixed Platforms.ActiveCfg = Release|Any CPU
		{C93E423F-C90F-47F9-A2CF-BFF3E3CF6896}.ReleaseWithSymbols|Mixed Platforms.Build.0 = Release|Any CPU
		{C93E423F-C90F-47F9-A2CF-BFF3E3CF6896}.ReleaseWithSymbols|x86.ActiveCfg = Release|Any CPU
		{C93E423F-C90F-47F9-A2CF-BFF3E3CF6896}.ReleaseWithSymbols|x86.Build.0 = Release|Any CPU
		{6702ADDA-3F8F-43D0-9C7E-1E7FDBBE983F}.Debug|Any CPU.ActiveCfg = Debug|Any CPU
		{6702ADDA-3F8F-43D0-9C7E-1E7FDBBE983F}.Debug|Any CPU.Build.0 = Debug|Any CPU
		{6702ADDA-3F8F-43D0-9C7E-1E7FDBBE983F}.Debug|Mixed Platforms.ActiveCfg = Debug|Any CPU
		{6702ADDA-3F8F-43D0-9C7E-1E7FDBBE983F}.Debug|Mixed Platforms.Build.0 = Debug|Any CPU
		{6702ADDA-3F8F-43D0-9C7E-1E7FDBBE983F}.Debug|x86.ActiveCfg = Debug|Any CPU
		{6702ADDA-3F8F-43D0-9C7E-1E7FDBBE983F}.Debug|x86.Build.0 = Debug|Any CPU
		{6702ADDA-3F8F-43D0-9C7E-1E7FDBBE983F}.Release|Any CPU.ActiveCfg = Release|Any CPU
		{6702ADDA-3F8F-43D0-9C7E-1E7FDBBE983F}.Release|Any CPU.Build.0 = Release|Any CPU
		{6702ADDA-3F8F-43D0-9C7E-1E7FDBBE983F}.Release|Mixed Platforms.ActiveCfg = Release|Any CPU
		{6702ADDA-3F8F-43D0-9C7E-1E7FDBBE983F}.Release|Mixed Platforms.Build.0 = Release|Any CPU
		{6702ADDA-3F8F-43D0-9C7E-1E7FDBBE983F}.Release|x86.ActiveCfg = Release|Any CPU
		{6702ADDA-3F8F-43D0-9C7E-1E7FDBBE983F}.Release|x86.Build.0 = Release|Any CPU
		{6702ADDA-3F8F-43D0-9C7E-1E7FDBBE983F}.ReleaseWithSymbols|Any CPU.ActiveCfg = Release|Any CPU
		{6702ADDA-3F8F-43D0-9C7E-1E7FDBBE983F}.ReleaseWithSymbols|Any CPU.Build.0 = Release|Any CPU
		{6702ADDA-3F8F-43D0-9C7E-1E7FDBBE983F}.ReleaseWithSymbols|Mixed Platforms.ActiveCfg = Release|Any CPU
		{6702ADDA-3F8F-43D0-9C7E-1E7FDBBE983F}.ReleaseWithSymbols|Mixed Platforms.Build.0 = Release|Any CPU
		{6702ADDA-3F8F-43D0-9C7E-1E7FDBBE983F}.ReleaseWithSymbols|x86.ActiveCfg = Release|Any CPU
		{6702ADDA-3F8F-43D0-9C7E-1E7FDBBE983F}.ReleaseWithSymbols|x86.Build.0 = Release|Any CPU
		{E4C80E39-8E55-4528-AE09-1558CCBD846B}.Debug|Any CPU.ActiveCfg = Debug|Any CPU
		{E4C80E39-8E55-4528-AE09-1558CCBD846B}.Debug|Any CPU.Build.0 = Debug|Any CPU
		{E4C80E39-8E55-4528-AE09-1558CCBD846B}.Debug|Mixed Platforms.ActiveCfg = Debug|Any CPU
		{E4C80E39-8E55-4528-AE09-1558CCBD846B}.Debug|Mixed Platforms.Build.0 = Debug|Any CPU
		{E4C80E39-8E55-4528-AE09-1558CCBD846B}.Debug|x86.ActiveCfg = Debug|Any CPU
		{E4C80E39-8E55-4528-AE09-1558CCBD846B}.Debug|x86.Build.0 = Debug|Any CPU
		{E4C80E39-8E55-4528-AE09-1558CCBD846B}.Release|Any CPU.ActiveCfg = Release|Any CPU
		{E4C80E39-8E55-4528-AE09-1558CCBD846B}.Release|Any CPU.Build.0 = Release|Any CPU
		{E4C80E39-8E55-4528-AE09-1558CCBD846B}.Release|Mixed Platforms.ActiveCfg = Release|Any CPU
		{E4C80E39-8E55-4528-AE09-1558CCBD846B}.Release|Mixed Platforms.Build.0 = Release|Any CPU
		{E4C80E39-8E55-4528-AE09-1558CCBD846B}.Release|x86.ActiveCfg = Release|Any CPU
		{E4C80E39-8E55-4528-AE09-1558CCBD846B}.Release|x86.Build.0 = Release|Any CPU
		{E4C80E39-8E55-4528-AE09-1558CCBD846B}.ReleaseWithSymbols|Any CPU.ActiveCfg = Release|Any CPU
		{E4C80E39-8E55-4528-AE09-1558CCBD846B}.ReleaseWithSymbols|Any CPU.Build.0 = Release|Any CPU
		{E4C80E39-8E55-4528-AE09-1558CCBD846B}.ReleaseWithSymbols|Mixed Platforms.ActiveCfg = Release|Any CPU
		{E4C80E39-8E55-4528-AE09-1558CCBD846B}.ReleaseWithSymbols|Mixed Platforms.Build.0 = Release|Any CPU
		{E4C80E39-8E55-4528-AE09-1558CCBD846B}.ReleaseWithSymbols|x86.ActiveCfg = Release|Any CPU
		{E4C80E39-8E55-4528-AE09-1558CCBD846B}.ReleaseWithSymbols|x86.Build.0 = Release|Any CPU
		{DA7E55C0-4F44-40D0-BB74-979571676D86}.Debug|Any CPU.ActiveCfg = Debug|Any CPU
		{DA7E55C0-4F44-40D0-BB74-979571676D86}.Debug|Any CPU.Build.0 = Debug|Any CPU
		{DA7E55C0-4F44-40D0-BB74-979571676D86}.Debug|Mixed Platforms.ActiveCfg = Debug|Any CPU
		{DA7E55C0-4F44-40D0-BB74-979571676D86}.Debug|Mixed Platforms.Build.0 = Debug|Any CPU
		{DA7E55C0-4F44-40D0-BB74-979571676D86}.Debug|x86.ActiveCfg = Debug|Any CPU
		{DA7E55C0-4F44-40D0-BB74-979571676D86}.Debug|x86.Build.0 = Debug|Any CPU
		{DA7E55C0-4F44-40D0-BB74-979571676D86}.Release|Any CPU.ActiveCfg = Release|Any CPU
		{DA7E55C0-4F44-40D0-BB74-979571676D86}.Release|Any CPU.Build.0 = Release|Any CPU
		{DA7E55C0-4F44-40D0-BB74-979571676D86}.Release|Mixed Platforms.ActiveCfg = Release|Any CPU
		{DA7E55C0-4F44-40D0-BB74-979571676D86}.Release|Mixed Platforms.Build.0 = Release|Any CPU
		{DA7E55C0-4F44-40D0-BB74-979571676D86}.Release|x86.ActiveCfg = Release|Any CPU
		{DA7E55C0-4F44-40D0-BB74-979571676D86}.Release|x86.Build.0 = Release|Any CPU
		{DA7E55C0-4F44-40D0-BB74-979571676D86}.ReleaseWithSymbols|Any CPU.ActiveCfg = Release|Any CPU
		{DA7E55C0-4F44-40D0-BB74-979571676D86}.ReleaseWithSymbols|Any CPU.Build.0 = Release|Any CPU
		{DA7E55C0-4F44-40D0-BB74-979571676D86}.ReleaseWithSymbols|Mixed Platforms.ActiveCfg = Release|Any CPU
		{DA7E55C0-4F44-40D0-BB74-979571676D86}.ReleaseWithSymbols|Mixed Platforms.Build.0 = Release|Any CPU
		{DA7E55C0-4F44-40D0-BB74-979571676D86}.ReleaseWithSymbols|x86.ActiveCfg = Release|Any CPU
		{DA7E55C0-4F44-40D0-BB74-979571676D86}.ReleaseWithSymbols|x86.Build.0 = Release|Any CPU
		{8E2F9EAC-3B70-46FE-B8D6-7A04B9D183B9}.Debug|Any CPU.ActiveCfg = Debug|Any CPU
		{8E2F9EAC-3B70-46FE-B8D6-7A04B9D183B9}.Debug|Any CPU.Build.0 = Debug|Any CPU
		{8E2F9EAC-3B70-46FE-B8D6-7A04B9D183B9}.Debug|Mixed Platforms.ActiveCfg = Debug|Any CPU
		{8E2F9EAC-3B70-46FE-B8D6-7A04B9D183B9}.Debug|Mixed Platforms.Build.0 = Debug|Any CPU
		{8E2F9EAC-3B70-46FE-B8D6-7A04B9D183B9}.Debug|x86.ActiveCfg = Debug|Any CPU
		{8E2F9EAC-3B70-46FE-B8D6-7A04B9D183B9}.Debug|x86.Build.0 = Debug|Any CPU
		{8E2F9EAC-3B70-46FE-B8D6-7A04B9D183B9}.Release|Any CPU.ActiveCfg = Release|Any CPU
		{8E2F9EAC-3B70-46FE-B8D6-7A04B9D183B9}.Release|Any CPU.Build.0 = Release|Any CPU
		{8E2F9EAC-3B70-46FE-B8D6-7A04B9D183B9}.Release|Mixed Platforms.ActiveCfg = Release|Any CPU
		{8E2F9EAC-3B70-46FE-B8D6-7A04B9D183B9}.Release|Mixed Platforms.Build.0 = Release|Any CPU
		{8E2F9EAC-3B70-46FE-B8D6-7A04B9D183B9}.Release|x86.ActiveCfg = Release|Any CPU
		{8E2F9EAC-3B70-46FE-B8D6-7A04B9D183B9}.Release|x86.Build.0 = Release|Any CPU
		{8E2F9EAC-3B70-46FE-B8D6-7A04B9D183B9}.ReleaseWithSymbols|Any CPU.ActiveCfg = Release|Any CPU
		{8E2F9EAC-3B70-46FE-B8D6-7A04B9D183B9}.ReleaseWithSymbols|Any CPU.Build.0 = Release|Any CPU
		{8E2F9EAC-3B70-46FE-B8D6-7A04B9D183B9}.ReleaseWithSymbols|Mixed Platforms.ActiveCfg = Release|Any CPU
		{8E2F9EAC-3B70-46FE-B8D6-7A04B9D183B9}.ReleaseWithSymbols|Mixed Platforms.Build.0 = Release|Any CPU
		{8E2F9EAC-3B70-46FE-B8D6-7A04B9D183B9}.ReleaseWithSymbols|x86.ActiveCfg = Release|Any CPU
		{8E2F9EAC-3B70-46FE-B8D6-7A04B9D183B9}.ReleaseWithSymbols|x86.Build.0 = Release|Any CPU
		{902D95B5-10A9-4EBE-9DBD-DDB78375551B}.Debug|Any CPU.ActiveCfg = Debug|Any CPU
		{902D95B5-10A9-4EBE-9DBD-DDB78375551B}.Debug|Any CPU.Build.0 = Debug|Any CPU
		{902D95B5-10A9-4EBE-9DBD-DDB78375551B}.Debug|Mixed Platforms.ActiveCfg = Debug|Any CPU
		{902D95B5-10A9-4EBE-9DBD-DDB78375551B}.Debug|Mixed Platforms.Build.0 = Debug|Any CPU
		{902D95B5-10A9-4EBE-9DBD-DDB78375551B}.Debug|x86.ActiveCfg = Debug|Any CPU
		{902D95B5-10A9-4EBE-9DBD-DDB78375551B}.Debug|x86.Build.0 = Debug|Any CPU
		{902D95B5-10A9-4EBE-9DBD-DDB78375551B}.Release|Any CPU.ActiveCfg = Release|Any CPU
		{902D95B5-10A9-4EBE-9DBD-DDB78375551B}.Release|Any CPU.Build.0 = Release|Any CPU
		{902D95B5-10A9-4EBE-9DBD-DDB78375551B}.Release|Mixed Platforms.ActiveCfg = Release|Any CPU
		{902D95B5-10A9-4EBE-9DBD-DDB78375551B}.Release|Mixed Platforms.Build.0 = Release|Any CPU
		{902D95B5-10A9-4EBE-9DBD-DDB78375551B}.Release|x86.ActiveCfg = Release|Any CPU
		{902D95B5-10A9-4EBE-9DBD-DDB78375551B}.Release|x86.Build.0 = Release|Any CPU
		{902D95B5-10A9-4EBE-9DBD-DDB78375551B}.ReleaseWithSymbols|Any CPU.ActiveCfg = Release|Any CPU
		{902D95B5-10A9-4EBE-9DBD-DDB78375551B}.ReleaseWithSymbols|Any CPU.Build.0 = Release|Any CPU
		{902D95B5-10A9-4EBE-9DBD-DDB78375551B}.ReleaseWithSymbols|Mixed Platforms.ActiveCfg = Release|Any CPU
		{902D95B5-10A9-4EBE-9DBD-DDB78375551B}.ReleaseWithSymbols|Mixed Platforms.Build.0 = Release|Any CPU
		{902D95B5-10A9-4EBE-9DBD-DDB78375551B}.ReleaseWithSymbols|x86.ActiveCfg = Release|Any CPU
		{902D95B5-10A9-4EBE-9DBD-DDB78375551B}.ReleaseWithSymbols|x86.Build.0 = Release|Any CPU
		{FF2C1828-20CA-47C0-9B69-85694CCCECD3}.Debug|Any CPU.ActiveCfg = Debug|Any CPU
		{FF2C1828-20CA-47C0-9B69-85694CCCECD3}.Debug|Any CPU.Build.0 = Debug|Any CPU
		{FF2C1828-20CA-47C0-9B69-85694CCCECD3}.Debug|Mixed Platforms.ActiveCfg = Debug|Any CPU
		{FF2C1828-20CA-47C0-9B69-85694CCCECD3}.Debug|Mixed Platforms.Build.0 = Debug|Any CPU
		{FF2C1828-20CA-47C0-9B69-85694CCCECD3}.Debug|x86.ActiveCfg = Debug|Any CPU
		{FF2C1828-20CA-47C0-9B69-85694CCCECD3}.Debug|x86.Build.0 = Debug|Any CPU
		{FF2C1828-20CA-47C0-9B69-85694CCCECD3}.Release|Any CPU.ActiveCfg = Release|Any CPU
		{FF2C1828-20CA-47C0-9B69-85694CCCECD3}.Release|Any CPU.Build.0 = Release|Any CPU
		{FF2C1828-20CA-47C0-9B69-85694CCCECD3}.Release|Mixed Platforms.ActiveCfg = Release|Any CPU
		{FF2C1828-20CA-47C0-9B69-85694CCCECD3}.Release|Mixed Platforms.Build.0 = Release|Any CPU
		{FF2C1828-20CA-47C0-9B69-85694CCCECD3}.Release|x86.ActiveCfg = Release|Any CPU
		{FF2C1828-20CA-47C0-9B69-85694CCCECD3}.Release|x86.Build.0 = Release|Any CPU
		{FF2C1828-20CA-47C0-9B69-85694CCCECD3}.ReleaseWithSymbols|Any CPU.ActiveCfg = Release|Any CPU
		{FF2C1828-20CA-47C0-9B69-85694CCCECD3}.ReleaseWithSymbols|Any CPU.Build.0 = Release|Any CPU
		{FF2C1828-20CA-47C0-9B69-85694CCCECD3}.ReleaseWithSymbols|Mixed Platforms.ActiveCfg = Release|Any CPU
		{FF2C1828-20CA-47C0-9B69-85694CCCECD3}.ReleaseWithSymbols|Mixed Platforms.Build.0 = Release|Any CPU
		{FF2C1828-20CA-47C0-9B69-85694CCCECD3}.ReleaseWithSymbols|x86.ActiveCfg = Release|Any CPU
		{FF2C1828-20CA-47C0-9B69-85694CCCECD3}.ReleaseWithSymbols|x86.Build.0 = Release|Any CPU
		{B3A4F95D-A8AC-4094-9DDA-22DC972D7E5D}.Debug|Any CPU.ActiveCfg = Debug|Any CPU
		{B3A4F95D-A8AC-4094-9DDA-22DC972D7E5D}.Debug|Any CPU.Build.0 = Debug|Any CPU
		{B3A4F95D-A8AC-4094-9DDA-22DC972D7E5D}.Debug|Mixed Platforms.ActiveCfg = Debug|Any CPU
		{B3A4F95D-A8AC-4094-9DDA-22DC972D7E5D}.Debug|Mixed Platforms.Build.0 = Debug|Any CPU
		{B3A4F95D-A8AC-4094-9DDA-22DC972D7E5D}.Debug|x86.ActiveCfg = Debug|Any CPU
		{B3A4F95D-A8AC-4094-9DDA-22DC972D7E5D}.Debug|x86.Build.0 = Debug|Any CPU
		{B3A4F95D-A8AC-4094-9DDA-22DC972D7E5D}.Release|Any CPU.ActiveCfg = Release|Any CPU
		{B3A4F95D-A8AC-4094-9DDA-22DC972D7E5D}.Release|Any CPU.Build.0 = Release|Any CPU
		{B3A4F95D-A8AC-4094-9DDA-22DC972D7E5D}.Release|Mixed Platforms.ActiveCfg = Release|Any CPU
		{B3A4F95D-A8AC-4094-9DDA-22DC972D7E5D}.Release|Mixed Platforms.Build.0 = Release|Any CPU
		{B3A4F95D-A8AC-4094-9DDA-22DC972D7E5D}.Release|x86.ActiveCfg = Release|Any CPU
		{B3A4F95D-A8AC-4094-9DDA-22DC972D7E5D}.Release|x86.Build.0 = Release|Any CPU
		{B3A4F95D-A8AC-4094-9DDA-22DC972D7E5D}.ReleaseWithSymbols|Any CPU.ActiveCfg = Release|Any CPU
		{B3A4F95D-A8AC-4094-9DDA-22DC972D7E5D}.ReleaseWithSymbols|Any CPU.Build.0 = Release|Any CPU
		{B3A4F95D-A8AC-4094-9DDA-22DC972D7E5D}.ReleaseWithSymbols|Mixed Platforms.ActiveCfg = Release|Any CPU
		{B3A4F95D-A8AC-4094-9DDA-22DC972D7E5D}.ReleaseWithSymbols|Mixed Platforms.Build.0 = Release|Any CPU
		{B3A4F95D-A8AC-4094-9DDA-22DC972D7E5D}.ReleaseWithSymbols|x86.ActiveCfg = Release|Any CPU
		{B3A4F95D-A8AC-4094-9DDA-22DC972D7E5D}.ReleaseWithSymbols|x86.Build.0 = Release|Any CPU
		{7EDE0B00-89F9-4EF5-A629-2ED66CEE273B}.Debug|Any CPU.ActiveCfg = Debug|x86
		{7EDE0B00-89F9-4EF5-A629-2ED66CEE273B}.Debug|Mixed Platforms.ActiveCfg = Debug|x86
		{7EDE0B00-89F9-4EF5-A629-2ED66CEE273B}.Debug|Mixed Platforms.Build.0 = Debug|x86
		{7EDE0B00-89F9-4EF5-A629-2ED66CEE273B}.Debug|x86.ActiveCfg = Debug|x86
		{7EDE0B00-89F9-4EF5-A629-2ED66CEE273B}.Debug|x86.Build.0 = Debug|x86
		{7EDE0B00-89F9-4EF5-A629-2ED66CEE273B}.Release|Any CPU.ActiveCfg = Release|x86
		{7EDE0B00-89F9-4EF5-A629-2ED66CEE273B}.Release|Mixed Platforms.ActiveCfg = Release|x86
		{7EDE0B00-89F9-4EF5-A629-2ED66CEE273B}.Release|Mixed Platforms.Build.0 = Release|x86
		{7EDE0B00-89F9-4EF5-A629-2ED66CEE273B}.Release|x86.ActiveCfg = Release|x86
		{7EDE0B00-89F9-4EF5-A629-2ED66CEE273B}.Release|x86.Build.0 = Release|x86
		{7EDE0B00-89F9-4EF5-A629-2ED66CEE273B}.ReleaseWithSymbols|Any CPU.ActiveCfg = ReleaseWithSymbols|x86
		{7EDE0B00-89F9-4EF5-A629-2ED66CEE273B}.ReleaseWithSymbols|Mixed Platforms.ActiveCfg = ReleaseWithSymbols|x86
		{7EDE0B00-89F9-4EF5-A629-2ED66CEE273B}.ReleaseWithSymbols|Mixed Platforms.Build.0 = ReleaseWithSymbols|x86
		{7EDE0B00-89F9-4EF5-A629-2ED66CEE273B}.ReleaseWithSymbols|x86.ActiveCfg = ReleaseWithSymbols|x86
		{7EDE0B00-89F9-4EF5-A629-2ED66CEE273B}.ReleaseWithSymbols|x86.Build.0 = ReleaseWithSymbols|x86
		{3B195345-13D5-4E0A-95EC-FC95501FD066}.Debug|Any CPU.ActiveCfg = Debug|x86
		{3B195345-13D5-4E0A-95EC-FC95501FD066}.Debug|Mixed Platforms.ActiveCfg = Debug|x86
		{3B195345-13D5-4E0A-95EC-FC95501FD066}.Debug|x86.ActiveCfg = Debug|x86
		{3B195345-13D5-4E0A-95EC-FC95501FD066}.Release|Any CPU.ActiveCfg = Release|x86
		{3B195345-13D5-4E0A-95EC-FC95501FD066}.Release|Mixed Platforms.ActiveCfg = Release|x86
		{3B195345-13D5-4E0A-95EC-FC95501FD066}.Release|x86.ActiveCfg = Release|x86
		{3B195345-13D5-4E0A-95EC-FC95501FD066}.ReleaseWithSymbols|Any CPU.ActiveCfg = Release|x86
		{3B195345-13D5-4E0A-95EC-FC95501FD066}.ReleaseWithSymbols|Mixed Platforms.ActiveCfg = Release|x86
		{3B195345-13D5-4E0A-95EC-FC95501FD066}.ReleaseWithSymbols|x86.ActiveCfg = Release|x86
		{F7907A0A-B75F-400B-9E78-BFAD00DB4D6B}.Debug|Any CPU.ActiveCfg = Debug|Any CPU
		{F7907A0A-B75F-400B-9E78-BFAD00DB4D6B}.Debug|Any CPU.Build.0 = Debug|Any CPU
		{F7907A0A-B75F-400B-9E78-BFAD00DB4D6B}.Debug|Mixed Platforms.ActiveCfg = Debug|Any CPU
		{F7907A0A-B75F-400B-9E78-BFAD00DB4D6B}.Debug|Mixed Platforms.Build.0 = Debug|Any CPU
		{F7907A0A-B75F-400B-9E78-BFAD00DB4D6B}.Debug|x86.ActiveCfg = Debug|Any CPU
		{F7907A0A-B75F-400B-9E78-BFAD00DB4D6B}.Debug|x86.Build.0 = Debug|Any CPU
		{F7907A0A-B75F-400B-9E78-BFAD00DB4D6B}.Release|Any CPU.ActiveCfg = Release|Any CPU
		{F7907A0A-B75F-400B-9E78-BFAD00DB4D6B}.Release|Any CPU.Build.0 = Release|Any CPU
		{F7907A0A-B75F-400B-9E78-BFAD00DB4D6B}.Release|Mixed Platforms.ActiveCfg = Release|Any CPU
		{F7907A0A-B75F-400B-9E78-BFAD00DB4D6B}.Release|Mixed Platforms.Build.0 = Release|Any CPU
		{F7907A0A-B75F-400B-9E78-BFAD00DB4D6B}.Release|x86.ActiveCfg = Release|Any CPU
		{F7907A0A-B75F-400B-9E78-BFAD00DB4D6B}.Release|x86.Build.0 = Release|Any CPU
		{F7907A0A-B75F-400B-9E78-BFAD00DB4D6B}.ReleaseWithSymbols|Any CPU.ActiveCfg = Release|Any CPU
		{F7907A0A-B75F-400B-9E78-BFAD00DB4D6B}.ReleaseWithSymbols|Any CPU.Build.0 = Release|Any CPU
		{F7907A0A-B75F-400B-9E78-BFAD00DB4D6B}.ReleaseWithSymbols|Mixed Platforms.ActiveCfg = Release|Any CPU
		{F7907A0A-B75F-400B-9E78-BFAD00DB4D6B}.ReleaseWithSymbols|Mixed Platforms.Build.0 = Release|Any CPU
		{F7907A0A-B75F-400B-9E78-BFAD00DB4D6B}.ReleaseWithSymbols|x86.ActiveCfg = Release|Any CPU
		{F7907A0A-B75F-400B-9E78-BFAD00DB4D6B}.ReleaseWithSymbols|x86.Build.0 = Release|Any CPU
		{55FF8936-D9BC-4AC6-AA29-FC0D7A7640EC}.Debug|Any CPU.ActiveCfg = Debug|Any CPU
		{55FF8936-D9BC-4AC6-AA29-FC0D7A7640EC}.Debug|Any CPU.Build.0 = Debug|Any CPU
		{55FF8936-D9BC-4AC6-AA29-FC0D7A7640EC}.Debug|Mixed Platforms.ActiveCfg = Debug|Any CPU
		{55FF8936-D9BC-4AC6-AA29-FC0D7A7640EC}.Debug|Mixed Platforms.Build.0 = Debug|Any CPU
		{55FF8936-D9BC-4AC6-AA29-FC0D7A7640EC}.Debug|x86.ActiveCfg = Debug|Any CPU
		{55FF8936-D9BC-4AC6-AA29-FC0D7A7640EC}.Debug|x86.Build.0 = Debug|Any CPU
		{55FF8936-D9BC-4AC6-AA29-FC0D7A7640EC}.Release|Any CPU.ActiveCfg = Release|Any CPU
		{55FF8936-D9BC-4AC6-AA29-FC0D7A7640EC}.Release|Any CPU.Build.0 = Release|Any CPU
		{55FF8936-D9BC-4AC6-AA29-FC0D7A7640EC}.Release|Mixed Platforms.ActiveCfg = Release|Any CPU
		{55FF8936-D9BC-4AC6-AA29-FC0D7A7640EC}.Release|Mixed Platforms.Build.0 = Release|Any CPU
		{55FF8936-D9BC-4AC6-AA29-FC0D7A7640EC}.Release|x86.ActiveCfg = Release|Any CPU
		{55FF8936-D9BC-4AC6-AA29-FC0D7A7640EC}.Release|x86.Build.0 = Release|Any CPU
		{55FF8936-D9BC-4AC6-AA29-FC0D7A7640EC}.ReleaseWithSymbols|Any CPU.ActiveCfg = Release|Any CPU
		{55FF8936-D9BC-4AC6-AA29-FC0D7A7640EC}.ReleaseWithSymbols|Any CPU.Build.0 = Release|Any CPU
		{55FF8936-D9BC-4AC6-AA29-FC0D7A7640EC}.ReleaseWithSymbols|Mixed Platforms.ActiveCfg = Release|Any CPU
		{55FF8936-D9BC-4AC6-AA29-FC0D7A7640EC}.ReleaseWithSymbols|Mixed Platforms.Build.0 = Release|Any CPU
		{55FF8936-D9BC-4AC6-AA29-FC0D7A7640EC}.ReleaseWithSymbols|x86.ActiveCfg = Release|Any CPU
		{55FF8936-D9BC-4AC6-AA29-FC0D7A7640EC}.ReleaseWithSymbols|x86.Build.0 = Release|Any CPU
	EndGlobalSection
	GlobalSection(SolutionProperties) = preSolution
		HideSolutionNode = FALSE
	EndGlobalSection
	GlobalSection(TestCaseManagementSettings) = postSolution
		CategoryFile = NGVV.vsmdi
	EndGlobalSection
EndGlobal
