
Microsoft Visual Studio Solution File, Format Version 12.00
# Visual Studio 2013
VisualStudioVersion = 12.0.31101.0
MinimumVisualStudioVersion = 10.0.40219.1
Project("{FAE04EC0-301F-11D3-BF4B-00C04F79EFBC}") = "ConnectomicsWebsite", "ConnectomicsWebsite\ConnectomicsWebsite.csproj", "{3B14B36E-A9B3-4F95-91C0-C61753D8CE3E}"
EndProject
Project("{FAE04EC0-301F-11D3-BF4B-00C04F79EFBC}") = "ConnectomicsWebsite.Tests", "..\..\..\..\Users\u0490822\Documents\Visual Studio 2013\Projects\ConnectomicsWebsite\ConnectomicsWebsite.Tests\ConnectomicsWebsite.Tests.csproj", "{1380DC4E-70CC-4F89-9BD4-560C61FD6FB6}"
EndProject
Global
	GlobalSection(SolutionConfigurationPlatforms) = preSolution
		Debug|Any CPU = Debug|Any CPU
		Release|Any CPU = Release|Any CPU
	EndGlobalSection
	GlobalSection(ProjectConfigurationPlatforms) = postSolution
		{3B14B36E-A9B3-4F95-91C0-C61753D8CE3E}.Debug|Any CPU.ActiveCfg = Debug|Any CPU
		{3B14B36E-A9B3-4F95-91C0-C61753D8CE3E}.Debug|Any CPU.Build.0 = Debug|Any CPU
		{3B14B36E-A9B3-4F95-91C0-C61753D8CE3E}.Release|Any CPU.ActiveCfg = Release|Any CPU
		{3B14B36E-A9B3-4F95-91C0-C61753D8CE3E}.Release|Any CPU.Build.0 = Release|Any CPU
		{1380DC4E-70CC-4F89-9BD4-560C61FD6FB6}.Debug|Any CPU.ActiveCfg = Debug|Any CPU
		{1380DC4E-70CC-4F89-9BD4-560C61FD6FB6}.Debug|Any CPU.Build.0 = Debug|Any CPU
		{1380DC4E-70CC-4F89-9BD4-560C61FD6FB6}.Release|Any CPU.ActiveCfg = Release|Any CPU
		{1380DC4E-70CC-4F89-9BD4-560C61FD6FB6}.Release|Any CPU.Build.0 = Release|Any CPU
	EndGlobalSection
	GlobalSection(SolutionProperties) = preSolution
		HideSolutionNode = FALSE
	EndGlobalSection
EndGlobal
