
Microsoft Visual Studio Solution File, Format Version 12.00
# Visual Studio 14
VisualStudioVersion = 14.0.25420.1
MinimumVisualStudioVersion = 10.0.40219.1
Project("{2150E333-8FDC-42A3-9474-1A3956D46DE8}") = "Solution Items", "Solution Items", "{72911505-DB93-432C-B340-FBEE8D23037B}"
	ProjectSection(SolutionItems) = preProject
		Connectome Project.vsmdi = Connectome Project.vsmdi
		Local.testsettings = Local.testsettings
		Performance1.psess = Performance1.psess
		TraceAndTestImpact.testsettings = TraceAndTestImpact.testsettings
	EndProjectSection
EndProject
Project("{FAE04EC0-301F-11D3-BF4B-00C04F79EFBC}") = "AnnotationVizLib", "..\AnnotationVizLib\AnnotationVizLib.csproj", "{A89A628B-3FFA-4271-B99A-E45C3D72D3E3}"
EndProject
Project("{FAE04EC0-301F-11D3-BF4B-00C04F79EFBC}") = "AnnotationVizLibTests", "..\AnnotationVizLibTests\AnnotationVizLibTests.csproj", "{B80BF900-A7CF-4A14-8A96-8C590A2435D4}"
EndProject
Project("{FAE04EC0-301F-11D3-BF4B-00C04F79EFBC}") = "GraphLib", "..\GraphLib\GraphLib.csproj", "{D6F219FC-733B-481F-BF78-D34A7CB893EC}"
EndProject
Project("{FAE04EC0-301F-11D3-BF4B-00C04F79EFBC}") = "AnnotationService", "AnnotationService\AnnotationService\AnnotationService.csproj", "{1483085C-F381-4252-B2AE-FFFBF1ABD7A2}"
EndProject
Project("{FAE04EC0-301F-11D3-BF4B-00C04F79EFBC}") = "ConnectomeOpenData", "ConnectomeOpenData\ConnectomeOpenData.csproj", "{25F5D47B-74C1-46EA-8EE1-DDE17E12047A}"
EndProject
Project("{FAE04EC0-301F-11D3-BF4B-00C04F79EFBC}") = "DataExport", "DataExport\DataExport.csproj", "{73CB157C-8882-480E-A70A-23D2A4CBA7E9}"
EndProject
Project("{FAE04EC0-301F-11D3-BF4B-00C04F79EFBC}") = "DataExport.Tests", "DataExport.Tests\DataExport.Tests.csproj", "{E353CD96-8B73-46A1-AE33-3E64CEA1C43F}"
EndProject
Project("{FAE04EC0-301F-11D3-BF4B-00C04F79EFBC}") = "VikingWebAppSettings", "WebAppSettings\VikingWebAppSettings.csproj", "{CD19DFB6-2201-431D-9DB3-C8AD6AD629BF}"
EndProject
Project("{FAE04EC0-301F-11D3-BF4B-00C04F79EFBC}") = "ServiceTest", "AnnotationService\ServiceTest\ServiceTest.csproj", "{4F8E1FA6-5D27-49F6-B78B-6C0B98E7FD4C}"
EndProject
Project("{2150E333-8FDC-42A3-9474-1A3956D46DE8}") = ".nuget", ".nuget", "{A12CB399-4EA3-411B-9CF8-02A847B22963}"
	ProjectSection(SolutionItems) = preProject
		.nuget\packages.config = .nuget\packages.config
	EndProjectSection
EndProject
Project("{FAE04EC0-301F-11D3-BF4B-00C04F79EFBC}") = "ConnectomeODataV4", "ConnectomeODataV4\ConnectomeODataV4.csproj", "{7AFF7330-3C9C-4611-B06B-AC7B0301D304}"
EndProject
Project("{FAE04EC0-301F-11D3-BF4B-00C04F79EFBC}") = "ConnectomeDataModel", "ConnectomeDataModel\ConnectomeDataModel.csproj", "{9599F439-7526-4C45-A1EB-FDE32648CFCD}"
EndProject
Project("{FAE04EC0-301F-11D3-BF4B-00C04F79EFBC}") = "ConnectomeDataModelTests", "ConnectomeDataModelTests\ConnectomeDataModelTests.csproj", "{7081036D-4F8C-4A1E-89B6-CE2342E5CD39}"
EndProject
Project("{FAE04EC0-301F-11D3-BF4B-00C04F79EFBC}") = "EntityFrameworkExtras", "..\..\EntityFrameworkExtras\EntityFrameworkExtras\EntityFrameworkExtras.csproj", "{7A59AE4F-751F-4BE0-BA70-020072F1409E}"
EndProject
Project("{FAE04EC0-301F-11D3-BF4B-00C04F79EFBC}") = "EntityFrameworkExtras.EF6", "..\..\EntityFrameworkExtras\EntityFrameworkExtras.EF6\EntityFrameworkExtras.EF6.csproj", "{7ED1D61C-9396-4663-952D-D2F7DAD19B19}"
EndProject
Project("{FAE04EC0-301F-11D3-BF4B-00C04F79EFBC}") = "Geometry", "..\Geometry\Geometry.csproj", "{EACB87E8-A5E3-417E-A9EF-B80C2A68C020}"
EndProject
Project("{FAE04EC0-301F-11D3-BF4B-00C04F79EFBC}") = "Utils", "..\Utils\Utils.csproj", "{49F7DDA5-1634-49ED-99FA-74962E43F2D2}"
EndProject
Project("{FAE04EC0-301F-11D3-BF4B-00C04F79EFBC}") = "RTree", "..\RTree\RTree.csproj", "{4085BA67-60D7-4679-886E-457AAF37EC7B}"
EndProject
Project("{FAE04EC0-301F-11D3-BF4B-00C04F79EFBC}") = "GraphLibTest", "..\GraphLibTest\GraphLibTest.csproj", "{C93E423F-C90F-47F9-A2CF-BFF3E3CF6896}"
EndProject
Project("{FAE04EC0-301F-11D3-BF4B-00C04F79EFBC}") = "SqlGeometryUtils", "..\SqlGeometryUtils\SqlGeometryUtils.csproj", "{6702ADDA-3F8F-43D0-9C7E-1E7FDBBE983F}"
EndProject
Project("{FAE04EC0-301F-11D3-BF4B-00C04F79EFBC}") = "SqlGeometryUtilsTest", "..\SqlGeometryUtilsTest\SqlGeometryUtilsTest.csproj", "{E4C80E39-8E55-4528-AE09-1558CCBD846B}"
EndProject
Project("{FAE04EC0-301F-11D3-BF4B-00C04F79EFBC}") = "ODataClient", "..\ODataClient\ODataClient.csproj", "{9DDB7C0E-1F00-4EFC-8D11-4BA6A00FB9B4}"
EndProject
Project("{FAE04EC0-301F-11D3-BF4B-00C04F79EFBC}") = "Triangle", "..\Triangle.NET\Triangle\Triangle.csproj", "{F7907A0A-B75F-400B-9E78-BFAD00DB4D6B}"
EndProject
Project("{FAE04EC0-301F-11D3-BF4B-00C04F79EFBC}") = "AnnotationVizLibODataClient", "..\AnnotationVizLibODataClient\AnnotationVizLibODataClient.csproj", "{FF2C1828-20CA-47C0-9B69-85694CCCECD3}"
EndProject
Project("{FAE04EC0-301F-11D3-BF4B-00C04F79EFBC}") = "AnnotationVizLibSimpleODataClient", "..\AnnotationVizLibSimpleODataClient\AnnotationVizLibSimpleODataClient.csproj", "{B3A4F95D-A8AC-4094-9DDA-22DC972D7E5D}"
EndProject
Project("{FAE04EC0-301F-11D3-BF4B-00C04F79EFBC}") = "AnnotationVizLibWCFClient", "..\AnnotationVizLibWCFClient\AnnotationVizLibWCFClient.csproj", "{902D95B5-10A9-4EBE-9DBD-DDB78375551B}"
EndProject
Project("{FAE04EC0-301F-11D3-BF4B-00C04F79EFBC}") = "AnnotationServiceTypes", "..\AnnotationServiceTypes\AnnotationServiceTypes.csproj", "{55FF8936-D9BC-4AC6-AA29-FC0D7A7640EC}"
EndProject
Global
	GlobalSection(SolutionConfigurationPlatforms) = preSolution
		Debug|Any CPU = Debug|Any CPU
		Release|Any CPU = Release|Any CPU
		ReleaseWithSymbols|Any CPU = ReleaseWithSymbols|Any CPU
	EndGlobalSection
	GlobalSection(ProjectConfigurationPlatforms) = postSolution
		{A89A628B-3FFA-4271-B99A-E45C3D72D3E3}.Debug|Any CPU.ActiveCfg = Debug|Any CPU
		{A89A628B-3FFA-4271-B99A-E45C3D72D3E3}.Debug|Any CPU.Build.0 = Debug|Any CPU
		{A89A628B-3FFA-4271-B99A-E45C3D72D3E3}.Release|Any CPU.ActiveCfg = Release|Any CPU
		{A89A628B-3FFA-4271-B99A-E45C3D72D3E3}.Release|Any CPU.Build.0 = Release|Any CPU
		{A89A628B-3FFA-4271-B99A-E45C3D72D3E3}.ReleaseWithSymbols|Any CPU.ActiveCfg = Release|Any CPU
		{B80BF900-A7CF-4A14-8A96-8C590A2435D4}.Debug|Any CPU.ActiveCfg = Debug|Any CPU
		{B80BF900-A7CF-4A14-8A96-8C590A2435D4}.Debug|Any CPU.Build.0 = Debug|Any CPU
		{B80BF900-A7CF-4A14-8A96-8C590A2435D4}.Release|Any CPU.ActiveCfg = Release|Any CPU
		{B80BF900-A7CF-4A14-8A96-8C590A2435D4}.Release|Any CPU.Build.0 = Release|Any CPU
		{B80BF900-A7CF-4A14-8A96-8C590A2435D4}.ReleaseWithSymbols|Any CPU.ActiveCfg = Release|Any CPU
		{B80BF900-A7CF-4A14-8A96-8C590A2435D4}.ReleaseWithSymbols|Any CPU.Build.0 = Release|Any CPU
		{D6F219FC-733B-481F-BF78-D34A7CB893EC}.Debug|Any CPU.ActiveCfg = Debug|Any CPU
		{D6F219FC-733B-481F-BF78-D34A7CB893EC}.Debug|Any CPU.Build.0 = Debug|Any CPU
		{D6F219FC-733B-481F-BF78-D34A7CB893EC}.Release|Any CPU.ActiveCfg = Release|Any CPU
		{D6F219FC-733B-481F-BF78-D34A7CB893EC}.Release|Any CPU.Build.0 = Release|Any CPU
		{D6F219FC-733B-481F-BF78-D34A7CB893EC}.ReleaseWithSymbols|Any CPU.ActiveCfg = Release|Any CPU
		{D6F219FC-733B-481F-BF78-D34A7CB893EC}.ReleaseWithSymbols|Any CPU.Build.0 = Release|Any CPU
		{1483085C-F381-4252-B2AE-FFFBF1ABD7A2}.Debug|Any CPU.ActiveCfg = Release|Any CPU
		{1483085C-F381-4252-B2AE-FFFBF1ABD7A2}.Debug|Any CPU.Build.0 = Release|Any CPU
		{1483085C-F381-4252-B2AE-FFFBF1ABD7A2}.Release|Any CPU.ActiveCfg = Release|Any CPU
		{1483085C-F381-4252-B2AE-FFFBF1ABD7A2}.Release|Any CPU.Build.0 = Release|Any CPU
		{1483085C-F381-4252-B2AE-FFFBF1ABD7A2}.ReleaseWithSymbols|Any CPU.ActiveCfg = Release|Any CPU
		{1483085C-F381-4252-B2AE-FFFBF1ABD7A2}.ReleaseWithSymbols|Any CPU.Build.0 = Release|Any CPU
		{25F5D47B-74C1-46EA-8EE1-DDE17E12047A}.Debug|Any CPU.ActiveCfg = Debug|Any CPU
		{25F5D47B-74C1-46EA-8EE1-DDE17E12047A}.Debug|Any CPU.Build.0 = Debug|Any CPU
		{25F5D47B-74C1-46EA-8EE1-DDE17E12047A}.Release|Any CPU.ActiveCfg = Release|Any CPU
		{25F5D47B-74C1-46EA-8EE1-DDE17E12047A}.Release|Any CPU.Build.0 = Release|Any CPU
		{25F5D47B-74C1-46EA-8EE1-DDE17E12047A}.ReleaseWithSymbols|Any CPU.ActiveCfg = Release|Any CPU
		{73CB157C-8882-480E-A70A-23D2A4CBA7E9}.Debug|Any CPU.ActiveCfg = Debug|Any CPU
		{73CB157C-8882-480E-A70A-23D2A4CBA7E9}.Debug|Any CPU.Build.0 = Debug|Any CPU
		{73CB157C-8882-480E-A70A-23D2A4CBA7E9}.Release|Any CPU.ActiveCfg = Release|Any CPU
		{73CB157C-8882-480E-A70A-23D2A4CBA7E9}.Release|Any CPU.Build.0 = Release|Any CPU
		{73CB157C-8882-480E-A70A-23D2A4CBA7E9}.ReleaseWithSymbols|Any CPU.ActiveCfg = Release|Any CPU
		{73CB157C-8882-480E-A70A-23D2A4CBA7E9}.ReleaseWithSymbols|Any CPU.Build.0 = Release|Any CPU
		{E353CD96-8B73-46A1-AE33-3E64CEA1C43F}.Debug|Any CPU.ActiveCfg = Debug|Any CPU
		{E353CD96-8B73-46A1-AE33-3E64CEA1C43F}.Debug|Any CPU.Build.0 = Debug|Any CPU
		{E353CD96-8B73-46A1-AE33-3E64CEA1C43F}.Release|Any CPU.ActiveCfg = Release|Any CPU
		{E353CD96-8B73-46A1-AE33-3E64CEA1C43F}.Release|Any CPU.Build.0 = Release|Any CPU
		{E353CD96-8B73-46A1-AE33-3E64CEA1C43F}.ReleaseWithSymbols|Any CPU.ActiveCfg = Release|Any CPU
		{E353CD96-8B73-46A1-AE33-3E64CEA1C43F}.ReleaseWithSymbols|Any CPU.Build.0 = Release|Any CPU
		{CD19DFB6-2201-431D-9DB3-C8AD6AD629BF}.Debug|Any CPU.ActiveCfg = Debug|Any CPU
		{CD19DFB6-2201-431D-9DB3-C8AD6AD629BF}.Debug|Any CPU.Build.0 = Debug|Any CPU
		{CD19DFB6-2201-431D-9DB3-C8AD6AD629BF}.Release|Any CPU.ActiveCfg = Release|Any CPU
		{CD19DFB6-2201-431D-9DB3-C8AD6AD629BF}.Release|Any CPU.Build.0 = Release|Any CPU
		{CD19DFB6-2201-431D-9DB3-C8AD6AD629BF}.ReleaseWithSymbols|Any CPU.ActiveCfg = Release|Any CPU
		{CD19DFB6-2201-431D-9DB3-C8AD6AD629BF}.ReleaseWithSymbols|Any CPU.Build.0 = Release|Any CPU
		{4F8E1FA6-5D27-49F6-B78B-6C0B98E7FD4C}.Debug|Any CPU.ActiveCfg = Debug|Any CPU
		{4F8E1FA6-5D27-49F6-B78B-6C0B98E7FD4C}.Debug|Any CPU.Build.0 = Debug|Any CPU
		{4F8E1FA6-5D27-49F6-B78B-6C0B98E7FD4C}.Release|Any CPU.ActiveCfg = Release|Any CPU
		{4F8E1FA6-5D27-49F6-B78B-6C0B98E7FD4C}.Release|Any CPU.Build.0 = Release|Any CPU
		{4F8E1FA6-5D27-49F6-B78B-6C0B98E7FD4C}.ReleaseWithSymbols|Any CPU.ActiveCfg = Release|Any CPU
		{4F8E1FA6-5D27-49F6-B78B-6C0B98E7FD4C}.ReleaseWithSymbols|Any CPU.Build.0 = Release|Any CPU
		{7AFF7330-3C9C-4611-B06B-AC7B0301D304}.Debug|Any CPU.ActiveCfg = Debug|Any CPU
		{7AFF7330-3C9C-4611-B06B-AC7B0301D304}.Debug|Any CPU.Build.0 = Debug|Any CPU
		{7AFF7330-3C9C-4611-B06B-AC7B0301D304}.Release|Any CPU.ActiveCfg = Release|Any CPU
		{7AFF7330-3C9C-4611-B06B-AC7B0301D304}.Release|Any CPU.Build.0 = Release|Any CPU
		{7AFF7330-3C9C-4611-B06B-AC7B0301D304}.ReleaseWithSymbols|Any CPU.ActiveCfg = Release|Any CPU
		{9599F439-7526-4C45-A1EB-FDE32648CFCD}.Debug|Any CPU.ActiveCfg = Debug|Any CPU
		{9599F439-7526-4C45-A1EB-FDE32648CFCD}.Debug|Any CPU.Build.0 = Debug|Any CPU
		{9599F439-7526-4C45-A1EB-FDE32648CFCD}.Release|Any CPU.ActiveCfg = Release|Any CPU
		{9599F439-7526-4C45-A1EB-FDE32648CFCD}.Release|Any CPU.Build.0 = Release|Any CPU
		{9599F439-7526-4C45-A1EB-FDE32648CFCD}.ReleaseWithSymbols|Any CPU.ActiveCfg = Release|Any CPU
		{9599F439-7526-4C45-A1EB-FDE32648CFCD}.ReleaseWithSymbols|Any CPU.Build.0 = Release|Any CPU
		{7081036D-4F8C-4A1E-89B6-CE2342E5CD39}.Debug|Any CPU.ActiveCfg = Debug|Any CPU
		{7081036D-4F8C-4A1E-89B6-CE2342E5CD39}.Debug|Any CPU.Build.0 = Debug|Any CPU
		{7081036D-4F8C-4A1E-89B6-CE2342E5CD39}.Release|Any CPU.ActiveCfg = Release|Any CPU
		{7081036D-4F8C-4A1E-89B6-CE2342E5CD39}.Release|Any CPU.Build.0 = Release|Any CPU
		{7081036D-4F8C-4A1E-89B6-CE2342E5CD39}.ReleaseWithSymbols|Any CPU.ActiveCfg = Release|Any CPU
		{7081036D-4F8C-4A1E-89B6-CE2342E5CD39}.ReleaseWithSymbols|Any CPU.Build.0 = Release|Any CPU
		{7A59AE4F-751F-4BE0-BA70-020072F1409E}.Debug|Any CPU.ActiveCfg = Debug|Any CPU
		{7A59AE4F-751F-4BE0-BA70-020072F1409E}.Debug|Any CPU.Build.0 = Debug|Any CPU
		{7A59AE4F-751F-4BE0-BA70-020072F1409E}.Release|Any CPU.ActiveCfg = Release|Any CPU
		{7A59AE4F-751F-4BE0-BA70-020072F1409E}.Release|Any CPU.Build.0 = Release|Any CPU
		{7A59AE4F-751F-4BE0-BA70-020072F1409E}.ReleaseWithSymbols|Any CPU.ActiveCfg = Release|Any CPU
		{7A59AE4F-751F-4BE0-BA70-020072F1409E}.ReleaseWithSymbols|Any CPU.Build.0 = Release|Any CPU
		{7ED1D61C-9396-4663-952D-D2F7DAD19B19}.Debug|Any CPU.ActiveCfg = Debug|Any CPU
		{7ED1D61C-9396-4663-952D-D2F7DAD19B19}.Debug|Any CPU.Build.0 = Debug|Any CPU
		{7ED1D61C-9396-4663-952D-D2F7DAD19B19}.Release|Any CPU.ActiveCfg = Release|Any CPU
		{7ED1D61C-9396-4663-952D-D2F7DAD19B19}.Release|Any CPU.Build.0 = Release|Any CPU
		{7ED1D61C-9396-4663-952D-D2F7DAD19B19}.ReleaseWithSymbols|Any CPU.ActiveCfg = Release|Any CPU
		{7ED1D61C-9396-4663-952D-D2F7DAD19B19}.ReleaseWithSymbols|Any CPU.Build.0 = Release|Any CPU
		{EACB87E8-A5E3-417E-A9EF-B80C2A68C020}.Debug|Any CPU.ActiveCfg = Debug|Any CPU
		{EACB87E8-A5E3-417E-A9EF-B80C2A68C020}.Debug|Any CPU.Build.0 = Debug|Any CPU
		{EACB87E8-A5E3-417E-A9EF-B80C2A68C020}.Release|Any CPU.ActiveCfg = Release|Any CPU
		{EACB87E8-A5E3-417E-A9EF-B80C2A68C020}.Release|Any CPU.Build.0 = Release|Any CPU
		{EACB87E8-A5E3-417E-A9EF-B80C2A68C020}.ReleaseWithSymbols|Any CPU.ActiveCfg = ReleaseWithSymbols|Any CPU
		{EACB87E8-A5E3-417E-A9EF-B80C2A68C020}.ReleaseWithSymbols|Any CPU.Build.0 = ReleaseWithSymbols|Any CPU
		{49F7DDA5-1634-49ED-99FA-74962E43F2D2}.Debug|Any CPU.ActiveCfg = Debug|Any CPU
		{49F7DDA5-1634-49ED-99FA-74962E43F2D2}.Debug|Any CPU.Build.0 = Debug|Any CPU
		{49F7DDA5-1634-49ED-99FA-74962E43F2D2}.Release|Any CPU.ActiveCfg = Release|Any CPU
		{49F7DDA5-1634-49ED-99FA-74962E43F2D2}.Release|Any CPU.Build.0 = Release|Any CPU
		{49F7DDA5-1634-49ED-99FA-74962E43F2D2}.ReleaseWithSymbols|Any CPU.ActiveCfg = ReleaseWithSymbols|Any CPU
		{49F7DDA5-1634-49ED-99FA-74962E43F2D2}.ReleaseWithSymbols|Any CPU.Build.0 = ReleaseWithSymbols|Any CPU
		{4085BA67-60D7-4679-886E-457AAF37EC7B}.Debug|Any CPU.ActiveCfg = Debug|Any CPU
		{4085BA67-60D7-4679-886E-457AAF37EC7B}.Debug|Any CPU.Build.0 = Debug|Any CPU
		{4085BA67-60D7-4679-886E-457AAF37EC7B}.Release|Any CPU.ActiveCfg = Release|Any CPU
		{4085BA67-60D7-4679-886E-457AAF37EC7B}.Release|Any CPU.Build.0 = Release|Any CPU
		{4085BA67-60D7-4679-886E-457AAF37EC7B}.ReleaseWithSymbols|Any CPU.ActiveCfg = Release|Any CPU
		{4085BA67-60D7-4679-886E-457AAF37EC7B}.ReleaseWithSymbols|Any CPU.Build.0 = Release|Any CPU
		{C93E423F-C90F-47F9-A2CF-BFF3E3CF6896}.Debug|Any CPU.ActiveCfg = Debug|Any CPU
		{C93E423F-C90F-47F9-A2CF-BFF3E3CF6896}.Debug|Any CPU.Build.0 = Debug|Any CPU
		{C93E423F-C90F-47F9-A2CF-BFF3E3CF6896}.Release|Any CPU.ActiveCfg = Release|Any CPU
		{C93E423F-C90F-47F9-A2CF-BFF3E3CF6896}.Release|Any CPU.Build.0 = Release|Any CPU
		{C93E423F-C90F-47F9-A2CF-BFF3E3CF6896}.ReleaseWithSymbols|Any CPU.ActiveCfg = Release|Any CPU
		{C93E423F-C90F-47F9-A2CF-BFF3E3CF6896}.ReleaseWithSymbols|Any CPU.Build.0 = Release|Any CPU
		{6702ADDA-3F8F-43D0-9C7E-1E7FDBBE983F}.Debug|Any CPU.ActiveCfg = Debug|Any CPU
		{6702ADDA-3F8F-43D0-9C7E-1E7FDBBE983F}.Debug|Any CPU.Build.0 = Debug|Any CPU
		{6702ADDA-3F8F-43D0-9C7E-1E7FDBBE983F}.Release|Any CPU.ActiveCfg = Release|Any CPU
		{6702ADDA-3F8F-43D0-9C7E-1E7FDBBE983F}.Release|Any CPU.Build.0 = Release|Any CPU
		{6702ADDA-3F8F-43D0-9C7E-1E7FDBBE983F}.ReleaseWithSymbols|Any CPU.ActiveCfg = Release|Any CPU
		{6702ADDA-3F8F-43D0-9C7E-1E7FDBBE983F}.ReleaseWithSymbols|Any CPU.Build.0 = Release|Any CPU
		{E4C80E39-8E55-4528-AE09-1558CCBD846B}.Debug|Any CPU.ActiveCfg = Debug|Any CPU
		{E4C80E39-8E55-4528-AE09-1558CCBD846B}.Debug|Any CPU.Build.0 = Debug|Any CPU
		{E4C80E39-8E55-4528-AE09-1558CCBD846B}.Release|Any CPU.ActiveCfg = Release|Any CPU
		{E4C80E39-8E55-4528-AE09-1558CCBD846B}.Release|Any CPU.Build.0 = Release|Any CPU
		{E4C80E39-8E55-4528-AE09-1558CCBD846B}.ReleaseWithSymbols|Any CPU.ActiveCfg = Release|Any CPU
		{E4C80E39-8E55-4528-AE09-1558CCBD846B}.ReleaseWithSymbols|Any CPU.Build.0 = Release|Any CPU
		{9DDB7C0E-1F00-4EFC-8D11-4BA6A00FB9B4}.Debug|Any CPU.ActiveCfg = Debug|Any CPU
		{9DDB7C0E-1F00-4EFC-8D11-4BA6A00FB9B4}.Debug|Any CPU.Build.0 = Debug|Any CPU
		{9DDB7C0E-1F00-4EFC-8D11-4BA6A00FB9B4}.Release|Any CPU.ActiveCfg = Release|Any CPU
		{9DDB7C0E-1F00-4EFC-8D11-4BA6A00FB9B4}.Release|Any CPU.Build.0 = Release|Any CPU
		{9DDB7C0E-1F00-4EFC-8D11-4BA6A00FB9B4}.ReleaseWithSymbols|Any CPU.ActiveCfg = Release|Any CPU
		{9DDB7C0E-1F00-4EFC-8D11-4BA6A00FB9B4}.ReleaseWithSymbols|Any CPU.Build.0 = Release|Any CPU
		{F7907A0A-B75F-400B-9E78-BFAD00DB4D6B}.Debug|Any CPU.ActiveCfg = Debug|Any CPU
		{F7907A0A-B75F-400B-9E78-BFAD00DB4D6B}.Debug|Any CPU.Build.0 = Debug|Any CPU
		{F7907A0A-B75F-400B-9E78-BFAD00DB4D6B}.Release|Any CPU.ActiveCfg = Release|Any CPU
		{F7907A0A-B75F-400B-9E78-BFAD00DB4D6B}.Release|Any CPU.Build.0 = Release|Any CPU
		{F7907A0A-B75F-400B-9E78-BFAD00DB4D6B}.ReleaseWithSymbols|Any CPU.ActiveCfg = Release|Any CPU
		{F7907A0A-B75F-400B-9E78-BFAD00DB4D6B}.ReleaseWithSymbols|Any CPU.Build.0 = Release|Any CPU
		{FF2C1828-20CA-47C0-9B69-85694CCCECD3}.Debug|Any CPU.ActiveCfg = Debug|Any CPU
		{FF2C1828-20CA-47C0-9B69-85694CCCECD3}.Debug|Any CPU.Build.0 = Debug|Any CPU
		{FF2C1828-20CA-47C0-9B69-85694CCCECD3}.Release|Any CPU.ActiveCfg = Release|Any CPU
		{FF2C1828-20CA-47C0-9B69-85694CCCECD3}.Release|Any CPU.Build.0 = Release|Any CPU
		{FF2C1828-20CA-47C0-9B69-85694CCCECD3}.ReleaseWithSymbols|Any CPU.ActiveCfg = Release|Any CPU
		{FF2C1828-20CA-47C0-9B69-85694CCCECD3}.ReleaseWithSymbols|Any CPU.Build.0 = Release|Any CPU
		{B3A4F95D-A8AC-4094-9DDA-22DC972D7E5D}.Debug|Any CPU.ActiveCfg = Debug|Any CPU
		{B3A4F95D-A8AC-4094-9DDA-22DC972D7E5D}.Debug|Any CPU.Build.0 = Debug|Any CPU
		{B3A4F95D-A8AC-4094-9DDA-22DC972D7E5D}.Release|Any CPU.ActiveCfg = Release|Any CPU
		{B3A4F95D-A8AC-4094-9DDA-22DC972D7E5D}.Release|Any CPU.Build.0 = Release|Any CPU
		{B3A4F95D-A8AC-4094-9DDA-22DC972D7E5D}.ReleaseWithSymbols|Any CPU.ActiveCfg = Release|Any CPU
		{B3A4F95D-A8AC-4094-9DDA-22DC972D7E5D}.ReleaseWithSymbols|Any CPU.Build.0 = Release|Any CPU
		{902D95B5-10A9-4EBE-9DBD-DDB78375551B}.Debug|Any CPU.ActiveCfg = Debug|Any CPU
		{902D95B5-10A9-4EBE-9DBD-DDB78375551B}.Debug|Any CPU.Build.0 = Debug|Any CPU
		{902D95B5-10A9-4EBE-9DBD-DDB78375551B}.Release|Any CPU.ActiveCfg = Release|Any CPU
		{902D95B5-10A9-4EBE-9DBD-DDB78375551B}.Release|Any CPU.Build.0 = Release|Any CPU
		{902D95B5-10A9-4EBE-9DBD-DDB78375551B}.ReleaseWithSymbols|Any CPU.ActiveCfg = Release|Any CPU
		{902D95B5-10A9-4EBE-9DBD-DDB78375551B}.ReleaseWithSymbols|Any CPU.Build.0 = Release|Any CPU
		{55FF8936-D9BC-4AC6-AA29-FC0D7A7640EC}.Debug|Any CPU.ActiveCfg = Debug|Any CPU
		{55FF8936-D9BC-4AC6-AA29-FC0D7A7640EC}.Debug|Any CPU.Build.0 = Debug|Any CPU
		{55FF8936-D9BC-4AC6-AA29-FC0D7A7640EC}.Release|Any CPU.ActiveCfg = Release|Any CPU
		{55FF8936-D9BC-4AC6-AA29-FC0D7A7640EC}.Release|Any CPU.Build.0 = Release|Any CPU
		{55FF8936-D9BC-4AC6-AA29-FC0D7A7640EC}.ReleaseWithSymbols|Any CPU.ActiveCfg = Release|Any CPU
		{55FF8936-D9BC-4AC6-AA29-FC0D7A7640EC}.ReleaseWithSymbols|Any CPU.Build.0 = Release|Any CPU
	EndGlobalSection
	GlobalSection(SolutionProperties) = preSolution
		HideSolutionNode = FALSE
	EndGlobalSection
	GlobalSection(TestCaseManagementSettings) = postSolution
		CategoryFile = Connectome Project.vsmdi
	EndGlobalSection
EndGlobal
