
Microsoft Visual Studio Solution File, Format Version 12.00
# Visual Studio Version 16
VisualStudioVersion = 16.0.31729.503
MinimumVisualStudioVersion = 10.0.40219.1
Project("{9A19103F-16F7-4668-BE54-9A1E7A4F7556}") = "GrpcAnnotationService", "GrpcAnnotationService\GrpcAnnotationService.csproj", "{EAE27599-90D4-49B8-B6DC-1DC13D17CCAE}"
EndProject
Project("{9A19103F-16F7-4668-BE54-9A1E7A4F7556}") = "ConnectomeDataModelCore", "ConnectomeDataModelCore\ConnectomeDataModelCore.csproj", "{AC62BC3F-CDA3-4EE9-B9B0-E903D6ED816A}"
EndProject
Project("{9A19103F-16F7-4668-BE54-9A1E7A4F7556}") = "ConnectomeDataModelCoreTests", "ConnectomeDataModelCoreTests\ConnectomeDataModelCoreTests.csproj", "{8BE14D62-16D9-4EAD-9CF3-883933E27A97}"
EndProject
Project("{9A19103F-16F7-4668-BE54-9A1E7A4F7556}") = "AnnotationServiceTypes.gRPC", "..\gRPCAnnotationServiceTypes\AnnotationServiceTypes.gRPC.csproj", "{6FA0EB90-8C27-4200-9254-C61F453530C1}"
EndProject
Global
	GlobalSection(SolutionConfigurationPlatforms) = preSolution
		Debug|Any CPU = Debug|Any CPU
		Release|Any CPU = Release|Any CPU
	EndGlobalSection
	GlobalSection(ProjectConfigurationPlatforms) = postSolution
		{EAE27599-90D4-49B8-B6DC-1DC13D17CCAE}.Debug|Any CPU.ActiveCfg = Debug|Any CPU
		{EAE27599-90D4-49B8-B6DC-1DC13D17CCAE}.Debug|Any CPU.Build.0 = Debug|Any CPU
		{EAE27599-90D4-49B8-B6DC-1DC13D17CCAE}.Release|Any CPU.ActiveCfg = Release|Any CPU
		{EAE27599-90D4-49B8-B6DC-1DC13D17CCAE}.Release|Any CPU.Build.0 = Release|Any CPU
		{AC62BC3F-CDA3-4EE9-B9B0-E903D6ED816A}.Debug|Any CPU.ActiveCfg = Debug|Any CPU
		{AC62BC3F-CDA3-4EE9-B9B0-E903D6ED816A}.Debug|Any CPU.Build.0 = Debug|Any CPU
		{AC62BC3F-CDA3-4EE9-B9B0-E903D6ED816A}.Release|Any CPU.ActiveCfg = Release|Any CPU
		{AC62BC3F-CDA3-4EE9-B9B0-E903D6ED816A}.Release|Any CPU.Build.0 = Release|Any CPU
		{8BE14D62-16D9-4EAD-9CF3-883933E27A97}.Debug|Any CPU.ActiveCfg = Debug|Any CPU
		{8BE14D62-16D9-4EAD-9CF3-883933E27A97}.Debug|Any CPU.Build.0 = Debug|Any CPU
		{8BE14D62-16D9-4EAD-9CF3-883933E27A97}.Release|Any CPU.ActiveCfg = Release|Any CPU
		{8BE14D62-16D9-4EAD-9CF3-883933E27A97}.Release|Any CPU.Build.0 = Release|Any CPU
		{6FA0EB90-8C27-4200-9254-C61F453530C1}.Debug|Any CPU.ActiveCfg = Debug|Any CPU
		{6FA0EB90-8C27-4200-9254-C61F453530C1}.Debug|Any CPU.Build.0 = Debug|Any CPU
		{6FA0EB90-8C27-4200-9254-C61F453530C1}.Release|Any CPU.ActiveCfg = Release|Any CPU
		{6FA0EB90-8C27-4200-9254-C61F453530C1}.Release|Any CPU.Build.0 = Release|Any CPU
	EndGlobalSection
	GlobalSection(SolutionProperties) = preSolution
		HideSolutionNode = FALSE
	EndGlobalSection
	GlobalSection(ExtensibilityGlobals) = postSolution
		SolutionGuid = {1B4F24C7-A8A5-478A-87E6-99B300A20F78}
	EndGlobalSection
EndGlobal
