
Microsoft Visual Studio Solution File, Format Version 12.00
# Visual Studio 2012
Project("{FAE04EC0-301F-11D3-BF4B-00C04F79EFBC}") = "ConnectomeViz", "ConnectomeViz\ConnectomeViz.csproj", "{3EC2290B-1E4C-4B71-86D3-CE7CAE9B99F9}"
EndProject
Project("{FAE04EC0-301F-11D3-BF4B-00C04F79EFBC}") = "ConnectomeViz.Tests", "ConnectomeViz.Tests\ConnectomeViz.Tests.csproj", "{AC1876D3-B41F-4674-B4C7-78B622847B87}"
EndProject
Project("{FAE04EC0-301F-11D3-BF4B-00C04F79EFBC}") = "AnnotationUtils", "AnnotationGraphLib\AnnotationUtils.csproj", "{A89A628B-3FFA-4271-B99A-E45C3D72D3E3}"
EndProject
Project("{FAE04EC0-301F-11D3-BF4B-00C04F79EFBC}") = "AnnotationUtilsTests", "AnnotationUtilsTests\AnnotationUtilsTests.csproj", "{B80BF900-A7CF-4A14-8A96-8C590A2435D4}"
EndProject
Project("{FAE04EC0-301F-11D3-BF4B-00C04F79EFBC}") = "GraphLib", "..\GraphLib\GraphLib.csproj", "{D6F219FC-733B-481F-BF78-D34A7CB893EC}"
EndProject
Global
	GlobalSection(SolutionConfigurationPlatforms) = preSolution
		Debug|Any CPU = Debug|Any CPU
		Release|Any CPU = Release|Any CPU
	EndGlobalSection
	GlobalSection(ProjectConfigurationPlatforms) = postSolution
		{3EC2290B-1E4C-4B71-86D3-CE7CAE9B99F9}.Debug|Any CPU.ActiveCfg = Debug|Any CPU
		{3EC2290B-1E4C-4B71-86D3-CE7CAE9B99F9}.Debug|Any CPU.Build.0 = Debug|Any CPU
		{3EC2290B-1E4C-4B71-86D3-CE7CAE9B99F9}.Release|Any CPU.ActiveCfg = Release|Any CPU
		{3EC2290B-1E4C-4B71-86D3-CE7CAE9B99F9}.Release|Any CPU.Build.0 = Release|Any CPU
		{AC1876D3-B41F-4674-B4C7-78B622847B87}.Debug|Any CPU.ActiveCfg = Debug|Any CPU
		{AC1876D3-B41F-4674-B4C7-78B622847B87}.Debug|Any CPU.Build.0 = Debug|Any CPU
		{AC1876D3-B41F-4674-B4C7-78B622847B87}.Release|Any CPU.ActiveCfg = Release|Any CPU
		{AC1876D3-B41F-4674-B4C7-78B622847B87}.Release|Any CPU.Build.0 = Release|Any CPU
		{A89A628B-3FFA-4271-B99A-E45C3D72D3E3}.Debug|Any CPU.ActiveCfg = Debug|Any CPU
		{A89A628B-3FFA-4271-B99A-E45C3D72D3E3}.Debug|Any CPU.Build.0 = Debug|Any CPU
		{A89A628B-3FFA-4271-B99A-E45C3D72D3E3}.Release|Any CPU.ActiveCfg = Release|Any CPU
		{A89A628B-3FFA-4271-B99A-E45C3D72D3E3}.Release|Any CPU.Build.0 = Release|Any CPU
		{B80BF900-A7CF-4A14-8A96-8C590A2435D4}.Debug|Any CPU.ActiveCfg = Debug|Any CPU
		{B80BF900-A7CF-4A14-8A96-8C590A2435D4}.Debug|Any CPU.Build.0 = Debug|Any CPU
		{B80BF900-A7CF-4A14-8A96-8C590A2435D4}.Release|Any CPU.ActiveCfg = Release|Any CPU
		{B80BF900-A7CF-4A14-8A96-8C590A2435D4}.Release|Any CPU.Build.0 = Release|Any CPU
		{D6F219FC-733B-481F-BF78-D34A7CB893EC}.Debug|Any CPU.ActiveCfg = Debug|Any CPU
		{D6F219FC-733B-481F-BF78-D34A7CB893EC}.Debug|Any CPU.Build.0 = Debug|Any CPU
		{D6F219FC-733B-481F-BF78-D34A7CB893EC}.Release|Any CPU.ActiveCfg = Release|Any CPU
		{D6F219FC-733B-481F-BF78-D34A7CB893EC}.Release|Any CPU.Build.0 = Release|Any CPU
	EndGlobalSection
	GlobalSection(SolutionProperties) = preSolution
		HideSolutionNode = FALSE
	EndGlobalSection
EndGlobal
